<?xml version="1.0" encoding="utf-8"?>
<Project ToolsVersion="4.0" xmlns="http://schemas.microsoft.com/developer/msbuild/2003">
  <ItemGroup>
    <Filter Include="Source Files">
      <UniqueIdentifier>{4FC737F1-C7A5-4376-A066-2A32D752A2FF}</UniqueIdentifier>
      <Extensions>cpp;c;cc;cxx;def;odl;idl;hpj;bat;asm;asmx</Extensions>
    </Filter>
    <Filter Include="Header Files">
      <UniqueIdentifier>{93995380-89BD-4b04-88EB-625FBE52EBFB}</UniqueIdentifier>
      <Extensions>h;hpp;hxx;hm;inl;inc;xsd</Extensions>
    </Filter>
    <Filter Include="Resource Files">
      <UniqueIdentifier>{67DA6AB6-F800-4c08-8B7A-83BB121AAD01}</UniqueIdentifier>
      <Extensions>rc;ico;cur;bmp;dlg;rc2;rct;bin;rgs;gif;jpg;jpeg;jpe;resx;tiff;tif;png;wav</Extensions>
    </Filter>
  </ItemGroup>
  <ItemGroup>
    <ClCompile Include="AboutDlg.cpp">
      <Filter>Source Files</Filter>
    </ClCompile>
    <ClCompile Include="..\Utils\MiscUI\BaseDialog.cpp">
      <Filter>Source Files</Filter>
    </ClCompile>
    <ClCompile Include="..\Utils\MiscUI\BaseWindow.cpp">
      <Filter>Source Files</Filter>
    </ClCompile>
    <ClCompile Include="..\Utils\CmdLineParser.cpp">
      <Filter>Source Files</Filter>
    </ClCompile>
    <ClCompile Include="..\Utils\MiscUI\hyperlink_base.cpp">
      <Filter>Source Files</Filter>
    </ClCompile>
    <ClCompile Include="..\Utils\LangDll.cpp">
      <Filter>Source Files</Filter>
    </ClCompile>
    <ClCompile Include="MainWindow.cpp">
      <Filter>Source Files</Filter>
    </ClCompile>
    <ClCompile Include="NiceTrackbar.cpp">
      <Filter>Source Files</Filter>
    </ClCompile>
    <ClCompile Include="..\Utils\MiscUI\Picture.cpp">
      <Filter>Source Files</Filter>
    </ClCompile>
    <ClCompile Include="PicWindow.cpp">
      <Filter>Source Files</Filter>
    </ClCompile>
    <ClCompile Include="..\Utils\Registry.cpp">
      <Filter>Source Files</Filter>
    </ClCompile>
    <ClCompile Include="stdafx.cpp">
      <Filter>Source Files</Filter>
    </ClCompile>
    <ClCompile Include="..\Utils\SysInfo.cpp">
      <Filter>Source Files</Filter>
    </ClCompile>
    <ClCompile Include="..\Utils\TaskbarUUID.cpp">
      <Filter>Source Files</Filter>
    </ClCompile>
    <ClCompile Include="TortoiseIDiff.cpp">
      <Filter>Source Files</Filter>
    </ClCompile>
  </ItemGroup>
  <ItemGroup>
    <ClInclude Include="AboutDlg.h">
      <Filter>Header Files</Filter>
    </ClInclude>
    <ClInclude Include="..\Utils\MiscUI\BaseDialog.h">
      <Filter>Header Files</Filter>
    </ClInclude>
    <ClInclude Include="..\Utils\MiscUI\BaseWindow.h">
      <Filter>Header Files</Filter>
    </ClInclude>
    <ClInclude Include="..\Utils\CmdLineParser.h">
      <Filter>Header Files</Filter>
    </ClInclude>
    <ClInclude Include="..\Utils\MiscUI\hyperlink_base.h">
      <Filter>Header Files</Filter>
    </ClInclude>
    <ClInclude Include="..\Utils\LangDll.h">
      <Filter>Header Files</Filter>
    </ClInclude>
    <ClInclude Include="MainWindow.h">
      <Filter>Header Files</Filter>
    </ClInclude>
    <ClInclude Include="..\Utils\MiscUI\MemDC.h">
      <Filter>Header Files</Filter>
    </ClInclude>
    <ClInclude Include="NiceTrackbar.h">
      <Filter>Header Files</Filter>
    </ClInclude>
    <ClInclude Include="..\Utils\MiscUI\Picture.h">
      <Filter>Header Files</Filter>
    </ClInclude>
    <ClInclude Include="PicWindow.h">
      <Filter>Header Files</Filter>
    </ClInclude>
    <ClInclude Include="..\Utils\registry.h">
      <Filter>Header Files</Filter>
    </ClInclude>
    <ClInclude Include="Resource.h">
      <Filter>Header Files</Filter>
    </ClInclude>
    <ClInclude Include="stdafx.h">
      <Filter>Header Files</Filter>
    </ClInclude>
    <ClInclude Include="..\Utils\SysInfo.h">
      <Filter>Header Files</Filter>
    </ClInclude>
    <ClInclude Include="TortoiseIDiff.h">
      <Filter>Header Files</Filter>
    </ClInclude>
  </ItemGroup>
  <ItemGroup>
    <Image Include="alphatoggle.ico">
      <Filter>Resource Files</Filter>
    </Image>
    <Image Include="blend.ico">
      <Filter>Resource Files</Filter>
    </Image>
    <Image Include="fitinwindow.ico">
      <Filter>Resource Files</Filter>
    </Image>
    <Image Include="fittogether.ico">
      <Filter>Resource Files</Filter>
    </Image>
    <Image Include="imginfo.ico">
      <Filter>Resource Files</Filter>
    </Image>
    <Image Include="link.ico">
      <Filter>Resource Files</Filter>
    </Image>
    <Image Include="origsize.ico">
      <Filter>Resource Files</Filter>
    </Image>
    <Image Include="overlap.ico">
      <Filter>Resource Files</Filter>
    </Image>
    <Image Include="player_fwd.ico">
      <Filter>Resource Files</Filter>
    </Image>
    <Image Include="player_rew.ico">
      <Filter>Resource Files</Filter>
    </Image>
    <Image Include="player_start.ico">
      <Filter>Resource Files</Filter>
    </Image>
    <Image Include="player_stop.ico">
      <Filter>Resource Files</Filter>
    </Image>
    <Image Include="TortoiseIDiff.ico">
      <Filter>Resource Files</Filter>
    </Image>
    <Image Include="vertical.ico">
      <Filter>Resource Files</Filter>
    </Image>
    <Image Include="zoomin.ico">
      <Filter>Resource Files</Filter>
    </Image>
    <Image Include="zoomout.ico">
      <Filter>Resource Files</Filter>
    </Image>
  </ItemGroup>
  <ItemGroup>
    <None Include="..\Resources\pan.cur">
      <Filter>Resource Files</Filter>
    </None>
    <None Include="..\Resources\pandown.cur">
      <Filter>Resource Files</Filter>
    </None>
  </ItemGroup>
  <ItemGroup>
    <ResourceCompile Include="TortoiseIDiff.rc">
      <Filter>Resource Files</Filter>
    </ResourceCompile>
  </ItemGroup>
</Project>