
Microsoft Visual Studio Solution File, Format Version 10.00
# Visual Studio 2008
Project("{8BC9CEB8-8B4A-11D0-8D11-00A0C91BC942}") = "CrashHandler", "CrashHandler\CrashHandler.vcxproj", "{17308759-20C0-493C-8190-06224DBCFD88}"
EndProject
Project("{8BC9CEB8-8B4A-11D0-8D11-00A0C91BC942}") = "DumpUploaderServiceLib", "DumpUploaderServiceLib\DumpUploaderServiceLib.vcxproj", "{EEA8E6F4-76F0-42F7-A139-725C0B368A36}"
EndProject
Project("{8BC9CEB8-8B4A-11D0-8D11-00A0C91BC942}") = "SendRpt", "SendRpt\SendRpt.vcxproj", "{60557EDD-7D52-4200-8884-7541105387F9}"
	ProjectSection(ProjectDependencies) = postProject
		{4137C5C7-7E4D-4071-ADA2-7052550A9E5D} = {4137C5C7-7E4D-4071-ADA2-7052550A9E5D}
	EndProjectSection
EndProject
Project("{8BC9CEB8-8B4A-11D0-8D11-00A0C91BC942}") = "Zlib_static", "..\CommonLibs\Zlib\Zlib_static.vcxproj", "{4137C5C7-7E4D-4071-ADA2-7052550A9E5D}"
EndProject
Project("{2150E333-8FDC-42A3-9474-1A3956D46DE8}") = "CrashServerSDK", "CrashServerSDK", "{6BCA4F01-15AF-4B1F-9971-695900D20EEA}"
EndProject
Project("{2150E333-8FDC-42A3-9474-1A3956D46DE8}") = "CommonLibs", "CommonLibs", "{BE3FBB45-E02E-4024-A799-F048C2854360}"
EndProject
Project("{8BC9CEB8-8B4A-11D0-8D11-00A0C91BC942}") = "SendRptM", "SendRpt\SendRptM.vcxproj", "{944584E3-CE8D-42B6-AEAF-12F44FB15F13}"
EndProject
Global
	GlobalSection(SolutionConfigurationPlatforms) = preSolution
		Debug|Win32 = Debug|Win32
		Debug|x64 = Debug|x64
		Release|Win32 = Release|Win32
		Release|x64 = Release|x64
	EndGlobalSection
	GlobalSection(ProjectConfigurationPlatforms) = postSolution
		{17308759-20C0-493C-8190-06224DBCFD88}.Debug|Win32.ActiveCfg = Debug|Win32
		{17308759-20C0-493C-8190-06224DBCFD88}.Debug|Win32.Build.0 = Debug|Win32
		{17308759-20C0-493C-8190-06224DBCFD88}.Debug|x64.ActiveCfg = Debug|x64
		{17308759-20C0-493C-8190-06224DBCFD88}.Debug|x64.Build.0 = Debug|x64
		{17308759-20C0-493C-8190-06224DBCFD88}.Release|Win32.ActiveCfg = Release|Win32
		{17308759-20C0-493C-8190-06224DBCFD88}.Release|Win32.Build.0 = Release|Win32
		{17308759-20C0-493C-8190-06224DBCFD88}.Release|x64.ActiveCfg = Release|x64
		{17308759-20C0-493C-8190-06224DBCFD88}.Release|x64.Build.0 = Release|x64
		{EEA8E6F4-76F0-42F7-A139-725C0B368A36}.Debug|Win32.ActiveCfg = Debug|Win32
		{EEA8E6F4-76F0-42F7-A139-725C0B368A36}.Debug|Win32.Build.0 = Debug|Win32
		{EEA8E6F4-76F0-42F7-A139-725C0B368A36}.Debug|x64.ActiveCfg = Debug|x64
		{EEA8E6F4-76F0-42F7-A139-725C0B368A36}.Debug|x64.Build.0 = Debug|x64
		{EEA8E6F4-76F0-42F7-A139-725C0B368A36}.Release|Win32.ActiveCfg = Release|Win32
		{EEA8E6F4-76F0-42F7-A139-725C0B368A36}.Release|Win32.Build.0 = Release|Win32
		{EEA8E6F4-76F0-42F7-A139-725C0B368A36}.Release|x64.ActiveCfg = Release|x64
		{EEA8E6F4-76F0-42F7-A139-725C0B368A36}.Release|x64.Build.0 = Release|x64
		{60557EDD-7D52-4200-8884-7541105387F9}.Debug|Win32.ActiveCfg = Debug|Win32
		{60557EDD-7D52-4200-8884-7541105387F9}.Debug|Win32.Build.0 = Debug|Win32
		{60557EDD-7D52-4200-8884-7541105387F9}.Debug|x64.ActiveCfg = Debug|x64
		{60557EDD-7D52-4200-8884-7541105387F9}.Debug|x64.Build.0 = Debug|x64
		{60557EDD-7D52-4200-8884-7541105387F9}.Release|Win32.ActiveCfg = Release|Win32
		{60557EDD-7D52-4200-8884-7541105387F9}.Release|Win32.Build.0 = Release|Win32
		{60557EDD-7D52-4200-8884-7541105387F9}.Release|x64.ActiveCfg = Release|x64
		{60557EDD-7D52-4200-8884-7541105387F9}.Release|x64.Build.0 = Release|x64
		{4137C5C7-7E4D-4071-ADA2-7052550A9E5D}.Debug|Win32.ActiveCfg = Debug|Win32
		{4137C5C7-7E4D-4071-ADA2-7052550A9E5D}.Debug|Win32.Build.0 = Debug|Win32
		{4137C5C7-7E4D-4071-ADA2-7052550A9E5D}.Debug|x64.ActiveCfg = Debug|x64
		{4137C5C7-7E4D-4071-ADA2-7052550A9E5D}.Debug|x64.Build.0 = Debug|x64
		{4137C5C7-7E4D-4071-ADA2-7052550A9E5D}.Release|Win32.ActiveCfg = Release|Win32
		{4137C5C7-7E4D-4071-ADA2-7052550A9E5D}.Release|Win32.Build.0 = Release|Win32
		{4137C5C7-7E4D-4071-ADA2-7052550A9E5D}.Release|x64.ActiveCfg = Release|x64
		{4137C5C7-7E4D-4071-ADA2-7052550A9E5D}.Release|x64.Build.0 = Release|x64
		{944584E3-CE8D-42B6-AEAF-12F44FB15F13}.Debug|Win32.ActiveCfg = Debug|Win32
		{944584E3-CE8D-42B6-AEAF-12F44FB15F13}.Debug|Win32.Build.0 = Debug|Win32
		{944584E3-CE8D-42B6-AEAF-12F44FB15F13}.Debug|x64.ActiveCfg = Debug|x64
		{944584E3-CE8D-42B6-AEAF-12F44FB15F13}.Debug|x64.Build.0 = Debug|x64
		{944584E3-CE8D-42B6-AEAF-12F44FB15F13}.Release|Win32.ActiveCfg = Release|Win32
		{944584E3-CE8D-42B6-AEAF-12F44FB15F13}.Release|Win32.Build.0 = Release|Win32
		{944584E3-CE8D-42B6-AEAF-12F44FB15F13}.Release|x64.ActiveCfg = Release|x64
		{944584E3-CE8D-42B6-AEAF-12F44FB15F13}.Release|x64.Build.0 = Release|x64
	EndGlobalSection
	GlobalSection(SolutionProperties) = preSolution
		HideSolutionNode = FALSE
	EndGlobalSection
	GlobalSection(NestedProjects) = preSolution
		{EEA8E6F4-76F0-42F7-A139-725C0B368A36} = {6BCA4F01-15AF-4B1F-9971-695900D20EEA}
		{60557EDD-7D52-4200-8884-7541105387F9} = {6BCA4F01-15AF-4B1F-9971-695900D20EEA}
		{17308759-20C0-493C-8190-06224DBCFD88} = {6BCA4F01-15AF-4B1F-9971-695900D20EEA}
		{944584E3-CE8D-42B6-AEAF-12F44FB15F13} = {6BCA4F01-15AF-4B1F-9971-695900D20EEA}
		{4137C5C7-7E4D-4071-ADA2-7052550A9E5D} = {BE3FBB45-E02E-4024-A799-F048C2854360}
	EndGlobalSection
EndGlobal
