<?xml version="1.0" encoding="utf-8"?>
<Project ToolsVersion="4.0" xmlns="http://schemas.microsoft.com/developer/msbuild/2003">
  <ItemGroup>
    <Filter Include="Translation Files">
      <UniqueIdentifier>{4FC737F1-C7A5-4376-A066-2A32D752A2FF}</UniqueIdentifier>
      <Extensions>cpp;c;cc;cxx;def;odl;idl;hpj;bat;asm;asmx</Extensions>
    </Filter>
  </ItemGroup>
  <ItemGroup>
    <None Include="Makefile" />
    <None Include="Tortoise_ko_KR.po">
      <Filter>Translation Files</Filter>
    </None>
    <None Include="Tortoise_lt_LT.po">
      <Filter>Translation Files</Filter>
    </None>
    <None Include="Tortoise_pl_PL.po">
      <Filter>Translation Files</Filter>
    </None>
    <None Include="Tortoise_pt_BR.po">
      <Filter>Translation Files</Filter>
    </None>
    <None Include="Tortoise_ru.po">
      <Filter>Translation Files</Filter>
    </None>
    <None Include="Tortoise_sv.po">
      <Filter>Translation Files</Filter>
    </None>
    <None Include="Tortoise_tr.po">
      <Filter>Translation Files</Filter>
    </None>
    <None Include="Tortoise_zh_CN.po">
      <Filter>Translation Files</Filter>
    </None>
    <None Include="Tortoise_zh_TW.po">
      <Filter>Translation Files</Filter>
    </None>
    <None Include="Tortoise_cs.po">
      <Filter>Translation Files</Filter>
    </None>
    <None Include="Tortoise_de.po">
      <Filter>Translation Files</Filter>
    </None>
    <None Include="Tortoise_es_ES.po">
      <Filter>Translation Files</Filter>
    </None>
    <None Include="Tortoise_fr.po">
      <Filter>Translation Files</Filter>
    </None>
    <None Include="Tortoise_it_IT.po">
      <Filter>Translation Files</Filter>
    </None>
    <None Include="Tortoise_ja.po">
      <Filter>Translation Files</Filter>
    </None>
    <None Include="build-lang.cmd" />
    <None Include="Tortoise_bg_BG.po">
      <Filter>Translation Files</Filter>
    </None>
  </ItemGroup>
</Project>