<?xml version="1.0" encoding="utf-8"?>
<Project ToolsVersion="4.0" xmlns="http://schemas.microsoft.com/developer/msbuild/2003">
  <ItemGroup>
    <Filter Include="Source Files">
      <UniqueIdentifier>{e5eb8816-f101-41cd-9ff4-fc79030e06a2}</UniqueIdentifier>
      <Extensions>cpp;c;cxx;def;odl;idl;hpj;bat;asm</Extensions>
    </Filter>
    <Filter Include="Header Files">
      <UniqueIdentifier>{577c6065-b630-411b-a239-79faa79ffe69}</UniqueIdentifier>
      <Extensions>h;hpp;hxx;hm;inl;inc</Extensions>
    </Filter>
    <Filter Include="Resource Files">
      <UniqueIdentifier>{2d65adcd-634d-4948-9ece-1c3e524717e1}</UniqueIdentifier>
      <Extensions>rc;ico;cur;bmp;dlg;rc2;rct;bin;rgs;jpg;jpeg;jpe;manifest</Extensions>
    </Filter>
    <Filter Include="Utils">
      <UniqueIdentifier>{bb7d39c7-8875-46d6-b869-c4b7c19d17c8}</UniqueIdentifier>
    </Filter>
    <Filter Include="Utils\MiscUI">
      <UniqueIdentifier>{47668c56-a66c-4f37-aa34-40a0426a5681}</UniqueIdentifier>
    </Filter>
    <Filter Include="Git">
      <UniqueIdentifier>{ed42a798-888c-441e-aaa1-ebd1d2d3997f}</UniqueIdentifier>
    </Filter>
    <Filter Include="TGitCache">
      <UniqueIdentifier>{df83ce5c-babd-4e14-8d91-36e2910a1323}</UniqueIdentifier>
    </Filter>
  </ItemGroup>
  <ItemGroup>
    <ClCompile Include="ContextMenu.cpp">
      <Filter>Source Files</Filter>
    </ClCompile>
    <ClCompile Include="GITPropertyPage.cpp">
      <Filter>Source Files</Filter>
    </ClCompile>
    <ClCompile Include="IconOverlay.cpp">
      <Filter>Source Files</Filter>
    </ClCompile>
    <ClCompile Include="ItemIDList.cpp">
      <Filter>Source Files</Filter>
    </ClCompile>
    <ClCompile Include="MenuInfo.cpp">
      <Filter>Source Files</Filter>
    </ClCompile>
    <ClCompile Include="PIDL.cpp">
      <Filter>Source Files</Filter>
    </ClCompile>
    <ClCompile Include="PreserveChdir.cpp">
      <Filter>Source Files</Filter>
    </ClCompile>
    <ClCompile Include="RemoteCacheLink.cpp">
      <Filter>Source Files</Filter>
    </ClCompile>
    <ClCompile Include="ShellExt.cpp">
      <Filter>Source Files</Filter>
    </ClCompile>
    <ClCompile Include="ShellExtClassFactory.cpp">
      <Filter>Source Files</Filter>
    </ClCompile>
    <ClCompile Include="ShellObjects.cpp">
      <Filter>Source Files</Filter>
    </ClCompile>
    <ClCompile Include="stdafx.cpp">
      <Filter>Source Files</Filter>
    </ClCompile>
    <ClCompile Include="TortoiseGIT.cpp">
      <Filter>Source Files</Filter>
    </ClCompile>
    <ClCompile Include="..\Git\GitIndex.cpp">
      <Filter>Git</Filter>
    </ClCompile>
    <ClCompile Include="..\Git\GitFolderStatus.cpp">
      <Filter>Git</Filter>
    </ClCompile>
    <ClCompile Include="..\Git\GitAdminDir.cpp">
      <Filter>Git</Filter>
    </ClCompile>
    <ClCompile Include="..\Git\Git.cpp">
      <Filter>Git</Filter>
    </ClCompile>
    <ClCompile Include="..\Utils\DebugOutput.cpp">
      <Filter>Utils</Filter>
    </ClCompile>
    <ClCompile Include="..\TGitCache\CacheInterface.cpp">
      <Filter>TGitCache</Filter>
    </ClCompile>
    <ClCompile Include="..\Git\GitStatus.cpp">
      <Filter>Git</Filter>
    </ClCompile>
    <ClCompile Include="..\Utils\ReaderWriterLock.cpp">
      <Filter>Utils</Filter>
    </ClCompile>
    <ClCompile Include="..\Utils\UnicodeUtils.cpp">
      <Filter>Utils</Filter>
    </ClCompile>
    <ClCompile Include="..\Utils\SysInfo.cpp">
      <Filter>Utils</Filter>
    </ClCompile>
    <ClCompile Include="..\Utils\StringUtils.cpp">
      <Filter>Utils</Filter>
    </ClCompile>
    <ClCompile Include="..\Utils\Registry.cpp">
      <Filter>Utils</Filter>
    </ClCompile>
    <ClCompile Include="..\Git\TGitPath.cpp">
      <Filter>Git</Filter>
    </ClCompile>
    <ClCompile Include="..\Utils\PathUtils.cpp">
      <Filter>Utils</Filter>
    </ClCompile>
    <ClCompile Include="..\Utils\MiscUI\IconBitmapUtils.cpp">
      <Filter>Utils\MiscUI</Filter>
    </ClCompile>
    <ClCompile Include="..\Git\MassiveGitTaskBase.cpp">
      <Filter>Git</Filter>
    </ClCompile>
    <ClCompile Include="ShellCache.cpp">
      <Filter>Source Files</Filter>
    </ClCompile>
    <ClCompile Include="..\Utils\LoadIconEx.cpp">
      <Filter>Utils</Filter>
    </ClCompile>
  </ItemGroup>
  <ItemGroup>
    <None Include="ShellExt.def">
      <Filter>Source Files</Filter>
    </None>
    <None Include="resourceshell.rc2">
      <Filter>Resource Files</Filter>
    </None>
  </ItemGroup>
  <ItemGroup>
    <ClInclude Include="GITPropertyPage.h">
      <Filter>Header Files</Filter>
    </ClInclude>
    <ClInclude Include="Globals.h">
      <Filter>Header Files</Filter>
    </ClInclude>
    <ClInclude Include="Guids.h">
      <Filter>Header Files</Filter>
    </ClInclude>
    <ClInclude Include="ItemIDList.h">
      <Filter>Header Files</Filter>
    </ClInclude>
    <ClInclude Include="PIDL.h">
      <Filter>Header Files</Filter>
    </ClInclude>
    <ClInclude Include="PreserveChdir.h">
      <Filter>Header Files</Filter>
    </ClInclude>
    <ClInclude Include="RemoteCacheLink.h">
      <Filter>Header Files</Filter>
    </ClInclude>
    <ClInclude Include="resource.h">
      <Filter>Header Files</Filter>
    </ClInclude>
    <ClInclude Include="ShellCache.h">
      <Filter>Header Files</Filter>
    </ClInclude>
    <ClInclude Include="ShellExt.h">
      <Filter>Header Files</Filter>
    </ClInclude>
    <ClInclude Include="ShellExtClassFactory.h">
      <Filter>Header Files</Filter>
    </ClInclude>
    <ClInclude Include="ShellObjects.h">
      <Filter>Header Files</Filter>
    </ClInclude>
    <ClInclude Include="stdafx.h">
      <Filter>Header Files</Filter>
    </ClInclude>
    <ClInclude Include="..\Utils\DebugOutput.h">
      <Filter>Utils</Filter>
    </ClInclude>
    <ClInclude Include="..\Utils\UnicodeUtils.h">
      <Filter>Utils</Filter>
    </ClInclude>
    <ClInclude Include="..\Utils\SysInfo.h">
      <Filter>Utils</Filter>
    </ClInclude>
    <ClInclude Include="..\Utils\StringUtils.h">
      <Filter>Utils</Filter>
    </ClInclude>
    <ClInclude Include="..\Utils\ReaderWriterLock.h">
      <Filter>Utils</Filter>
    </ClInclude>
    <ClInclude Include="..\Utils\registry.h">
      <Filter>Utils</Filter>
    </ClInclude>
    <ClInclude Include="..\Utils\PathUtils.h">
      <Filter>Utils</Filter>
    </ClInclude>
    <ClInclude Include="..\Utils\MiscUI\IconBitmapUtils.h">
      <Filter>Utils\MiscUI</Filter>
    </ClInclude>
    <ClInclude Include="..\Git\Git.h">
      <Filter>Git</Filter>
    </ClInclude>
    <ClInclude Include="..\Git\GitAdminDir.h">
      <Filter>Git</Filter>
    </ClInclude>
    <ClInclude Include="..\Git\GitFolderStatus.h">
      <Filter>Git</Filter>
    </ClInclude>
    <ClInclude Include="..\Git\GitForWindows.h">
      <Filter>Git</Filter>
    </ClInclude>
    <ClInclude Include="..\Git\GitHash.h">
      <Filter>Git</Filter>
    </ClInclude>
    <ClInclude Include="..\Git\gitindex.h">
      <Filter>Git</Filter>
    </ClInclude>
    <ClInclude Include="..\Git\GitStatus.h">
      <Filter>Git</Filter>
    </ClInclude>
    <ClInclude Include="..\Git\TGitPath.h">
      <Filter>Git</Filter>
    </ClInclude>
    <ClInclude Include="..\Git\gittype.h">
      <Filter>Git</Filter>
    </ClInclude>
    <ClInclude Include="..\Git\MassiveGitTaskBase.h">
      <Filter>Git</Filter>
    </ClInclude>
    <ClInclude Include="..\TGitCache\CacheInterface.h">
      <Filter>TGitCache</Filter>
    </ClInclude>
    <ClInclude Include="..\Utils\CreateProcessHelper.h">
      <Filter>Utils</Filter>
    </ClInclude>
    <ClInclude Include="MenuInfo.h">
      <Filter>Header Files</Filter>
    </ClInclude>
    <ClInclude Include="..\Utils\LoadIconEx.h">
      <Filter>Utils</Filter>
    </ClInclude>
  </ItemGroup>
  <ItemGroup>
    <Image Include="..\Resources\checkout.ico">
      <Filter>Resource Files</Filter>
    </Image>
    <Image Include="..\Resources\clippaste.ico">
      <Filter>Resource Files</Filter>
    </Image>
    <Image Include="..\Resources\copy.ico">
      <Filter>Resource Files</Filter>
    </Image>
    <Image Include="..\Resources\menuabout.ico">
      <Filter>Resource Files</Filter>
    </Image>
    <Image Include="..\Resources\menuadd.ico">
      <Filter>Resource Files</Filter>
    </Image>
    <Image Include="..\Resources\menubisect.ico">
      <Filter>Resource Files</Filter>
    </Image>
    <Image Include="..\Resources\menubisectreset.ico">
      <Filter>Resource Files</Filter>
    </Image>
    <Image Include="..\Resources\menucheckout.ico">
      <Filter>Resource Files</Filter>
    </Image>
    <Image Include="..\Resources\menucleanup.ico">
      <Filter>Resource Files</Filter>
    </Image>
    <Image Include="..\Resources\menucombine.ico">
      <Filter>Resource Files</Filter>
    </Image>
    <Image Include="..\Resources\menucommit.ico">
      <Filter>Resource Files</Filter>
    </Image>
    <Image Include="..\Resources\menucompare.ico">
      <Filter>Resource Files</Filter>
    </Image>
    <Image Include="..\Resources\menuconflict.ico">
      <Filter>Resource Files</Filter>
    </Image>
    <Image Include="..\Resources\menucopy.ico">
      <Filter>Resource Files</Filter>
    </Image>
    <Image Include="..\Resources\menucreaterepos.ico">
      <Filter>Resource Files</Filter>
    </Image>
    <Image Include="..\Resources\menudelete.ico">
      <Filter>Resource Files</Filter>
    </Image>
    <Image Include="..\Resources\menudiff.ico">
      <Filter>Resource Files</Filter>
    </Image>
    <Image Include="..\Resources\menuedit.ico">
      <Filter>Resource Files</Filter>
    </Image>
    <Image Include="..\Resources\menuexport.ico">
      <Filter>Resource Files</Filter>
    </Image>
    <Image Include="..\Resources\menuhelp.ico">
      <Filter>Resource Files</Filter>
    </Image>
    <Image Include="..\Resources\menuignore.ico">
      <Filter>Resource Files</Filter>
    </Image>
    <Image Include="..\Resources\menulog.ico">
      <Filter>Resource Files</Filter>
    </Image>
    <Image Include="..\Resources\menumerge.ico">
      <Filter>Resource Files</Filter>
    </Image>
    <Image Include="..\Resources\menupatch.ico">
      <Filter>Resource Files</Filter>
    </Image>
    <Image Include="..\Resources\menupick.ico">
      <Filter>Resource Files</Filter>
    </Image>
    <Image Include="..\Resources\menurebase.ico">
      <Filter>Resource Files</Filter>
    </Image>
    <Image Include="..\Resources\menurelocate.ico">
      <Filter>Resource Files</Filter>
    </Image>
    <Image Include="..\Resources\menurename.ico">
      <Filter>Resource Files</Filter>
    </Image>
    <Image Include="..\Resources\menurepobrowse.ico">
      <Filter>Resource Files</Filter>
    </Image>
    <Image Include="..\Resources\menuresolve.ico">
      <Filter>Resource Files</Filter>
    </Image>
    <Image Include="..\Resources\menurevert.ico">
      <Filter>Resource Files</Filter>
    </Image>
    <Image Include="..\Resources\menusendmail.ico">
      <Filter>Resource Files</Filter>
    </Image>
    <Image Include="..\Resources\menusettings.ico">
      <Filter>Resource Files</Filter>
    </Image>
    <Image Include="..\Resources\menushowchanged.ico">
      <Filter>Resource Files</Filter>
    </Image>
    <Image Include="..\Resources\menuskip.ico">
      <Filter>Resource Files</Filter>
    </Image>
    <Image Include="..\Resources\menusquash.ico">
      <Filter>Resource Files</Filter>
    </Image>
    <Image Include="..\Resources\menuswitch.ico">
      <Filter>Resource Files</Filter>
    </Image>
    <Image Include="..\Resources\menusync.ico">
      <Filter>Resource Files</Filter>
    </Image>
    <Image Include="..\Resources\menuupdate.ico">
      <Filter>Resource Files</Filter>
    </Image>
    <Image Include="..\Resources\pull1.ico">
      <Filter>Resource Files</Filter>
    </Image>
    <Image Include="..\Resources\Push.ico">
      <Filter>Resource Files</Filter>
    </Image>
    <Image Include="..\Resources\showbranches.ico">
      <Filter>Resource Files</Filter>
    </Image>
    <Image Include="..\Resources\tag.ico">
      <Filter>Resource Files</Filter>
    </Image>
    <Image Include="..\Resources\thumb_down.ico">
      <Filter>Resource Files</Filter>
    </Image>
    <Image Include="..\Resources\thumb_up.ico">
      <Filter>Resource Files</Filter>
    </Image>
    <Image Include="..\Resources\Tortoise.ico">
      <Filter>Resource Files</Filter>
    </Image>
    <Image Include="..\Resources\TortoiseSmall.ico">
      <Filter>Resource Files</Filter>
    </Image>
    <Image Include="..\Resources\tsvnmenufile.ico">
      <Filter>Resource Files</Filter>
    </Image>
    <Image Include="..\Resources\tsvnmenufolder.ico">
      <Filter>Resource Files</Filter>
    </Image>
    <Image Include="..\Resources\tsvnmenulink.ico">
      <Filter>Resource Files</Filter>
    </Image>
    <Image Include="..\Resources\tsvnmenumultiple.ico">
      <Filter>Resource Files</Filter>
    </Image>
    <Image Include="..\Resources\menurevisiongraph.ico">
      <Filter>Resource Files</Filter>
    </Image>
    <Image Include="..\Resources\menudaemon.ico">
      <Filter>Resource Files</Filter>
    </Image>
    <Image Include="..\Resources\menumergeabort.ico">
      <Filter>Resource Files</Filter>
    </Image>
  </ItemGroup>
  <ItemGroup>
    <ResourceCompile Include="resourceshell.rc">
      <Filter>Resource Files</Filter>
    </ResourceCompile>
  </ItemGroup>
</Project>