<?xml version="1.0" encoding="utf-8"?>
<Project ToolsVersion="4.0" xmlns="http://schemas.microsoft.com/developer/msbuild/2003">
  <ItemGroup>
    <Filter Include="Source Files">
      <UniqueIdentifier>{4FC737F1-C7A5-4376-A066-2A32D752A2FF}</UniqueIdentifier>
      <Extensions>cpp;c;cc;cxx;def;odl;idl;hpj;bat;asm;asmx</Extensions>
    </Filter>
    <Filter Include="Header Files">
      <UniqueIdentifier>{93995380-89BD-4b04-88EB-625FBE52EBFB}</UniqueIdentifier>
      <Extensions>h;hpp;hxx;hm;inl;inc;xsd</Extensions>
    </Filter>
    <Filter Include="Resource Files">
      <UniqueIdentifier>{67DA6AB6-F800-4c08-8B7A-83BB121AAD01}</UniqueIdentifier>
      <Extensions>rc;ico;cur;bmp;dlg;rc2;rct;bin;rgs;gif;jpg;jpeg;jpe;resx;tiff;tif;png;wav</Extensions>
    </Filter>
    <Filter Include="Source Files\Utils">
      <UniqueIdentifier>{3f004a8f-cf17-4a53-9856-3d6f077f875b}</UniqueIdentifier>
    </Filter>
    <Filter Include="Source Files\Utils\MiscUI">
      <UniqueIdentifier>{f86a3d47-ea3d-4fa3-a47f-e1b9367a0e3d}</UniqueIdentifier>
    </Filter>
  </ItemGroup>
  <ItemGroup>
    <ClCompile Include="..\TortoiseProc\Colors.cpp">
      <Filter>Source Files</Filter>
    </ClCompile>
    <ClCompile Include="EditGotoDlg.cpp">
      <Filter>Source Files</Filter>
    </ClCompile>
    <ClCompile Include="..\TortoiseMerge\FileTextLines.cpp">
      <Filter>Source Files</Filter>
    </ClCompile>
    <ClCompile Include="..\TortoiseProc\FindDlg.cpp">
      <Filter>Source Files</Filter>
    </ClCompile>
    <ClCompile Include="..\TortoiseProc\GitLogCache.cpp">
      <Filter>Source Files</Filter>
    </ClCompile>
    <ClCompile Include="..\TortoiseProc\GitLogListBase.cpp">
      <Filter>Source Files</Filter>
    </ClCompile>
    <ClCompile Include="..\TortoiseProc\GitStatusListCtrlHelpers.cpp">
      <Filter>Source Files</Filter>
    </ClCompile>
    <ClCompile Include="..\TortoiseProc\lanes.cpp">
      <Filter>Source Files</Filter>
    </ClCompile>
    <ClCompile Include="..\TortoiseProc\LogDataVector.cpp">
      <Filter>Source Files</Filter>
    </ClCompile>
    <ClCompile Include="..\TortoiseProc\LogDlgHelper.cpp">
      <Filter>Source Files</Filter>
    </ClCompile>
    <ClCompile Include="LogListBlameAction.cpp">
      <Filter>Source Files</Filter>
    </ClCompile>
    <ClCompile Include="..\TortoiseProc\LoglistUtils.cpp">
      <Filter>Source Files</Filter>
    </ClCompile>
    <ClCompile Include="MainFrm.cpp">
      <Filter>Source Files</Filter>
    </ClCompile>
    <ClCompile Include="OutputWnd.cpp">
      <Filter>Source Files</Filter>
    </ClCompile>
    <ClCompile Include="..\TortoiseProc\ProjectProperties.cpp">
      <Filter>Source Files</Filter>
    </ClCompile>
    <ClCompile Include="PropertiesWnd.cpp">
      <Filter>Source Files</Filter>
    </ClCompile>
    <ClCompile Include="stdafx.cpp">
      <Filter>Source Files</Filter>
    </ClCompile>
    <ClCompile Include="TortoiseGitBlame.cpp">
      <Filter>Source Files</Filter>
    </ClCompile>
    <ClCompile Include="TortoiseGitBlameDoc.cpp">
      <Filter>Source Files</Filter>
    </ClCompile>
    <ClCompile Include="TortoiseGitBlameView.cpp">
      <Filter>Source Files</Filter>
    </ClCompile>
    <ClCompile Include="..\TortoiseProc\GravatarPictureBox.cpp">
      <Filter>Source Files</Filter>
    </ClCompile>
    <ClCompile Include="TortoiseGitBlameData.cpp">
      <Filter>Source Files</Filter>
    </ClCompile>
    <ClCompile Include="..\Utils\CmdLineParser.cpp">
      <Filter>Source Files\Utils</Filter>
    </ClCompile>
    <ClCompile Include="..\Utils\Registry.cpp">
      <Filter>Source Files\Utils</Filter>
    </ClCompile>
    <ClCompile Include="..\Utils\StringUtils.cpp">
      <Filter>Source Files\Utils</Filter>
    </ClCompile>
    <ClCompile Include="..\Utils\SysInfo.cpp">
      <Filter>Source Files\Utils</Filter>
    </ClCompile>
    <ClCompile Include="..\Utils\TaskbarUUID.cpp">
      <Filter>Source Files\Utils</Filter>
    </ClCompile>
    <ClCompile Include="..\Utils\UnicodeUtils.cpp">
      <Filter>Source Files\Utils</Filter>
    </ClCompile>
    <ClCompile Include="..\Utils\MiscUI\MessageBox.cpp">
      <Filter>Source Files\Utils\MiscUI</Filter>
    </ClCompile>
    <ClCompile Include="..\Utils\MiscUI\HistoryCombo.cpp">
      <Filter>Source Files\Utils\MiscUI</Filter>
    </ClCompile>
    <ClCompile Include="..\Utils\MiscUI\Picture.cpp">
      <Filter>Source Files\Utils\MiscUI</Filter>
    </ClCompile>
    <ClCompile Include="..\Utils\MiscUI\Tooltip.cpp">
      <Filter>Source Files\Utils\MiscUI</Filter>
    </ClCompile>
    <ClCompile Include="..\Utils\MiscUI\IconMenu.cpp">
      <Filter>Source Files\Utils\MiscUI</Filter>
    </ClCompile>
    <ClCompile Include="..\Utils\MiscUI\HintListCtrl.cpp">
      <Filter>Source Files\Utils\MiscUI</Filter>
    </ClCompile>
    <ClCompile Include="..\Utils\MiscUI\FilterEdit.cpp">
      <Filter>Source Files\Utils\MiscUI</Filter>
    </ClCompile>
    <ClCompile Include="..\Utils\PathUtils.cpp">
      <Filter>Source Files\Utils</Filter>
    </ClCompile>
    <ClCompile Include="..\Utils\MiscUI\IconBitmapUtils.cpp">
      <Filter>Source Files\Utils\MiscUI</Filter>
    </ClCompile>
    <ClCompile Include="..\Utils\MiscUI\HTMLFormatter.cpp">
      <Filter>Source Files\Utils\MiscUI</Filter>
    </ClCompile>
    <ClCompile Include="..\Utils\PersonalDictionary.cpp">
      <Filter>Source Files\Utils</Filter>
    </ClCompile>
    <ClCompile Include="..\Utils\MiscUI\SciEdit.cpp">
      <Filter>Source Files\Utils\MiscUI</Filter>
    </ClCompile>
    <ClCompile Include="..\Utils\SysImageList.cpp">
      <Filter>Source Files\Utils</Filter>
    </ClCompile>
    <ClCompile Include="..\Utils\CommonAppUtils.cpp">
      <Filter>Source Files\Utils</Filter>
    </ClCompile>
    <ClCompile Include="..\Utils\DebugOutput.cpp">
      <Filter>Source Files\Utils</Filter>
    </ClCompile>
    <ClCompile Include="..\Utils\MiscUI\StandAloneDlg.cpp">
      <Filter>Source Files\Utils\MiscUI</Filter>
    </ClCompile>
  </ItemGroup>
  <ItemGroup>
    <ClInclude Include="GitBlameLogList.h">
      <Filter>Source Files</Filter>
    </ClInclude>
    <ClInclude Include="..\TortoiseProc\gitlogcache.h">
      <Filter>Source Files</Filter>
    </ClInclude>
    <ClInclude Include="..\TortoiseProc\GitLogListBase.h">
      <Filter>Source Files</Filter>
    </ClInclude>
    <ClInclude Include="..\TortoiseProc\lanes.h">
      <Filter>Source Files</Filter>
    </ClInclude>
    <ClInclude Include="..\TortoiseProc\LogDlgHelper.h">
      <Filter>Source Files</Filter>
    </ClInclude>
    <ClInclude Include="..\Utils\CommonAppUtils.h">
      <Filter>Header Files</Filter>
    </ClInclude>
    <ClInclude Include="EditGotoDlg.h">
      <Filter>Header Files</Filter>
    </ClInclude>
    <ClInclude Include="..\TortoiseMerge\FileTextLines.h">
      <Filter>Header Files</Filter>
    </ClInclude>
    <ClInclude Include="..\TortoiseProc\LoglistUtils.h">
      <Filter>Header Files</Filter>
    </ClInclude>
    <ClInclude Include="MainFrm.h">
      <Filter>Header Files</Filter>
    </ClInclude>
    <ClInclude Include="MenuEncode.h">
      <Filter>Header Files</Filter>
    </ClInclude>
    <ClInclude Include="OutputWnd.h">
      <Filter>Header Files</Filter>
    </ClInclude>
    <ClInclude Include="PropertiesWnd.h">
      <Filter>Header Files</Filter>
    </ClInclude>
    <ClInclude Include="Resource.h">
      <Filter>Header Files</Filter>
    </ClInclude>
    <ClInclude Include="stdafx.h">
      <Filter>Header Files</Filter>
    </ClInclude>
    <ClInclude Include="TortoiseGitBlame.h">
      <Filter>Header Files</Filter>
    </ClInclude>
    <ClInclude Include="TortoiseGitBlameDoc.h">
      <Filter>Header Files</Filter>
    </ClInclude>
    <ClInclude Include="TortoiseGitBlameView.h">
      <Filter>Header Files</Filter>
    </ClInclude>
    <ClInclude Include="BlameIndexColors.h">
      <Filter>Header Files</Filter>
    </ClInclude>
    <ClInclude Include="..\Utils\DebugOutput.h">
      <Filter>Header Files</Filter>
    </ClInclude>
    <ClInclude Include="BlameDetectMovedOrCopiedLines.h">
      <Filter>Header Files</Filter>
    </ClInclude>
    <ClInclude Include="TortoiseGitBlameData.h">
      <Filter>Header Files</Filter>
    </ClInclude>
    <ClInclude Include="..\Utils\CmdLineParser.h">
      <Filter>Source Files\Utils</Filter>
    </ClInclude>
    <ClInclude Include="..\Utils\registry.h">
      <Filter>Source Files\Utils</Filter>
    </ClInclude>
    <ClInclude Include="..\Utils\StringUtils.h">
      <Filter>Source Files\Utils</Filter>
    </ClInclude>
    <ClInclude Include="..\Utils\SysInfo.h">
      <Filter>Source Files\Utils</Filter>
    </ClInclude>
    <ClInclude Include="..\Utils\TaskbarUUID.h">
      <Filter>Source Files\Utils</Filter>
    </ClInclude>
    <ClInclude Include="..\Utils\UnicodeUtils.h">
      <Filter>Source Files\Utils</Filter>
    </ClInclude>
    <ClInclude Include="..\Utils\MiscUI\MessageBox.h">
      <Filter>Source Files\Utils\MiscUI</Filter>
    </ClInclude>
    <ClInclude Include="..\Utils\MiscUI\HistoryCombo.h">
      <Filter>Source Files\Utils\MiscUI</Filter>
    </ClInclude>
    <ClInclude Include="..\Utils\MiscUI\Picture.h">
      <Filter>Source Files\Utils\MiscUI</Filter>
    </ClInclude>
    <ClInclude Include="..\Utils\MiscUI\Tooltip.h">
      <Filter>Source Files\Utils\MiscUI</Filter>
    </ClInclude>
    <ClInclude Include="..\Utils\MiscUI\IconMenu.h">
      <Filter>Source Files\Utils\MiscUI</Filter>
    </ClInclude>
    <ClInclude Include="..\Utils\MiscUI\HintListCtrl.h">
      <Filter>Source Files\Utils\MiscUI</Filter>
    </ClInclude>
    <ClInclude Include="..\Utils\MiscUI\FilterEdit.h">
      <Filter>Source Files\Utils\MiscUI</Filter>
    </ClInclude>
    <ClInclude Include="..\Utils\PathUtils.h">
      <Filter>Source Files\Utils</Filter>
    </ClInclude>
    <ClInclude Include="..\Utils\MiscUI\IconBitmapUtils.h">
      <Filter>Source Files\Utils\MiscUI</Filter>
    </ClInclude>
    <ClInclude Include="..\Utils\MiscUI\HTMLFormatter.h">
      <Filter>Source Files\Utils\MiscUI</Filter>
    </ClInclude>
    <ClInclude Include="..\Utils\PersonalDictionary.h">
      <Filter>Source Files\Utils</Filter>
    </ClInclude>
    <ClInclude Include="..\Utils\MiscUI\SciEdit.h">
      <Filter>Source Files\Utils\MiscUI</Filter>
    </ClInclude>
    <ClInclude Include="..\Utils\SysImageList.h">
      <Filter>Source Files\Utils</Filter>
    </ClInclude>
  </ItemGroup>
  <ItemGroup>
    <Image Include="..\Resources\blameres\output_wnd.ico">
      <Filter>Resource Files</Filter>
    </Image>
    <Image Include="..\Resources\blameres\output_wnd_hc.ico">
      <Filter>Resource Files</Filter>
    </Image>
    <Image Include="..\Resources\blameres\properties_wnd.ico">
      <Filter>Resource Files</Filter>
    </Image>
    <Image Include="..\Resources\blameres\properties_wnd_hc.ico">
      <Filter>Resource Files</Filter>
    </Image>
    <Image Include="..\Resources\blameres\Toolbar.bmp">
      <Filter>Resource Files</Filter>
    </Image>
    <Image Include="..\Resources\blameres\Toolbar256.bmp">
      <Filter>Resource Files</Filter>
    </Image>
    <Image Include="..\Resources\blameres\TortoiseGitBlame.ico">
      <Filter>Resource Files</Filter>
    </Image>
    <Image Include="..\Resources\blameres\TortoiseGitBlameDoc.ico">
      <Filter>Resource Files</Filter>
    </Image>
    <Image Include="..\Resources\copy.ico">
      <Filter>Resource Files</Filter>
    </Image>
    <Image Include="..\Resources\menublame.ico">
      <Filter>Resource Files</Filter>
    </Image>
    <Image Include="..\Resources\menucompare.ico">
      <Filter>Resource Files</Filter>
    </Image>
    <Image Include="..\Resources\menulog.ico">
      <Filter>Resource Files</Filter>
    </Image>
  </ItemGroup>
  <ItemGroup>
    <ResourceCompile Include="..\Resources\TortoiseGitBlameENG.rc">
      <Filter>Resource Files</Filter>
    </ResourceCompile>
  </ItemGroup>
</Project>