<?xml version="1.0" encoding="utf-8"?>
<Project ToolsVersion="4.0" xmlns="http://schemas.microsoft.com/developer/msbuild/2003">
  <ItemGroup>
    <Filter Include="Source Files">
      <UniqueIdentifier>{4FC737F1-C7A5-4376-A066-2A32D752A2FF}</UniqueIdentifier>
      <Extensions>cpp;c;cxx;def;odl;idl;hpj;bat;asm;asmx</Extensions>
    </Filter>
    <Filter Include="Header Files">
      <UniqueIdentifier>{93995380-89BD-4b04-88EB-625FBE52EBFB}</UniqueIdentifier>
      <Extensions>h;hpp;hxx;hm;inl;inc;xsd</Extensions>
    </Filter>
    <Filter Include="Resource Files">
      <UniqueIdentifier>{67DA6AB6-F800-4c08-8B7A-83BB121AAD01}</UniqueIdentifier>
      <Extensions>rc;ico;cur;bmp;dlg;rc2;rct;bin;rgs;gif;jpg;jpeg;jpe;resx;png</Extensions>
    </Filter>
    <Filter Include="Utils">
      <UniqueIdentifier>{95777dab-da10-49af-990c-44113399a0bc}</UniqueIdentifier>
    </Filter>
    <Filter Include="Libdiff">
      <UniqueIdentifier>{6963f9fb-04ac-4303-8b76-5b03773aa40e}</UniqueIdentifier>
    </Filter>
    <Filter Include="Git">
      <UniqueIdentifier>{fb22fec1-7b09-4ab2-8fe2-93e8343bad3d}</UniqueIdentifier>
    </Filter>
    <Filter Include="Utils\MiscUI">
      <UniqueIdentifier>{13080af5-189e-4b35-b7f6-b9e770cb3539}</UniqueIdentifier>
    </Filter>
    <Filter Include="SimpleIni">
      <UniqueIdentifier>{fda10926-3ccf-4768-8445-143f4ccd0dd6}</UniqueIdentifier>
    </Filter>
  </ItemGroup>
  <ItemGroup>
    <ClCompile Include="AboutDlg.cpp">
      <Filter>Source Files</Filter>
    </ClCompile>
    <ClCompile Include="BaseView.cpp">
      <Filter>Source Files</Filter>
    </ClCompile>
    <ClCompile Include="BottomView.cpp">
      <Filter>Source Files</Filter>
    </ClCompile>
    <ClCompile Include="DiffColors.cpp">
      <Filter>Source Files</Filter>
    </ClCompile>
    <ClCompile Include="DiffData.cpp">
      <Filter>Source Files</Filter>
    </ClCompile>
    <ClCompile Include="FilePatchesDlg.cpp">
      <Filter>Source Files</Filter>
    </ClCompile>
    <ClCompile Include="FileTextLines.cpp">
      <Filter>Source Files</Filter>
    </ClCompile>
    <ClCompile Include="FindDlg.cpp">
      <Filter>Source Files</Filter>
    </ClCompile>
    <ClCompile Include="LeftView.cpp">
      <Filter>Source Files</Filter>
    </ClCompile>
    <ClCompile Include="LineDiffBar.cpp">
      <Filter>Source Files</Filter>
    </ClCompile>
    <ClCompile Include="LocatorBar.cpp">
      <Filter>Source Files</Filter>
    </ClCompile>
    <ClCompile Include="MainFrm.cpp">
      <Filter>Source Files</Filter>
    </ClCompile>
    <ClCompile Include="OpenDlg.cpp">
      <Filter>Source Files</Filter>
    </ClCompile>
    <ClCompile Include="RightView.cpp">
      <Filter>Source Files</Filter>
    </ClCompile>
    <ClCompile Include="SetColorPage.cpp">
      <Filter>Source Files</Filter>
    </ClCompile>
    <ClCompile Include="SetMainPage.cpp">
      <Filter>Source Files</Filter>
    </ClCompile>
    <ClCompile Include="Settings.cpp">
      <Filter>Source Files</Filter>
    </ClCompile>
    <ClCompile Include="stdafx.cpp">
      <Filter>Source Files</Filter>
    </ClCompile>
    <ClCompile Include="TortoiseMerge.cpp">
      <Filter>Source Files</Filter>
    </ClCompile>
    <ClCompile Include="Undo.cpp">
      <Filter>Source Files</Filter>
    </ClCompile>
    <ClCompile Include="ViewData.cpp">
      <Filter>Source Files</Filter>
    </ClCompile>
    <ClCompile Include="WorkingFile.cpp">
      <Filter>Source Files</Filter>
    </ClCompile>
    <ClCompile Include="MovedBlocks.cpp">
      <Filter>Source Files</Filter>
    </ClCompile>
    <ClCompile Include="GotoLineDlg.cpp">
      <Filter>Source Files</Filter>
    </ClCompile>
    <ClCompile Include="libsvn_diff\checksum.c">
      <Filter>Libdiff</Filter>
    </ClCompile>
    <ClCompile Include="libsvn_diff\cmdline.c">
      <Filter>Libdiff</Filter>
    </ClCompile>
    <ClCompile Include="libsvn_diff\ctype.c">
      <Filter>Libdiff</Filter>
    </ClCompile>
    <ClCompile Include="libsvn_diff\diff.c">
      <Filter>Libdiff</Filter>
    </ClCompile>
    <ClCompile Include="libsvn_diff\diff3.c">
      <Filter>Libdiff</Filter>
    </ClCompile>
    <ClCompile Include="libsvn_diff\diff4.c">
      <Filter>Libdiff</Filter>
    </ClCompile>
    <ClCompile Include="libsvn_diff\diff_file.c">
      <Filter>Libdiff</Filter>
    </ClCompile>
    <ClCompile Include="libsvn_diff\diff_memory.c">
      <Filter>Libdiff</Filter>
    </ClCompile>
    <ClCompile Include="libsvn_diff\dirent_uri.c">
      <Filter>Libdiff</Filter>
    </ClCompile>
    <ClCompile Include="libsvn_diff\dso.c">
      <Filter>Libdiff</Filter>
    </ClCompile>
    <ClCompile Include="libsvn_diff\error.c">
      <Filter>Libdiff</Filter>
    </ClCompile>
    <ClCompile Include="libsvn_diff\io.c">
      <Filter>Libdiff</Filter>
    </ClCompile>
    <ClCompile Include="libsvn_diff\lcs.c">
      <Filter>Libdiff</Filter>
    </ClCompile>
    <ClCompile Include="libsvn_diff\md5.c">
      <Filter>Libdiff</Filter>
    </ClCompile>
    <ClCompile Include="libsvn_diff\path.c">
      <Filter>Libdiff</Filter>
    </ClCompile>
    <ClCompile Include="libsvn_diff\pool.c">
      <Filter>Libdiff</Filter>
    </ClCompile>
    <ClCompile Include="libsvn_diff\sha1.c">
      <Filter>Libdiff</Filter>
    </ClCompile>
    <ClCompile Include="libsvn_diff\stream.c">
      <Filter>Libdiff</Filter>
    </ClCompile>
    <ClCompile Include="libsvn_diff\string.c">
      <Filter>Libdiff</Filter>
    </ClCompile>
    <ClCompile Include="libsvn_diff\SVNLineDiff.cpp">
      <Filter>Libdiff</Filter>
    </ClCompile>
    <ClCompile Include="libsvn_diff\token.c">
      <Filter>Libdiff</Filter>
    </ClCompile>
    <ClCompile Include="libsvn_diff\utf.c">
      <Filter>Libdiff</Filter>
    </ClCompile>
    <ClCompile Include="libsvn_diff\utf_validate.c">
      <Filter>Libdiff</Filter>
    </ClCompile>
    <ClCompile Include="libsvn_diff\util.c">
      <Filter>Libdiff</Filter>
    </ClCompile>
    <ClCompile Include="libsvn_diff\win32_xlate.c">
      <Filter>Libdiff</Filter>
    </ClCompile>
    <ClCompile Include="TempFile.cpp">
      <Filter>Source Files</Filter>
    </ClCompile>
    <ClCompile Include="AppUtils.cpp">
      <Filter>Source Files</Filter>
    </ClCompile>
    <ClCompile Include="Patch.cpp">
      <Filter>Source Files</Filter>
    </ClCompile>
    <ClCompile Include="EncodingDlg.cpp">
      <Filter>Source Files</Filter>
    </ClCompile>
    <ClCompile Include="EOL.cpp">
      <Filter>Source Files</Filter>
    </ClCompile>
    <ClCompile Include="RegexFiltersDlg.cpp">
      <Filter>Source Files</Filter>
    </ClCompile>
    <ClCompile Include="RegexFilterDlg.cpp">
      <Filter>Source Files</Filter>
    </ClCompile>
    <ClCompile Include="libsvn_diff\adler32.c">
      <Filter>Libdiff</Filter>
    </ClCompile>
    <ClCompile Include="libsvn_diff\hash.c">
      <Filter>Libdiff</Filter>
    </ClCompile>
    <ClCompile Include="libsvn_diff\atomic.c">
      <Filter>Libdiff</Filter>
    </ClCompile>
    <ClCompile Include="libsvn_diff\sorts.c">
      <Filter>Libdiff</Filter>
    </ClCompile>
    <ClCompile Include="libsvn_diff\mutex.c">
      <Filter>Libdiff</Filter>
    </ClCompile>
    <ClCompile Include="libsvn_diff\types.c">
      <Filter>Libdiff</Filter>
    </ClCompile>
    <ClCompile Include="libsvn_diff\eol.c">
      <Filter>Libdiff</Filter>
    </ClCompile>
    <ClCompile Include="libsvn_diff\mergeinfo.c">
      <Filter>Libdiff</Filter>
    </ClCompile>
    <ClCompile Include="libsvn_diff\iter.c">
      <Filter>Libdiff</Filter>
    </ClCompile>
    <ClCompile Include="libsvn_diff\deprecated.c">
      <Filter>Libdiff</Filter>
    </ClCompile>
    <ClCompile Include="libsvn_diff\properties.c">
      <Filter>Libdiff</Filter>
    </ClCompile>
    <ClCompile Include="libsvn_diff\spillbuf.c">
      <Filter>Libdiff</Filter>
    </ClCompile>
    <ClCompile Include="EditorConfigWrapper.cpp">
      <Filter>Source Files</Filter>
    </ClCompile>
    <ClCompile Include="..\Utils\MiscUI\BrowseFolder.cpp">
      <Filter>Utils\MiscUI</Filter>
    </ClCompile>
    <ClCompile Include="..\Utils\MiscUI\DIB.cpp">
      <Filter>Utils\MiscUI</Filter>
    </ClCompile>
    <ClCompile Include="..\Utils\MiscUI\FileDlgEventHandler.cpp">
      <Filter>Utils\MiscUI</Filter>
    </ClCompile>
    <ClCompile Include="..\Utils\MiscUI\FileDropEdit.cpp">
      <Filter>Utils\MiscUI</Filter>
    </ClCompile>
    <ClCompile Include="..\Utils\MiscUI\HistoryCombo.cpp">
      <Filter>Utils\MiscUI</Filter>
    </ClCompile>
    <ClCompile Include="..\Utils\MiscUI\HyperLink.cpp">
      <Filter>Utils\MiscUI</Filter>
    </ClCompile>
    <ClCompile Include="..\Utils\MiscUI\IconBitmapUtils.cpp">
      <Filter>Utils\MiscUI</Filter>
    </ClCompile>
    <ClCompile Include="..\Utils\MiscUI\IconMenu.cpp">
      <Filter>Utils\MiscUI</Filter>
    </ClCompile>
    <ClCompile Include="..\Utils\MiscUI\MessageBox.cpp">
      <Filter>Utils\MiscUI</Filter>
    </ClCompile>
    <ClCompile Include="..\Utils\MiscUI\StandAloneDlg.cpp">
      <Filter>Utils\MiscUI</Filter>
    </ClCompile>
    <ClCompile Include="..\Utils\MiscUI\WaterEffect.cpp">
      <Filter>Utils\MiscUI</Filter>
    </ClCompile>
    <ClCompile Include="..\Utils\MiscUI\SysProgressDlg.cpp">
      <Filter>Utils\MiscUI</Filter>
    </ClCompile>
    <ClCompile Include="..\Utils\MiscUI\ScrollTool.cpp">
      <Filter>Utils\MiscUI</Filter>
    </ClCompile>
    <ClCompile Include="..\Git\Git.cpp">
      <Filter>Git</Filter>
    </ClCompile>
    <ClCompile Include="..\Git\GitAdminDir.cpp">
      <Filter>Git</Filter>
    </ClCompile>
    <ClCompile Include="..\Git\GitPatch.cpp">
      <Filter>Git</Filter>
    </ClCompile>
    <ClCompile Include="..\Git\MassiveGitTaskBase.cpp">
      <Filter>Git</Filter>
    </ClCompile>
    <ClCompile Include="..\Git\TGitPath.cpp">
      <Filter>Git</Filter>
    </ClCompile>
    <ClCompile Include="..\Utils\accHelper.cpp">
      <Filter>Utils</Filter>
    </ClCompile>
    <ClCompile Include="..\Utils\CmdLineParser.cpp">
      <Filter>Utils</Filter>
    </ClCompile>
    <ClCompile Include="..\Utils\CommonAppUtils.cpp">
      <Filter>Utils</Filter>
    </ClCompile>
    <ClCompile Include="..\Utils\DebugOutput.cpp">
      <Filter>Utils</Filter>
    </ClCompile>
    <ClCompile Include="..\Utils\DirFileEnum.cpp">
      <Filter>Utils</Filter>
    </ClCompile>
    <ClCompile Include="..\Utils\DragDropImpl.cpp">
      <Filter>Utils</Filter>
    </ClCompile>
    <ClCompile Include="..\Utils\PathUtils.cpp">
      <Filter>Utils</Filter>
    </ClCompile>
    <ClCompile Include="..\Utils\ProfilingInfo.cpp">
      <Filter>Utils</Filter>
    </ClCompile>
    <ClCompile Include="..\Utils\Registry.cpp">
      <Filter>Utils</Filter>
    </ClCompile>
    <ClCompile Include="..\Utils\StringUtils.cpp">
      <Filter>Utils</Filter>
    </ClCompile>
    <ClCompile Include="..\Utils\SysInfo.cpp">
      <Filter>Utils</Filter>
    </ClCompile>
    <ClCompile Include="..\Utils\TaskbarUUID.cpp">
      <Filter>Utils</Filter>
    </ClCompile>
    <ClCompile Include="..\Utils\UnicodeUtils.cpp">
      <Filter>Utils</Filter>
    </ClCompile>
    <ClCompile Include="XSplitter.cpp">
      <Filter>Utils</Filter>
    </ClCompile>
    <ClCompile Include="..\Utils\MiscUI\Tooltip.cpp">
      <Filter>Utils\MiscUI</Filter>
    </ClCompile>
    <ClCompile Include="..\Utils\SysImageList.cpp">
      <Filter>Utils</Filter>
    </ClCompile>
    <ClCompile Include="NativeRibbonApp.cpp">
      <Filter>Source Files</Filter>
    </ClCompile>
    <ClCompile Include="..\Utils\LoadIconEx.cpp">
      <Filter>Utils</Filter>
    </ClCompile>
    <ClCompile Include="..\Utils\MiscUI\EditWordBreak.cpp">
      <Filter>Utils\MiscUI</Filter>
    </ClCompile>
  </ItemGroup>
  <ItemGroup>
    <ClInclude Include="AboutDlg.h">
      <Filter>Header Files</Filter>
    </ClInclude>
    <ClInclude Include="BaseView.h">
      <Filter>Header Files</Filter>
    </ClInclude>
    <ClInclude Include="BottomView.h">
      <Filter>Header Files</Filter>
    </ClInclude>
    <ClInclude Include="DiffColors.h">
      <Filter>Header Files</Filter>
    </ClInclude>
    <ClInclude Include="DiffData.h">
      <Filter>Header Files</Filter>
    </ClInclude>
    <ClInclude Include="DiffStates.h">
      <Filter>Header Files</Filter>
    </ClInclude>
    <ClInclude Include="EOL.h">
      <Filter>Header Files</Filter>
    </ClInclude>
    <ClInclude Include="FilePatchesDlg.h">
      <Filter>Header Files</Filter>
    </ClInclude>
    <ClInclude Include="FileTextLines.h">
      <Filter>Header Files</Filter>
    </ClInclude>
    <ClInclude Include="FindDlg.h">
      <Filter>Header Files</Filter>
    </ClInclude>
    <ClInclude Include="LeftView.h">
      <Filter>Header Files</Filter>
    </ClInclude>
    <ClInclude Include="LineDiffBar.h">
      <Filter>Header Files</Filter>
    </ClInclude>
    <ClInclude Include="LocatorBar.h">
      <Filter>Header Files</Filter>
    </ClInclude>
    <ClInclude Include="MainFrm.h">
      <Filter>Header Files</Filter>
    </ClInclude>
    <ClInclude Include="OpenDlg.h">
      <Filter>Header Files</Filter>
    </ClInclude>
    <ClInclude Include="resource.h">
      <Filter>Header Files</Filter>
    </ClInclude>
    <ClInclude Include="RightView.h">
      <Filter>Header Files</Filter>
    </ClInclude>
    <ClInclude Include="SetColorPage.h">
      <Filter>Header Files</Filter>
    </ClInclude>
    <ClInclude Include="SetMainPage.h">
      <Filter>Header Files</Filter>
    </ClInclude>
    <ClInclude Include="Settings.h">
      <Filter>Header Files</Filter>
    </ClInclude>
    <ClInclude Include="stdafx.h">
      <Filter>Header Files</Filter>
    </ClInclude>
    <ClInclude Include="TortoiseMerge.h">
      <Filter>Header Files</Filter>
    </ClInclude>
    <ClInclude Include="Undo.h">
      <Filter>Header Files</Filter>
    </ClInclude>
    <ClInclude Include="ViewData.h">
      <Filter>Header Files</Filter>
    </ClInclude>
    <ClInclude Include="WorkingFile.h">
      <Filter>Header Files</Filter>
    </ClInclude>
    <ClInclude Include="MovedBlocks.h">
      <Filter>Header Files</Filter>
    </ClInclude>
    <ClInclude Include="GotoLineDlg.h">
      <Filter>Header Files</Filter>
    </ClInclude>
    <ClInclude Include="TempFile.h">
      <Filter>Header Files</Filter>
    </ClInclude>
    <ClInclude Include="AppUtils.h">
      <Filter>Header Files</Filter>
    </ClInclude>
    <ClInclude Include="Patch.h">
      <Filter>Header Files</Filter>
    </ClInclude>
    <ClInclude Include="EncodingDlg.h">
      <Filter>Header Files</Filter>
    </ClInclude>
    <ClInclude Include="RegexFiltersDlg.h">
      <Filter>Header Files</Filter>
    </ClInclude>
    <ClInclude Include="RegexFilterDlg.h">
      <Filter>Header Files</Filter>
    </ClInclude>
    <ClInclude Include="EditorConfigWrapper.h">
      <Filter>Header Files</Filter>
    </ClInclude>
    <ClInclude Include="..\Git\Git.h">
      <Filter>Git</Filter>
    </ClInclude>
    <ClInclude Include="..\Git\GitAdminDir.h">
      <Filter>Git</Filter>
    </ClInclude>
    <ClInclude Include="..\Git\GitPatch.h">
      <Filter>Git</Filter>
    </ClInclude>
    <ClInclude Include="..\Git\gittype.h">
      <Filter>Git</Filter>
    </ClInclude>
    <ClInclude Include="..\Git\MassiveGitTaskBase.h">
      <Filter>Git</Filter>
    </ClInclude>
    <ClInclude Include="..\Git\TGitPath.h">
      <Filter>Git</Filter>
    </ClInclude>
    <ClInclude Include="..\Utils\MiscUI\BrowseFolder.h">
      <Filter>Utils\MiscUI</Filter>
    </ClInclude>
    <ClInclude Include="..\Utils\MiscUI\DIB.h">
      <Filter>Utils\MiscUI</Filter>
    </ClInclude>
    <ClInclude Include="..\Utils\MiscUI\FileDlgEventHandler.h">
      <Filter>Utils\MiscUI</Filter>
    </ClInclude>
    <ClInclude Include="..\Utils\MiscUI\FileDropEdit.h">
      <Filter>Utils\MiscUI</Filter>
    </ClInclude>
    <ClInclude Include="..\Utils\MiscUI\HistoryCombo.h">
      <Filter>Utils\MiscUI</Filter>
    </ClInclude>
    <ClInclude Include="..\Utils\MiscUI\HyperLink.h">
      <Filter>Utils\MiscUI</Filter>
    </ClInclude>
    <ClInclude Include="..\Utils\MiscUI\IconBitmapUtils.h">
      <Filter>Utils\MiscUI</Filter>
    </ClInclude>
    <ClInclude Include="..\Utils\MiscUI\IconMenu.h">
      <Filter>Utils\MiscUI</Filter>
    </ClInclude>
    <ClInclude Include="..\Utils\MiscUI\LineColors.h">
      <Filter>Utils\MiscUI</Filter>
    </ClInclude>
    <ClInclude Include="..\Utils\MiscUI\MessageBox.h">
      <Filter>Utils\MiscUI</Filter>
    </ClInclude>
    <ClInclude Include="..\Utils\MiscUI\ScrollTool.h">
      <Filter>Utils\MiscUI</Filter>
    </ClInclude>
    <ClInclude Include="..\Utils\MiscUI\StandAloneDlg.h">
      <Filter>Utils\MiscUI</Filter>
    </ClInclude>
    <ClInclude Include="..\Utils\MiscUI\SysProgressDlg.h">
      <Filter>Utils\MiscUI</Filter>
    </ClInclude>
    <ClInclude Include="..\Utils\MiscUI\TripleClick.h">
      <Filter>Utils\MiscUI</Filter>
    </ClInclude>
    <ClInclude Include="..\Utils\MiscUI\WaterEffect.h">
      <Filter>Utils\MiscUI</Filter>
    </ClInclude>
    <ClInclude Include="..\Utils\UnicodeUtils.h">
      <Filter>Utils</Filter>
    </ClInclude>
    <ClInclude Include="..\Utils\CmdLineParser.h">
      <Filter>Utils</Filter>
    </ClInclude>
    <ClInclude Include="..\Utils\CommonAppUtils.h">
      <Filter>Utils</Filter>
    </ClInclude>
    <ClInclude Include="..\Utils\DebugOutput.h">
      <Filter>Utils</Filter>
    </ClInclude>
    <ClInclude Include="..\Utils\DirFileEnum.h">
      <Filter>Utils</Filter>
    </ClInclude>
    <ClInclude Include="..\Utils\DragDropImpl.h">
      <Filter>Utils</Filter>
    </ClInclude>
    <ClInclude Include="..\Utils\PathUtils.h">
      <Filter>Utils</Filter>
    </ClInclude>
    <ClInclude Include="..\Utils\ProfilingInfo.h">
      <Filter>Utils</Filter>
    </ClInclude>
    <ClInclude Include="..\Utils\registry.h">
      <Filter>Utils</Filter>
    </ClInclude>
    <ClInclude Include="..\Utils\StringUtils.h">
      <Filter>Utils</Filter>
    </ClInclude>
    <ClInclude Include="..\Utils\SysInfo.h">
      <Filter>Utils</Filter>
    </ClInclude>
    <ClInclude Include="..\Utils\TaskbarUUID.h">
      <Filter>Utils</Filter>
    </ClInclude>
    <ClInclude Include="..\Git\GitForWindows.h">
      <Filter>Git</Filter>
    </ClInclude>
    <ClInclude Include="..\Utils\MiscUI\Tooltip.h">
      <Filter>Utils\MiscUI</Filter>
    </ClInclude>
    <ClInclude Include="CustomMFCRibbonStatusBar.h">
      <Filter>Header Files</Filter>
    </ClInclude>
    <ClInclude Include="..\Utils\SysImageList.h">
      <Filter>Utils</Filter>
    </ClInclude>
    <ClInclude Include="..\Utils\CreateProcessHelper.h">
      <Filter>Utils</Filter>
    </ClInclude>
    <ClInclude Include="..\Utils\MiscUI\CommonDialogFunctions.h">
      <Filter>Utils\MiscUI</Filter>
    </ClInclude>
    <ClInclude Include="..\..\ext\simpleini\SimpleIni.h">
      <Filter>SimpleIni</Filter>
    </ClInclude>
    <ClInclude Include="NativeRibbonApp.h">
      <Filter>Header Files</Filter>
    </ClInclude>
    <ClInclude Include="..\Utils\DPIAware.h">
      <Filter>Utils</Filter>
    </ClInclude>
    <ClInclude Include="..\Utils\LoadIconEx.h">
      <Filter>Utils</Filter>
    </ClInclude>
    <ClInclude Include="..\Utils\MiscUI\EditWordBreak.h">
      <Filter>Utils\MiscUI</Filter>
    </ClInclude>
  </ItemGroup>
  <ItemGroup>
    <None Include="..\Resources\lineadded.ico">
      <Filter>Resource Files</Filter>
    </None>
    <None Include="..\Resources\lineconflicted.ico">
      <Filter>Resource Files</Filter>
    </None>
    <None Include="..\Resources\lineconflictedignored.ico">
      <Filter>Resource Files</Filter>
    </None>
    <None Include="..\Resources\lineedited.ico">
      <Filter>Resource Files</Filter>
    </None>
    <None Include="..\Resources\LineEndingCR.ico">
      <Filter>Resource Files</Filter>
    </None>
    <None Include="..\Resources\LineEndingCRLF.ico">
      <Filter>Resource Files</Filter>
    </None>
    <None Include="..\Resources\LineEndingLF.ico">
      <Filter>Resource Files</Filter>
    </None>
    <None Include="..\Resources\lineequal.ico">
      <Filter>Resource Files</Filter>
    </None>
    <None Include="..\Resources\linemarked.ico">
      <Filter>Resource Files</Filter>
    </None>
    <None Include="..\Resources\lineremoved.ico">
      <Filter>Resource Files</Filter>
    </None>
    <None Include="..\Resources\linewhitespace.ico">
      <Filter>Resource Files</Filter>
    </None>
    <None Include="..\Resources\Toolbar.bmp">
      <Filter>Resource Files</Filter>
    </None>
    <None Include="..\Resources\TortoiseMerge.ico">
      <Filter>Resource Files</Filter>
    </None>
    <None Include="..\Resources\TortoiseMerge.rc2">
      <Filter>Resource Files</Filter>
    </None>
    <None Include="..\Resources\tortoisemerge_logoflipped.bmp">
      <Filter>Resource Files</Filter>
    </None>
    <None Include="..\Resources\moved.ico">
      <Filter>Resource Files</Filter>
    </None>
    <None Include="..\Resources\Margin.cur">
      <Filter>Resource Files</Filter>
    </None>
    <None Include="..\Resources\ribbon\TortoiseMerge.png">
      <Filter>Resource Files</Filter>
    </None>
    <None Include="..\Resources\RegexFilter.ini">
      <Filter>Resource Files</Filter>
    </None>
    <None Include="..\Resources\ignorecomments.txt">
      <Filter>Resource Files</Filter>
    </None>
    <None Include="..\Resources\ttf_glyph.bmp">
      <Filter>Resource Files</Filter>
    </None>
  </ItemGroup>
  <ItemGroup>
    <ResourceCompile Include="..\Resources\TortoiseMergeENG.rc">
      <Filter>Resource Files</Filter>
    </ResourceCompile>
  </ItemGroup>
  <ItemGroup>
    <CustomBuild Include="..\Resources\TortoiseGitMergeRibbon.xml">
      <Filter>Resource Files</Filter>
    </CustomBuild>
  </ItemGroup>
  <ItemGroup>
    <Image Include="..\Resources\ribbon\Filter16.bmp">
      <Filter>Resource Files</Filter>
    </Image>
  </ItemGroup>
</Project>