
Microsoft Visual Studio Solution File, Format Version 12.00
# Visual Studio 15
VisualStudioVersion = 15.0.26228.4
MinimumVisualStudioVersion = 15.0.26228.4
Project("{2150E333-8FDC-42A3-9474-1A3956D46DE8}") = "TGit", "TGit", "{2CB340C3-B2ED-46F4-981E-847747E0A3BF}"
EndProject
Project("{2150E333-8FDC-42A3-9474-1A3956D46DE8}") = "TortoiseGitSetup", "TortoiseGitSetup", "{97449875-7B08-41B1-AF99-1EBE64AD7939}"
EndProject
Project("{2150E333-8FDC-42A3-9474-1A3956D46DE8}") = "ext", "ext", "{C4836DB1-8F21-4113-A9C4-CE7F5264C90C}"
EndProject
Project("{2150E333-8FDC-42A3-9474-1A3956D46DE8}") = "test", "test", "{84AFABE1-6139-457A-8645-F86D1F182E06}"
EndProject
Project("{2150E333-8FDC-42A3-9474-1A3956D46DE8}") = "Languages", "Languages", "{FB607AFD-DD1E-4C6D-8C34-BC00AF725037}"
EndProject
Project("{2150E333-8FDC-42A3-9474-1A3956D46DE8}") = "Crash-Server", "Crash-Server", "{9D948C1D-52C8-4BEC-B2BE-26BE9B25ACD1}"
EndProject
Project("{2150E333-8FDC-42A3-9474-1A3956D46DE8}") = "CommonLibs", "CommonLibs", "{BD66F94E-B546-4B80-A536-FAB2CB61A398}"
EndProject
Project("{2150E333-8FDC-42A3-9474-1A3956D46DE8}") = "CrashServerSDK", "CrashServerSDK", "{C8F4D789-D86F-4B0C-8C47-4B263027B1A6}"
EndProject
Project("{8BC9CEB8-8B4A-11D0-8D11-00A0C91BC942}") = "TortoiseGitProc", "TortoiseProc\TortoiseProc.vcxproj", "{50797F06-39C5-4802-8E2B-7B7A4EF03214}"
EndProject
Project("{8BC9CEB8-8B4A-11D0-8D11-00A0C91BC942}") = "TortoiseGitUDiff", "TortoiseUDiff\TortoiseUDiff.vcxproj", "{BC5A5F3B-E41A-4C56-B16F-263D2C6D6475}"
EndProject
Project("{8BC9CEB8-8B4A-11D0-8D11-00A0C91BC942}") = "TortoiseShell", "TortoiseShell\TortoiseShell.vcxproj", "{E873DD32-5A31-4DE1-8341-A56A2A5489EA}"
EndProject
Project("{8BC9CEB8-8B4A-11D0-8D11-00A0C91BC942}") = "hunspell", "..\ext\hunspell\hunspell.vcxproj", "{12E5B4AE-D7EF-4A57-A22D-6F9F9D8CE1FB}"
EndProject
Project("{8BC9CEB8-8B4A-11D0-8D11-00A0C91BC942}") = "ResizableLib", "..\ext\ResizableLib\ResizableLib.vcxproj", "{4BE529FB-C2F2-49F7-A897-054B955564CF}"
EndProject
Project("{8BC9CEB8-8B4A-11D0-8D11-00A0C91BC942}") = "SciLexer", "..\ext\build\ScintillaLexer.vcxproj", "{A5498556-CE09-4095-8335-08FC8370552D}"
EndProject
Project("{930C7802-8A8C-48F9-8165-68863BCCD9DD}") = "WixSetup", "TortoiseGitSetup\WixSetup.wixproj", "{150172A5-8D02-4C00-ABB5-BD99D4B16B4C}"
	ProjectSection(ProjectDependencies) = postProject
		{50797F06-39C5-4802-8E2B-7B7A4EF03214} = {50797F06-39C5-4802-8E2B-7B7A4EF03214}
		{84E07810-9AD4-4E0E-A7F7-FAD9A8CDFC7F} = {84E07810-9AD4-4E0E-A7F7-FAD9A8CDFC7F}
		{DB98402B-2CF6-4EC6-89F9-D19365EE8DE3} = {DB98402B-2CF6-4EC6-89F9-D19365EE8DE3}
		{62507C2F-9290-4342-910F-BFC44DF99B01} = {62507C2F-9290-4342-910F-BFC44DF99B01}
		{E873DD32-5A31-4DE1-8341-A56A2A5489EA} = {E873DD32-5A31-4DE1-8341-A56A2A5489EA}
		{BC5A5F3B-E41A-4C56-B16F-263D2C6D6475} = {BC5A5F3B-E41A-4C56-B16F-263D2C6D6475}
		{A5498556-CE09-4095-8335-08FC8370552D} = {A5498556-CE09-4095-8335-08FC8370552D}
		{2B4F366C-93BA-491E-87AF-5EF7B37F75F7} = {2B4F366C-93BA-491E-87AF-5EF7B37F75F7}
		{E8C01071-3B47-4A3F-9168-AA58A4635638} = {E8C01071-3B47-4A3F-9168-AA58A4635638}
		{BC62FB83-CFBB-4AE3-A60D-D73155AA33FA} = {BC62FB83-CFBB-4AE3-A60D-D73155AA33FA}
		{8ABB4F84-891A-4748-8507-F5494842173E} = {8ABB4F84-891A-4748-8507-F5494842173E}
		{4472028D-4ACF-474E-AA95-9B7E12B50F60} = {4472028D-4ACF-474E-AA95-9B7E12B50F60}
		{8E943F8F-ED43-42DB-A25B-C6356F01AAC7} = {8E943F8F-ED43-42DB-A25B-C6356F01AAC7}
		{5C6B6A95-2053-4593-9617-C4F176736D5A} = {5C6B6A95-2053-4593-9617-C4F176736D5A}
		{6D95829D-AE04-47A7-B66B-DC2F581DDF01} = {6D95829D-AE04-47A7-B66B-DC2F581DDF01}
		{6BD19BAE-4041-4E85-B576-AAC9D54CAAB9} = {6BD19BAE-4041-4E85-B576-AAC9D54CAAB9}
		{D3AFBFBE-5501-4077-B3B4-3D28BBCA8F20} = {D3AFBFBE-5501-4077-B3B4-3D28BBCA8F20}
		{454D5FCC-E25A-4B45-9CA2-01ABB0FA5181} = {454D5FCC-E25A-4B45-9CA2-01ABB0FA5181}
		{A00D2EDC-B4F5-4B41-94BA-13961DE5D296} = {A00D2EDC-B4F5-4B41-94BA-13961DE5D296}
		{1F29DBDD-7DFF-4178-98F0-9137636788BC} = {1F29DBDD-7DFF-4178-98F0-9137636788BC}
		{4F0A55DE-DAFD-4A0B-A03D-2C14CB77E08F} = {4F0A55DE-DAFD-4A0B-A03D-2C14CB77E08F}
		{E6D5CCE5-A4A9-43D3-88D2-6637365BF319} = {E6D5CCE5-A4A9-43D3-88D2-6637365BF319}
	EndProjectSection
EndProject
Project("{8BC9CEB8-8B4A-11D0-8D11-00A0C91BC942}") = "TGitCache", "TGitCache\TGitCache.vcxproj", "{A00D2EDC-B4F5-4B41-94BA-13961DE5D296}"
EndProject
Project("{8BC9CEB8-8B4A-11D0-8D11-00A0C91BC942}") = "TortoiseGitPlink", "TortoisePlink\Windows\MSVC\Plink\TortoisePlink.vcxproj", "{D3AFBFBE-5501-4077-B3B4-3D28BBCA8F20}"
EndProject
Project("{8BC9CEB8-8B4A-11D0-8D11-00A0C91BC942}") = "CustomActions", "TortoiseGitSetup\CustomActions\CustomActions.vcxproj", "{454D5FCC-E25A-4B45-9CA2-01ABB0FA5181}"
	ProjectSection(ProjectDependencies) = postProject
		{1BCD817A-4954-4EC2-AD5C-CC6D9AE3B699} = {1BCD817A-4954-4EC2-AD5C-CC6D9AE3B699}
	EndProjectSection
EndProject
Project("{8BC9CEB8-8B4A-11D0-8D11-00A0C91BC942}") = "TortoiseGitBlame", "TortoiseGitBlame\TortoiseGitBlame.vcxproj", "{62507C2F-9290-4342-910F-BFC44DF99B01}"
EndProject
Project("{8BC9CEB8-8B4A-11D0-8D11-00A0C91BC942}") = "IBugTraqProvider", "IBugTraqProvider\IBugTraqProvider.vcxproj", "{2C879469-DB8F-4BF0-B016-AE864D2A7BBC}"
EndProject
Project("{8BC9CEB8-8B4A-11D0-8D11-00A0C91BC942}") = "ResText", "ResText\ResText.vcxproj", "{72EFB681-1397-4193-BBF9-CA05AC52B75D}"
EndProject
Project("{8BC9CEB8-8B4A-11D0-8D11-00A0C91BC942}") = "TortoiseProcLang", "TortoiseProc\TortoiseProcLang.vcxproj", "{1B3C273E-6DDF-4FBE-BA31-F9F39C6DAC99}"
EndProject
Project("{8BC9CEB8-8B4A-11D0-8D11-00A0C91BC942}") = "TortoiseLangs", "..\Languages\TortoiseLang.vcxproj", "{EC88E7EC-3074-4841-BA45-B938D098EFF6}"
	ProjectSection(ProjectDependencies) = postProject
		{2643919E-D024-440B-9817-1B2DF5FE4603} = {2643919E-D024-440B-9817-1B2DF5FE4603}
	EndProjectSection
EndProject
Project("{8BC9CEB8-8B4A-11D0-8D11-00A0C91BC942}") = "SshAskPass", "SshAskPass\SshAskPass.vcxproj", "{E8C01071-3B47-4A3F-9168-AA58A4635638}"
EndProject
Project("{8BC9CEB8-8B4A-11D0-8D11-00A0C91BC942}") = "TortoiseGitMerge", "TortoiseMerge\TortoiseMerge.vcxproj", "{8ABB4F84-891A-4748-8507-F5494842173E}"
	ProjectSection(ProjectDependencies) = postProject
		{DA843306-3D6D-4198-890E-25E6177E01C3} = {DA843306-3D6D-4198-890E-25E6177E01C3}
		{5C6B6A95-2053-4593-9617-C4F176736D5A} = {5C6B6A95-2053-4593-9617-C4F176736D5A}
	EndProjectSection
EndProject
Project("{8BC9CEB8-8B4A-11D0-8D11-00A0C91BC942}") = "libapr", "..\ext\build\libapr.vcxproj", "{4472028D-4ACF-474E-AA95-9B7E12B50F60}"
EndProject
Project("{8BC9CEB8-8B4A-11D0-8D11-00A0C91BC942}") = "libaprutil", "..\ext\build\libaprutil.vcxproj", "{6BD19BAE-4041-4E85-B576-AAC9D54CAAB9}"
EndProject
Project("{8BC9CEB8-8B4A-11D0-8D11-00A0C91BC942}") = "TortoiseGitIDiff", "TortoiseIDiff\TortoiseIDiff.vcxproj", "{6D95829D-AE04-47A7-B66B-DC2F581DDF01}"
EndProject
Project("{8BC9CEB8-8B4A-11D0-8D11-00A0C91BC942}") = "zlib", "..\ext\build\zlib.vcxproj", "{5C6B6A95-2053-4593-9617-C4F176736D5A}"
EndProject
Project("{8BC9CEB8-8B4A-11D0-8D11-00A0C91BC942}") = "libgit", "..\ext\build\libgit.vcxproj", "{F6DEC8C3-B803-4A86-8848-430F08B499E3}"
EndProject
Project("{8BC9CEB8-8B4A-11D0-8D11-00A0C91BC942}") = "gitdll", "..\ext\gitdll\gitdll.vcxproj", "{4F0A55DE-DAFD-4A0B-A03D-2C14CB77E08F}"
EndProject
Project("{8BC9CEB8-8B4A-11D0-8D11-00A0C91BC942}") = "Cache", "..\test\Cache\Cache.vcxproj", "{948733DE-FC5A-46C2-8CD6-429017508D63}"
EndProject
Project("{8BC9CEB8-8B4A-11D0-8D11-00A0C91BC942}") = "tgittouch", "touch\touch.vcxproj", "{84E07810-9AD4-4E0E-A7F7-FAD9A8CDFC7F}"
EndProject
Project("{8BC9CEB8-8B4A-11D0-8D11-00A0C91BC942}") = "libgit2", "..\ext\build\libgit2.vcxproj", "{2B4F366C-93BA-491E-87AF-5EF7B37F75F7}"
EndProject
Project("{8BC9CEB8-8B4A-11D0-8D11-00A0C91BC942}") = "TortoiseMergeLang", "TortoiseMerge\TortoiseMergeLang.vcxproj", "{1B3C273E-6DDF-4FBE-BA31-FCF39C6DBCF9}"
EndProject
Project("{8BC9CEB8-8B4A-11D0-8D11-00A0C91BC942}") = "TortoiseIDiffLang", "TortoiseIDiff\TortoiseIDiffLang.vcxproj", "{56016512-D578-46FD-85E0-9EDCD37433AC}"
EndProject
Project("{8BC9CEB8-8B4A-11D0-8D11-00A0C91BC942}") = "TortoiseGitBlameLang", "TortoiseGitBlame\TortoiseGitBlameLang.vcxproj", "{4C8C72BE-FE20-4A92-A592-0D44ED849B1C}"
EndProject
Project("{930C7802-8A8C-48F9-8165-68863BCCD9DD}") = "Lang_zh_CN", "..\Languages\Lang_zh_CN.wixproj", "{B0E79916-B2B5-464D-AB25-8269B0F40F4A}"
	ProjectSection(ProjectDependencies) = postProject
		{454D5FCC-E25A-4B45-9CA2-01ABB0FA5181} = {454D5FCC-E25A-4B45-9CA2-01ABB0FA5181}
		{EC88E7EC-3074-4841-BA45-B938D098EFF6} = {EC88E7EC-3074-4841-BA45-B938D098EFF6}
	EndProjectSection
EndProject
Project("{930C7802-8A8C-48F9-8165-68863BCCD9DD}") = "Lang_de", "..\Languages\Lang_de.wixproj", "{913B23F9-1138-4D39-947C-EDC5A59D3719}"
	ProjectSection(ProjectDependencies) = postProject
		{454D5FCC-E25A-4B45-9CA2-01ABB0FA5181} = {454D5FCC-E25A-4B45-9CA2-01ABB0FA5181}
		{EC88E7EC-3074-4841-BA45-B938D098EFF6} = {EC88E7EC-3074-4841-BA45-B938D098EFF6}
	EndProjectSection
EndProject
Project("{930C7802-8A8C-48F9-8165-68863BCCD9DD}") = "Lang_fr", "..\Languages\Lang_fr.wixproj", "{49B7A382-660B-4BF2-97FC-5D3D52741789}"
	ProjectSection(ProjectDependencies) = postProject
		{454D5FCC-E25A-4B45-9CA2-01ABB0FA5181} = {454D5FCC-E25A-4B45-9CA2-01ABB0FA5181}
		{EC88E7EC-3074-4841-BA45-B938D098EFF6} = {EC88E7EC-3074-4841-BA45-B938D098EFF6}
	EndProjectSection
EndProject
Project("{930C7802-8A8C-48F9-8165-68863BCCD9DD}") = "Lang_ru", "..\Languages\Lang_ru.wixproj", "{568C0F10-4558-4291-8698-CB9AEF819B04}"
	ProjectSection(ProjectDependencies) = postProject
		{454D5FCC-E25A-4B45-9CA2-01ABB0FA5181} = {454D5FCC-E25A-4B45-9CA2-01ABB0FA5181}
		{EC88E7EC-3074-4841-BA45-B938D098EFF6} = {EC88E7EC-3074-4841-BA45-B938D098EFF6}
	EndProjectSection
EndProject
Project("{930C7802-8A8C-48F9-8165-68863BCCD9DD}") = "Lang_zh_TW", "..\Languages\Lang_zh_TW.wixproj", "{4E8ACC21-A321-478F-8D55-C5440F41203F}"
	ProjectSection(ProjectDependencies) = postProject
		{454D5FCC-E25A-4B45-9CA2-01ABB0FA5181} = {454D5FCC-E25A-4B45-9CA2-01ABB0FA5181}
		{EC88E7EC-3074-4841-BA45-B938D098EFF6} = {EC88E7EC-3074-4841-BA45-B938D098EFF6}
	EndProjectSection
EndProject
Project("{930C7802-8A8C-48F9-8165-68863BCCD9DD}") = "Lang_pt_BR", "..\Languages\Lang_pt_BR.wixproj", "{B9C725A7-9727-48B2-86E5-F905F6C2B9E6}"
	ProjectSection(ProjectDependencies) = postProject
		{454D5FCC-E25A-4B45-9CA2-01ABB0FA5181} = {454D5FCC-E25A-4B45-9CA2-01ABB0FA5181}
		{EC88E7EC-3074-4841-BA45-B938D098EFF6} = {EC88E7EC-3074-4841-BA45-B938D098EFF6}
	EndProjectSection
EndProject
Project("{930C7802-8A8C-48F9-8165-68863BCCD9DD}") = "Lang_es", "..\Languages\Lang_es.wixproj", "{AD35E207-3793-4A26-82A2-520D7C3C71BB}"
	ProjectSection(ProjectDependencies) = postProject
		{454D5FCC-E25A-4B45-9CA2-01ABB0FA5181} = {454D5FCC-E25A-4B45-9CA2-01ABB0FA5181}
		{EC88E7EC-3074-4841-BA45-B938D098EFF6} = {EC88E7EC-3074-4841-BA45-B938D098EFF6}
	EndProjectSection
EndProject
Project("{8BC9CEB8-8B4A-11D0-8D11-00A0C91BC942}") = "Zlib_static", "..\ext\CrashServer\CommonLibs\Zlib\Zlib.vcxproj", "{D0D57CA2-A972-47FE-92C8-63A3CAAF0E93}"
EndProject
Project("{8BC9CEB8-8B4A-11D0-8D11-00A0C91BC942}") = "DumpUploaderServiceLib", "..\ext\CrashServer\CrashHandler\DumpUploaderServiceLib\DumpUploaderServiceLib.vcxproj", "{1912DDA2-E7B9-437F-BA8E-DA2C1C2D79FA}"
EndProject
Project("{8BC9CEB8-8B4A-11D0-8D11-00A0C91BC942}") = "SendRpt", "..\ext\CrashServer\CrashHandler\SendRpt\SendRpt.vcxproj", "{BC62FB83-CFBB-4AE3-A60D-D73155AA33FA}"
EndProject
Project("{8BC9CEB8-8B4A-11D0-8D11-00A0C91BC942}") = "CrashHandler", "..\ext\CrashServer\CrashHandler\CrashHandler\CrashHandler.vcxproj", "{8E943F8F-ED43-42DB-A25B-C6356F01AAC7}"
EndProject
Project("{930C7802-8A8C-48F9-8165-68863BCCD9DD}") = "Lang_ja", "..\Languages\Lang_ja.wixproj", "{2DA02430-FD59-4EE7-B8B1-E501FF390656}"
	ProjectSection(ProjectDependencies) = postProject
		{454D5FCC-E25A-4B45-9CA2-01ABB0FA5181} = {454D5FCC-E25A-4B45-9CA2-01ABB0FA5181}
		{EC88E7EC-3074-4841-BA45-B938D098EFF6} = {EC88E7EC-3074-4841-BA45-B938D098EFF6}
	EndProjectSection
EndProject
Project("{930C7802-8A8C-48F9-8165-68863BCCD9DD}") = "Lang_tr", "..\Languages\Lang_tr.wixproj", "{DD9A2398-7A47-48C4-9601-89856128AAC9}"
	ProjectSection(ProjectDependencies) = postProject
		{454D5FCC-E25A-4B45-9CA2-01ABB0FA5181} = {454D5FCC-E25A-4B45-9CA2-01ABB0FA5181}
		{EC88E7EC-3074-4841-BA45-B938D098EFF6} = {EC88E7EC-3074-4841-BA45-B938D098EFF6}
	EndProjectSection
EndProject
Project("{930C7802-8A8C-48F9-8165-68863BCCD9DD}") = "Lang_cs", "..\Languages\Lang_cs.wixproj", "{D83CB1C3-3DB4-4760-BBB7-618198180D5B}"
	ProjectSection(ProjectDependencies) = postProject
		{454D5FCC-E25A-4B45-9CA2-01ABB0FA5181} = {454D5FCC-E25A-4B45-9CA2-01ABB0FA5181}
		{EC88E7EC-3074-4841-BA45-B938D098EFF6} = {EC88E7EC-3074-4841-BA45-B938D098EFF6}
	EndProjectSection
EndProject
Project("{8BC9CEB8-8B4A-11D0-8D11-00A0C91BC942}") = "TortoiseGitStub", "TortoiseShell\TortoiseStub.vcxproj", "{DB98402B-2CF6-4EC6-89F9-D19365EE8DE3}"
EndProject
Project("{930C7802-8A8C-48F9-8165-68863BCCD9DD}") = "Lang_pl", "..\Languages\Lang_pl.wixproj", "{7A9B0E43-A97C-4771-BE30-1E7D128BAB52}"
	ProjectSection(ProjectDependencies) = postProject
		{454D5FCC-E25A-4B45-9CA2-01ABB0FA5181} = {454D5FCC-E25A-4B45-9CA2-01ABB0FA5181}
		{EC88E7EC-3074-4841-BA45-B938D098EFF6} = {EC88E7EC-3074-4841-BA45-B938D098EFF6}
	EndProjectSection
EndProject
Project("{930C7802-8A8C-48F9-8165-68863BCCD9DD}") = "Lang_sv", "..\Languages\Lang_sv.wixproj", "{1A015A9A-20FA-4E65-828A-B1BFB7190178}"
	ProjectSection(ProjectDependencies) = postProject
		{454D5FCC-E25A-4B45-9CA2-01ABB0FA5181} = {454D5FCC-E25A-4B45-9CA2-01ABB0FA5181}
		{EC88E7EC-3074-4841-BA45-B938D098EFF6} = {EC88E7EC-3074-4841-BA45-B938D098EFF6}
	EndProjectSection
EndProject
Project("{8BC9CEB8-8B4A-11D0-8D11-00A0C91BC942}") = "ogdf", "..\ext\build\ogdf.vcxproj", "{7801D1BE-E2FE-476B-A4B4-5D27F387F479}"
EndProject
Project("{8BC9CEB8-8B4A-11D0-8D11-00A0C91BC942}") = "AsyncFramework", "AsyncFramework\AsyncFramework.vcxproj", "{98E4E6D3-0EF6-4570-A29E-274DACF3B784}"
EndProject
Project("{2150E333-8FDC-42A3-9474-1A3956D46DE8}") = "TGitMerge", "TGitMerge", "{586BCCB7-619B-4F83-A07B-596F04E5A3E7}"
EndProject
Project("{930C7802-8A8C-48F9-8165-68863BCCD9DD}") = "Lang_nl", "..\Languages\Lang_nl.wixproj", "{C3774955-ADE4-4CF0-92A2-71383C29CECE}"
	ProjectSection(ProjectDependencies) = postProject
		{454D5FCC-E25A-4B45-9CA2-01ABB0FA5181} = {454D5FCC-E25A-4B45-9CA2-01ABB0FA5181}
		{EC88E7EC-3074-4841-BA45-B938D098EFF6} = {EC88E7EC-3074-4841-BA45-B938D098EFF6}
	EndProjectSection
EndProject
Project("{930C7802-8A8C-48F9-8165-68863BCCD9DD}") = "Lang_bg", "..\Languages\Lang_bg.wixproj", "{3796A881-6668-41C7-88AE-005BB8DC6A8E}"
	ProjectSection(ProjectDependencies) = postProject
		{454D5FCC-E25A-4B45-9CA2-01ABB0FA5181} = {454D5FCC-E25A-4B45-9CA2-01ABB0FA5181}
		{EC88E7EC-3074-4841-BA45-B938D098EFF6} = {EC88E7EC-3074-4841-BA45-B938D098EFF6}
	EndProjectSection
EndProject
Project("{930C7802-8A8C-48F9-8165-68863BCCD9DD}") = "Lang_ko", "..\Languages\Lang_ko.wixproj", "{CE012F99-AA82-462C-8F7C-F8A946EAF4AE}"
	ProjectSection(ProjectDependencies) = postProject
		{454D5FCC-E25A-4B45-9CA2-01ABB0FA5181} = {454D5FCC-E25A-4B45-9CA2-01ABB0FA5181}
		{EC88E7EC-3074-4841-BA45-B938D098EFF6} = {EC88E7EC-3074-4841-BA45-B938D098EFF6}
	EndProjectSection
EndProject
Project("{930C7802-8A8C-48F9-8165-68863BCCD9DD}") = "Lang_ro", "..\Languages\Lang_ro.wixproj", "{701B5859-6F9D-451F-B30F-B9CBDBAB4C74}"
	ProjectSection(ProjectDependencies) = postProject
		{454D5FCC-E25A-4B45-9CA2-01ABB0FA5181} = {454D5FCC-E25A-4B45-9CA2-01ABB0FA5181}
		{EC88E7EC-3074-4841-BA45-B938D098EFF6} = {EC88E7EC-3074-4841-BA45-B938D098EFF6}
	EndProjectSection
EndProject
Project("{930C7802-8A8C-48F9-8165-68863BCCD9DD}") = "Lang_it", "..\Languages\Lang_it.wixproj", "{BDBF2BDF-5215-40CB-A06D-877833787A8D}"
	ProjectSection(ProjectDependencies) = postProject
		{454D5FCC-E25A-4B45-9CA2-01ABB0FA5181} = {454D5FCC-E25A-4B45-9CA2-01ABB0FA5181}
		{EC88E7EC-3074-4841-BA45-B938D098EFF6} = {EC88E7EC-3074-4841-BA45-B938D098EFF6}
	EndProjectSection
EndProject
Project("{930C7802-8A8C-48F9-8165-68863BCCD9DD}") = "Lang_pt_PT", "..\Languages\Lang_pt_PT.wixproj", "{6E1E2566-FAD3-4D07-9D81-7EEF112AF495}"
	ProjectSection(ProjectDependencies) = postProject
		{454D5FCC-E25A-4B45-9CA2-01ABB0FA5181} = {454D5FCC-E25A-4B45-9CA2-01ABB0FA5181}
		{EC88E7EC-3074-4841-BA45-B938D098EFF6} = {EC88E7EC-3074-4841-BA45-B938D098EFF6}
	EndProjectSection
EndProject
Project("{930C7802-8A8C-48F9-8165-68863BCCD9DD}") = "Lang_hu", "..\Languages\Lang_hu.wixproj", "{5DA76789-4B2A-45D1-8E3A-81253245C71E}"
	ProjectSection(ProjectDependencies) = postProject
		{454D5FCC-E25A-4B45-9CA2-01ABB0FA5181} = {454D5FCC-E25A-4B45-9CA2-01ABB0FA5181}
		{EC88E7EC-3074-4841-BA45-B938D098EFF6} = {EC88E7EC-3074-4841-BA45-B938D098EFF6}
	EndProjectSection
EndProject
Project("{930C7802-8A8C-48F9-8165-68863BCCD9DD}") = "Lang_sr-latin", "..\Languages\Lang_sr-latin.wixproj", "{7F23743B-E9E6-4DDB-97DE-74A889176808}"
	ProjectSection(ProjectDependencies) = postProject
		{454D5FCC-E25A-4B45-9CA2-01ABB0FA5181} = {454D5FCC-E25A-4B45-9CA2-01ABB0FA5181}
		{EC88E7EC-3074-4841-BA45-B938D098EFF6} = {EC88E7EC-3074-4841-BA45-B938D098EFF6}
	EndProjectSection
EndProject
Project("{930C7802-8A8C-48F9-8165-68863BCCD9DD}") = "Lang_ca", "..\Languages\Lang_ca.wixproj", "{9A0C8658-7F12-4C71-8BBE-CCF9C23B2EAA}"
	ProjectSection(ProjectDependencies) = postProject
		{454D5FCC-E25A-4B45-9CA2-01ABB0FA5181} = {454D5FCC-E25A-4B45-9CA2-01ABB0FA5181}
		{EC88E7EC-3074-4841-BA45-B938D098EFF6} = {EC88E7EC-3074-4841-BA45-B938D098EFF6}
	EndProjectSection
EndProject
Project("{930C7802-8A8C-48F9-8165-68863BCCD9DD}") = "Lang_vi", "..\Languages\Lang_vi.wixproj", "{9A6767C9-DA46-4B6C-B899-4F0DEFBA181B}"
	ProjectSection(ProjectDependencies) = postProject
		{454D5FCC-E25A-4B45-9CA2-01ABB0FA5181} = {454D5FCC-E25A-4B45-9CA2-01ABB0FA5181}
		{EC88E7EC-3074-4841-BA45-B938D098EFF6} = {EC88E7EC-3074-4841-BA45-B938D098EFF6}
	EndProjectSection
EndProject
Project("{930C7802-8A8C-48F9-8165-68863BCCD9DD}") = "Lang_id", "..\Languages\Lang_id.wixproj", "{925C4E4C-D427-4051-86AE-A5B1149AACB3}"
	ProjectSection(ProjectDependencies) = postProject
		{454D5FCC-E25A-4B45-9CA2-01ABB0FA5181} = {454D5FCC-E25A-4B45-9CA2-01ABB0FA5181}
		{EC88E7EC-3074-4841-BA45-B938D098EFF6} = {EC88E7EC-3074-4841-BA45-B938D098EFF6}
	EndProjectSection
EndProject
Project("{930C7802-8A8C-48F9-8165-68863BCCD9DD}") = "Lang_sk", "..\Languages\Lang_sk.wixproj", "{A67687EC-297B-4FDD-8240-F4C64D9A8FB6}"
	ProjectSection(ProjectDependencies) = postProject
		{454D5FCC-E25A-4B45-9CA2-01ABB0FA5181} = {454D5FCC-E25A-4B45-9CA2-01ABB0FA5181}
		{EC88E7EC-3074-4841-BA45-B938D098EFF6} = {EC88E7EC-3074-4841-BA45-B938D098EFF6}
	EndProjectSection
EndProject
Project("{8BC9CEB8-8B4A-11D0-8D11-00A0C91BC942}") = "editorconfig", "..\ext\build\editorconfig.vcxproj", "{DA843306-3D6D-4198-890E-25E6177E01C3}"
EndProject
Project("{8BC9CEB8-8B4A-11D0-8D11-00A0C91BC942}") = "pcre2", "..\ext\build\pcre2.vcxproj", "{E37F4CE6-D512-4D71-AA02-33422C92FCE0}"
EndProject
Project("{8BC9CEB8-8B4A-11D0-8D11-00A0C91BC942}") = "UnitTests", "..\test\UnitTests\UnitTests.vcxproj", "{20988578-4A14-441C-886F-61F2B9307D44}"
EndProject
Project("{8BC9CEB8-8B4A-11D0-8D11-00A0C91BC942}") = "googletest", "..\ext\build\googletest.vcxproj", "{C8F6C172-56F2-4E76-B5FA-C3B423B31BE8}"
EndProject
Project("{8BC9CEB8-8B4A-11D0-8D11-00A0C91BC942}") = "TortoiseGitUDiffLang", "TortoiseUDiff\TortoiseUDiffLang.vcxproj", "{2643919E-D024-440B-9817-1B2DF5FE4603}"
EndProject
Project("{930C7802-8A8C-48F9-8165-68863BCCD9DD}") = "Lang_uk", "..\Languages\Lang_uk.wixproj", "{7111D39D-2E5B-4F1A-9F81-6438EBBBEF07}"
	ProjectSection(ProjectDependencies) = postProject
		{454D5FCC-E25A-4B45-9CA2-01ABB0FA5181} = {454D5FCC-E25A-4B45-9CA2-01ABB0FA5181}
		{EC88E7EC-3074-4841-BA45-B938D098EFF6} = {EC88E7EC-3074-4841-BA45-B938D098EFF6}
	EndProjectSection
EndProject
Project("{8BC9CEB8-8B4A-11D0-8D11-00A0C91BC942}") = "TortoisePot", "..\Languages\TortoisePot.vcxproj", "{F44FFF49-8CEB-40EA-8D8B-5AF6F012314D}"
EndProject
Project("{930C7802-8A8C-48F9-8165-68863BCCD9DD}") = "Lang_fi", "..\Languages\Lang_fi.wixproj", "{4236AEBE-79DF-40AD-8243-8228935F243D}"
	ProjectSection(ProjectDependencies) = postProject
		{454D5FCC-E25A-4B45-9CA2-01ABB0FA5181} = {454D5FCC-E25A-4B45-9CA2-01ABB0FA5181}
		{EC88E7EC-3074-4841-BA45-B938D098EFF6} = {EC88E7EC-3074-4841-BA45-B938D098EFF6}
	EndProjectSection
EndProject
Project("{930C7802-8A8C-48F9-8165-68863BCCD9DD}") = "Lang_da", "..\Languages\Lang_da.wixproj", "{46132EB4-193D-43F1-8702-A1B49B7CC404}"
	ProjectSection(ProjectDependencies) = postProject
		{454D5FCC-E25A-4B45-9CA2-01ABB0FA5181} = {454D5FCC-E25A-4B45-9CA2-01ABB0FA5181}
		{EC88E7EC-3074-4841-BA45-B938D098EFF6} = {EC88E7EC-3074-4841-BA45-B938D098EFF6}
	EndProjectSection
EndProject
Project("{930C7802-8A8C-48F9-8165-68863BCCD9DD}") = "Lang_fa", "..\Languages\Lang_fa.wixproj", "{FAF866CE-31FE-44BA-9B2B-9A6FA85778A0}"
	ProjectSection(ProjectDependencies) = postProject
		{454D5FCC-E25A-4B45-9CA2-01ABB0FA5181} = {454D5FCC-E25A-4B45-9CA2-01ABB0FA5181}
		{EC88E7EC-3074-4841-BA45-B938D098EFF6} = {EC88E7EC-3074-4841-BA45-B938D098EFF6}
	EndProjectSection
EndProject
Project("{8BC9CEB8-8B4A-11D0-8D11-00A0C91BC942}") = "RestartExplorer", "TortoiseGitSetup\RestartExplorer\RestartExplorer.vcxproj", "{1BCD817A-4954-4EC2-AD5C-CC6D9AE3B699}"
EndProject
Project("{8BC9CEB8-8B4A-11D0-8D11-00A0C91BC942}") = "GitWCRev", "GitWCRev\GitWCRev.vcxproj", "{1F29DBDD-7DFF-4178-98F0-9137636788BC}"
EndProject
Project("{8BC9CEB8-8B4A-11D0-8D11-00A0C91BC942}") = "GitWCRevCOM", "GitWCRev\GitWCRevCOM.vcxproj", "{E6D5CCE5-A4A9-43D3-88D2-6637365BF319}"
EndProject
Project("{930C7802-8A8C-48F9-8165-68863BCCD9DD}") = "Lang_el", "..\Languages\Lang_el.wixproj", "{2FDE51B5-1F3C-48C4-A6A0-2E26853D7FF3}"
	ProjectSection(ProjectDependencies) = postProject
		{454D5FCC-E25A-4B45-9CA2-01ABB0FA5181} = {454D5FCC-E25A-4B45-9CA2-01ABB0FA5181}
		{EC88E7EC-3074-4841-BA45-B938D098EFF6} = {EC88E7EC-3074-4841-BA45-B938D098EFF6}
	EndProjectSection
EndProject
Project("{930C7802-8A8C-48F9-8165-68863BCCD9DD}") = "Lang_oc", "..\Languages\Lang_oc.wixproj", "{F0535D2A-81A3-4E4B-A010-B8B1A2765DB8}"
	ProjectSection(ProjectDependencies) = postProject
		{454D5FCC-E25A-4B45-9CA2-01ABB0FA5181} = {454D5FCC-E25A-4B45-9CA2-01ABB0FA5181}
		{EC88E7EC-3074-4841-BA45-B938D098EFF6} = {EC88E7EC-3074-4841-BA45-B938D098EFF6}
	EndProjectSection
EndProject
Global
	GlobalSection(SolutionConfigurationPlatforms) = preSolution
		Debug|Win32 = Debug|Win32
		Debug|x64 = Debug|x64
		Release|Win32 = Release|Win32
		Release|x64 = Release|x64
		TortoisePot-Debug|Win32 = TortoisePot-Debug|Win32
		TortoisePot-Debug|x64 = TortoisePot-Debug|x64
		TortoisePot-Release|Win32 = TortoisePot-Release|Win32
		TortoisePot-Release|x64 = TortoisePot-Release|x64
	EndGlobalSection
	GlobalSection(ProjectConfigurationPlatforms) = postSolution
		{50797F06-39C5-4802-8E2B-7B7A4EF03214}.Debug|Win32.ActiveCfg = Debug|Win32
		{50797F06-39C5-4802-8E2B-7B7A4EF03214}.Debug|Win32.Build.0 = Debug|Win32
		{50797F06-39C5-4802-8E2B-7B7A4EF03214}.Debug|x64.ActiveCfg = Debug|x64
		{50797F06-39C5-4802-8E2B-7B7A4EF03214}.Debug|x64.Build.0 = Debug|x64
		{50797F06-39C5-4802-8E2B-7B7A4EF03214}.Release|Win32.ActiveCfg = Release|Win32
		{50797F06-39C5-4802-8E2B-7B7A4EF03214}.Release|Win32.Build.0 = Release|Win32
		{50797F06-39C5-4802-8E2B-7B7A4EF03214}.Release|x64.ActiveCfg = Release|x64
		{50797F06-39C5-4802-8E2B-7B7A4EF03214}.Release|x64.Build.0 = Release|x64
		{50797F06-39C5-4802-8E2B-7B7A4EF03214}.TortoisePot-Debug|Win32.ActiveCfg = Debug|Win32
		{50797F06-39C5-4802-8E2B-7B7A4EF03214}.TortoisePot-Debug|x64.ActiveCfg = Debug|x64
		{50797F06-39C5-4802-8E2B-7B7A4EF03214}.TortoisePot-Release|Win32.ActiveCfg = Release|Win32
		{50797F06-39C5-4802-8E2B-7B7A4EF03214}.TortoisePot-Release|x64.ActiveCfg = Release|x64
		{BC5A5F3B-E41A-4C56-B16F-263D2C6D6475}.Debug|Win32.ActiveCfg = Debug|Win32
		{BC5A5F3B-E41A-4C56-B16F-263D2C6D6475}.Debug|Win32.Build.0 = Debug|Win32
		{BC5A5F3B-E41A-4C56-B16F-263D2C6D6475}.Debug|x64.ActiveCfg = Debug|x64
		{BC5A5F3B-E41A-4C56-B16F-263D2C6D6475}.Debug|x64.Build.0 = Debug|x64
		{BC5A5F3B-E41A-4C56-B16F-263D2C6D6475}.Release|Win32.ActiveCfg = Release|Win32
		{BC5A5F3B-E41A-4C56-B16F-263D2C6D6475}.Release|Win32.Build.0 = Release|Win32
		{BC5A5F3B-E41A-4C56-B16F-263D2C6D6475}.Release|x64.ActiveCfg = Release|x64
		{BC5A5F3B-E41A-4C56-B16F-263D2C6D6475}.Release|x64.Build.0 = Release|x64
		{BC5A5F3B-E41A-4C56-B16F-263D2C6D6475}.TortoisePot-Debug|Win32.ActiveCfg = Debug|Win32
		{BC5A5F3B-E41A-4C56-B16F-263D2C6D6475}.TortoisePot-Debug|x64.ActiveCfg = Debug|x64
		{BC5A5F3B-E41A-4C56-B16F-263D2C6D6475}.TortoisePot-Release|Win32.ActiveCfg = Release|Win32
		{BC5A5F3B-E41A-4C56-B16F-263D2C6D6475}.TortoisePot-Release|x64.ActiveCfg = Release|x64
		{E873DD32-5A31-4DE1-8341-A56A2A5489EA}.Debug|Win32.ActiveCfg = Debug|Win32
		{E873DD32-5A31-4DE1-8341-A56A2A5489EA}.Debug|Win32.Build.0 = Debug|Win32
		{E873DD32-5A31-4DE1-8341-A56A2A5489EA}.Debug|x64.ActiveCfg = Debug|x64
		{E873DD32-5A31-4DE1-8341-A56A2A5489EA}.Debug|x64.Build.0 = Debug|x64
		{E873DD32-5A31-4DE1-8341-A56A2A5489EA}.Release|Win32.ActiveCfg = Release|Win32
		{E873DD32-5A31-4DE1-8341-A56A2A5489EA}.Release|Win32.Build.0 = Release|Win32
		{E873DD32-5A31-4DE1-8341-A56A2A5489EA}.Release|x64.ActiveCfg = Release|x64
		{E873DD32-5A31-4DE1-8341-A56A2A5489EA}.Release|x64.Build.0 = Release|x64
		{E873DD32-5A31-4DE1-8341-A56A2A5489EA}.TortoisePot-Debug|Win32.ActiveCfg = Debug|Win32
		{E873DD32-5A31-4DE1-8341-A56A2A5489EA}.TortoisePot-Debug|x64.ActiveCfg = Debug|x64
		{E873DD32-5A31-4DE1-8341-A56A2A5489EA}.TortoisePot-Release|Win32.ActiveCfg = Release|Win32
		{E873DD32-5A31-4DE1-8341-A56A2A5489EA}.TortoisePot-Release|x64.ActiveCfg = Release|x64
		{12E5B4AE-D7EF-4A57-A22D-6F9F9D8CE1FB}.Debug|Win32.ActiveCfg = Debug|Win32
		{12E5B4AE-D7EF-4A57-A22D-6F9F9D8CE1FB}.Debug|Win32.Build.0 = Debug|Win32
		{12E5B4AE-D7EF-4A57-A22D-6F9F9D8CE1FB}.Debug|x64.ActiveCfg = Debug|x64
		{12E5B4AE-D7EF-4A57-A22D-6F9F9D8CE1FB}.Debug|x64.Build.0 = Debug|x64
		{12E5B4AE-D7EF-4A57-A22D-6F9F9D8CE1FB}.Release|Win32.ActiveCfg = Release|Win32
		{12E5B4AE-D7EF-4A57-A22D-6F9F9D8CE1FB}.Release|Win32.Build.0 = Release|Win32
		{12E5B4AE-D7EF-4A57-A22D-6F9F9D8CE1FB}.Release|x64.ActiveCfg = Release|x64
		{12E5B4AE-D7EF-4A57-A22D-6F9F9D8CE1FB}.Release|x64.Build.0 = Release|x64
		{12E5B4AE-D7EF-4A57-A22D-6F9F9D8CE1FB}.TortoisePot-Debug|Win32.ActiveCfg = Debug|Win32
		{12E5B4AE-D7EF-4A57-A22D-6F9F9D8CE1FB}.TortoisePot-Debug|x64.ActiveCfg = Debug|x64
		{12E5B4AE-D7EF-4A57-A22D-6F9F9D8CE1FB}.TortoisePot-Release|Win32.ActiveCfg = Release|Win32
		{12E5B4AE-D7EF-4A57-A22D-6F9F9D8CE1FB}.TortoisePot-Release|x64.ActiveCfg = Release|x64
		{4BE529FB-C2F2-49F7-A897-054B955564CF}.Debug|Win32.ActiveCfg = Debug|Win32
		{4BE529FB-C2F2-49F7-A897-054B955564CF}.Debug|Win32.Build.0 = Debug|Win32
		{4BE529FB-C2F2-49F7-A897-054B955564CF}.Debug|x64.ActiveCfg = Debug|x64
		{4BE529FB-C2F2-49F7-A897-054B955564CF}.Debug|x64.Build.0 = Debug|x64
		{4BE529FB-C2F2-49F7-A897-054B955564CF}.Release|Win32.ActiveCfg = Release|Win32
		{4BE529FB-C2F2-49F7-A897-054B955564CF}.Release|Win32.Build.0 = Release|Win32
		{4BE529FB-C2F2-49F7-A897-054B955564CF}.Release|x64.ActiveCfg = Release|x64
		{4BE529FB-C2F2-49F7-A897-054B955564CF}.Release|x64.Build.0 = Release|x64
		{4BE529FB-C2F2-49F7-A897-054B955564CF}.TortoisePot-Debug|Win32.ActiveCfg = Debug|Win32
		{4BE529FB-C2F2-49F7-A897-054B955564CF}.TortoisePot-Debug|x64.ActiveCfg = Debug|x64
		{4BE529FB-C2F2-49F7-A897-054B955564CF}.TortoisePot-Release|Win32.ActiveCfg = Release|Win32
		{4BE529FB-C2F2-49F7-A897-054B955564CF}.TortoisePot-Release|x64.ActiveCfg = Release|x64
		{A5498556-CE09-4095-8335-08FC8370552D}.Debug|Win32.ActiveCfg = Debug|Win32
		{A5498556-CE09-4095-8335-08FC8370552D}.Debug|Win32.Build.0 = Debug|Win32
		{A5498556-CE09-4095-8335-08FC8370552D}.Debug|x64.ActiveCfg = Debug|x64
		{A5498556-CE09-4095-8335-08FC8370552D}.Debug|x64.Build.0 = Debug|x64
		{A5498556-CE09-4095-8335-08FC8370552D}.Release|Win32.ActiveCfg = Release|Win32
		{A5498556-CE09-4095-8335-08FC8370552D}.Release|Win32.Build.0 = Release|Win32
		{A5498556-CE09-4095-8335-08FC8370552D}.Release|x64.ActiveCfg = Release|x64
		{A5498556-CE09-4095-8335-08FC8370552D}.Release|x64.Build.0 = Release|x64
		{A5498556-CE09-4095-8335-08FC8370552D}.TortoisePot-Debug|Win32.ActiveCfg = Debug|Win32
		{A5498556-CE09-4095-8335-08FC8370552D}.TortoisePot-Debug|x64.ActiveCfg = Debug|x64
		{A5498556-CE09-4095-8335-08FC8370552D}.TortoisePot-Release|Win32.ActiveCfg = Release|Win32
		{A5498556-CE09-4095-8335-08FC8370552D}.TortoisePot-Release|x64.ActiveCfg = Release|x64
		{150172A5-8D02-4C00-ABB5-BD99D4B16B4C}.Debug|Win32.ActiveCfg = Debug|x86
		{150172A5-8D02-4C00-ABB5-BD99D4B16B4C}.Debug|x64.ActiveCfg = Debug|x64
		{150172A5-8D02-4C00-ABB5-BD99D4B16B4C}.Release|Win32.ActiveCfg = Release|x86
		{150172A5-8D02-4C00-ABB5-BD99D4B16B4C}.Release|Win32.Build.0 = Release|x86
		{150172A5-8D02-4C00-ABB5-BD99D4B16B4C}.Release|x64.ActiveCfg = Release|x64
		{150172A5-8D02-4C00-ABB5-BD99D4B16B4C}.Release|x64.Build.0 = Release|x64
		{150172A5-8D02-4C00-ABB5-BD99D4B16B4C}.TortoisePot-Debug|Win32.ActiveCfg = Debug|x86
		{150172A5-8D02-4C00-ABB5-BD99D4B16B4C}.TortoisePot-Debug|x64.ActiveCfg = Debug|x64
		{150172A5-8D02-4C00-ABB5-BD99D4B16B4C}.TortoisePot-Release|Win32.ActiveCfg = Release|x86
		{150172A5-8D02-4C00-ABB5-BD99D4B16B4C}.TortoisePot-Release|x64.ActiveCfg = Release|x64
		{A00D2EDC-B4F5-4B41-94BA-13961DE5D296}.Debug|Win32.ActiveCfg = Debug|Win32
		{A00D2EDC-B4F5-4B41-94BA-13961DE5D296}.Debug|Win32.Build.0 = Debug|Win32
		{A00D2EDC-B4F5-4B41-94BA-13961DE5D296}.Debug|x64.ActiveCfg = Debug|x64
		{A00D2EDC-B4F5-4B41-94BA-13961DE5D296}.Debug|x64.Build.0 = Debug|x64
		{A00D2EDC-B4F5-4B41-94BA-13961DE5D296}.Release|Win32.ActiveCfg = Release|Win32
		{A00D2EDC-B4F5-4B41-94BA-13961DE5D296}.Release|Win32.Build.0 = Release|Win32
		{A00D2EDC-B4F5-4B41-94BA-13961DE5D296}.Release|x64.ActiveCfg = Release|x64
		{A00D2EDC-B4F5-4B41-94BA-13961DE5D296}.Release|x64.Build.0 = Release|x64
		{A00D2EDC-B4F5-4B41-94BA-13961DE5D296}.TortoisePot-Debug|Win32.ActiveCfg = Debug|Win32
		{A00D2EDC-B4F5-4B41-94BA-13961DE5D296}.TortoisePot-Debug|x64.ActiveCfg = Debug|x64
		{A00D2EDC-B4F5-4B41-94BA-13961DE5D296}.TortoisePot-Release|Win32.ActiveCfg = Release|Win32
		{A00D2EDC-B4F5-4B41-94BA-13961DE5D296}.TortoisePot-Release|x64.ActiveCfg = Release|x64
		{D3AFBFBE-5501-4077-B3B4-3D28BBCA8F20}.Debug|Win32.ActiveCfg = Debug|Win32
		{D3AFBFBE-5501-4077-B3B4-3D28BBCA8F20}.Debug|Win32.Build.0 = Debug|Win32
		{D3AFBFBE-5501-4077-B3B4-3D28BBCA8F20}.Debug|x64.ActiveCfg = Debug|x64
		{D3AFBFBE-5501-4077-B3B4-3D28BBCA8F20}.Debug|x64.Build.0 = Debug|x64
		{D3AFBFBE-5501-4077-B3B4-3D28BBCA8F20}.Release|Win32.ActiveCfg = Release|Win32
		{D3AFBFBE-5501-4077-B3B4-3D28BBCA8F20}.Release|Win32.Build.0 = Release|Win32
		{D3AFBFBE-5501-4077-B3B4-3D28BBCA8F20}.Release|x64.ActiveCfg = Release|x64
		{D3AFBFBE-5501-4077-B3B4-3D28BBCA8F20}.Release|x64.Build.0 = Release|x64
		{D3AFBFBE-5501-4077-B3B4-3D28BBCA8F20}.TortoisePot-Debug|Win32.ActiveCfg = Debug|Win32
		{D3AFBFBE-5501-4077-B3B4-3D28BBCA8F20}.TortoisePot-Debug|x64.ActiveCfg = Debug|x64
		{D3AFBFBE-5501-4077-B3B4-3D28BBCA8F20}.TortoisePot-Release|Win32.ActiveCfg = Release|Win32
		{D3AFBFBE-5501-4077-B3B4-3D28BBCA8F20}.TortoisePot-Release|x64.ActiveCfg = Release|x64
		{454D5FCC-E25A-4B45-9CA2-01ABB0FA5181}.Debug|Win32.ActiveCfg = Release|Win32
		{454D5FCC-E25A-4B45-9CA2-01ABB0FA5181}.Debug|x64.ActiveCfg = Release|x64
		{454D5FCC-E25A-4B45-9CA2-01ABB0FA5181}.Release|Win32.ActiveCfg = Release|Win32
		{454D5FCC-E25A-4B45-9CA2-01ABB0FA5181}.Release|Win32.Build.0 = Release|Win32
		{454D5FCC-E25A-4B45-9CA2-01ABB0FA5181}.Release|x64.ActiveCfg = Release|x64
		{454D5FCC-E25A-4B45-9CA2-01ABB0FA5181}.Release|x64.Build.0 = Release|x64
		{454D5FCC-E25A-4B45-9CA2-01ABB0FA5181}.TortoisePot-Debug|Win32.ActiveCfg = Release|Win32
		{454D5FCC-E25A-4B45-9CA2-01ABB0FA5181}.TortoisePot-Debug|x64.ActiveCfg = Release|x64
		{454D5FCC-E25A-4B45-9CA2-01ABB0FA5181}.TortoisePot-Release|Win32.ActiveCfg = Release|Win32
		{454D5FCC-E25A-4B45-9CA2-01ABB0FA5181}.TortoisePot-Release|x64.ActiveCfg = Release|x64
		{62507C2F-9290-4342-910F-BFC44DF99B01}.Debug|Win32.ActiveCfg = Debug|Win32
		{62507C2F-9290-4342-910F-BFC44DF99B01}.Debug|Win32.Build.0 = Debug|Win32
		{62507C2F-9290-4342-910F-BFC44DF99B01}.Debug|x64.ActiveCfg = Debug|x64
		{62507C2F-9290-4342-910F-BFC44DF99B01}.Debug|x64.Build.0 = Debug|x64
		{62507C2F-9290-4342-910F-BFC44DF99B01}.Release|Win32.ActiveCfg = Release|Win32
		{62507C2F-9290-4342-910F-BFC44DF99B01}.Release|Win32.Build.0 = Release|Win32
		{62507C2F-9290-4342-910F-BFC44DF99B01}.Release|x64.ActiveCfg = Release|x64
		{62507C2F-9290-4342-910F-BFC44DF99B01}.Release|x64.Build.0 = Release|x64
		{62507C2F-9290-4342-910F-BFC44DF99B01}.TortoisePot-Debug|Win32.ActiveCfg = Debug|Win32
		{62507C2F-9290-4342-910F-BFC44DF99B01}.TortoisePot-Debug|x64.ActiveCfg = Debug|x64
		{62507C2F-9290-4342-910F-BFC44DF99B01}.TortoisePot-Release|Win32.ActiveCfg = Release|Win32
		{62507C2F-9290-4342-910F-BFC44DF99B01}.TortoisePot-Release|x64.ActiveCfg = Release|x64
		{2C879469-DB8F-4BF0-B016-AE864D2A7BBC}.Debug|Win32.ActiveCfg = Debug|Win32
		{2C879469-DB8F-4BF0-B016-AE864D2A7BBC}.Debug|Win32.Build.0 = Debug|Win32
		{2C879469-DB8F-4BF0-B016-AE864D2A7BBC}.Debug|x64.ActiveCfg = Debug|x64
		{2C879469-DB8F-4BF0-B016-AE864D2A7BBC}.Debug|x64.Build.0 = Debug|x64
		{2C879469-DB8F-4BF0-B016-AE864D2A7BBC}.Release|Win32.ActiveCfg = Release|Win32
		{2C879469-DB8F-4BF0-B016-AE864D2A7BBC}.Release|Win32.Build.0 = Release|Win32
		{2C879469-DB8F-4BF0-B016-AE864D2A7BBC}.Release|x64.ActiveCfg = Release|x64
		{2C879469-DB8F-4BF0-B016-AE864D2A7BBC}.Release|x64.Build.0 = Release|x64
		{2C879469-DB8F-4BF0-B016-AE864D2A7BBC}.TortoisePot-Debug|Win32.ActiveCfg = Debug|Win32
		{2C879469-DB8F-4BF0-B016-AE864D2A7BBC}.TortoisePot-Debug|x64.ActiveCfg = Debug|x64
		{2C879469-DB8F-4BF0-B016-AE864D2A7BBC}.TortoisePot-Release|Win32.ActiveCfg = Release|Win32
		{2C879469-DB8F-4BF0-B016-AE864D2A7BBC}.TortoisePot-Release|x64.ActiveCfg = Release|x64
		{72EFB681-1397-4193-BBF9-CA05AC52B75D}.Debug|Win32.ActiveCfg = Debug|Win32
		{72EFB681-1397-4193-BBF9-CA05AC52B75D}.Debug|Win32.Build.0 = Debug|Win32
		{72EFB681-1397-4193-BBF9-CA05AC52B75D}.Debug|x64.ActiveCfg = Debug|x64
		{72EFB681-1397-4193-BBF9-CA05AC52B75D}.Debug|x64.Build.0 = Debug|x64
		{72EFB681-1397-4193-BBF9-CA05AC52B75D}.Release|Win32.ActiveCfg = Release|Win32
		{72EFB681-1397-4193-BBF9-CA05AC52B75D}.Release|Win32.Build.0 = Release|Win32
		{72EFB681-1397-4193-BBF9-CA05AC52B75D}.Release|x64.ActiveCfg = Release|x64
		{72EFB681-1397-4193-BBF9-CA05AC52B75D}.Release|x64.Build.0 = Release|x64
		{72EFB681-1397-4193-BBF9-CA05AC52B75D}.TortoisePot-Debug|Win32.ActiveCfg = Debug|Win32
		{72EFB681-1397-4193-BBF9-CA05AC52B75D}.TortoisePot-Debug|Win32.Build.0 = Debug|Win32
		{72EFB681-1397-4193-BBF9-CA05AC52B75D}.TortoisePot-Debug|x64.ActiveCfg = Debug|x64
		{72EFB681-1397-4193-BBF9-CA05AC52B75D}.TortoisePot-Debug|x64.Build.0 = Debug|x64
		{72EFB681-1397-4193-BBF9-CA05AC52B75D}.TortoisePot-Release|Win32.ActiveCfg = Release|Win32
		{72EFB681-1397-4193-BBF9-CA05AC52B75D}.TortoisePot-Release|Win32.Build.0 = Release|Win32
		{72EFB681-1397-4193-BBF9-CA05AC52B75D}.TortoisePot-Release|x64.ActiveCfg = Release|x64
		{72EFB681-1397-4193-BBF9-CA05AC52B75D}.TortoisePot-Release|x64.Build.0 = Release|x64
		{1B3C273E-6DDF-4FBE-BA31-F9F39C6DAC99}.Debug|Win32.ActiveCfg = Debug|Win32
		{1B3C273E-6DDF-4FBE-BA31-F9F39C6DAC99}.Debug|x64.ActiveCfg = Debug|x64
		{1B3C273E-6DDF-4FBE-BA31-F9F39C6DAC99}.Release|Win32.ActiveCfg = Release|Win32
		{1B3C273E-6DDF-4FBE-BA31-F9F39C6DAC99}.Release|Win32.Build.0 = Release|Win32
		{1B3C273E-6DDF-4FBE-BA31-F9F39C6DAC99}.Release|x64.ActiveCfg = Release|x64
		{1B3C273E-6DDF-4FBE-BA31-F9F39C6DAC99}.Release|x64.Build.0 = Release|x64
		{1B3C273E-6DDF-4FBE-BA31-F9F39C6DAC99}.TortoisePot-Debug|Win32.ActiveCfg = Debug|Win32
		{1B3C273E-6DDF-4FBE-BA31-F9F39C6DAC99}.TortoisePot-Debug|Win32.Build.0 = Debug|Win32
		{1B3C273E-6DDF-4FBE-BA31-F9F39C6DAC99}.TortoisePot-Debug|x64.ActiveCfg = Debug|x64
		{1B3C273E-6DDF-4FBE-BA31-F9F39C6DAC99}.TortoisePot-Debug|x64.Build.0 = Debug|x64
		{1B3C273E-6DDF-4FBE-BA31-F9F39C6DAC99}.TortoisePot-Release|Win32.ActiveCfg = Release|Win32
		{1B3C273E-6DDF-4FBE-BA31-F9F39C6DAC99}.TortoisePot-Release|Win32.Build.0 = Release|Win32
		{1B3C273E-6DDF-4FBE-BA31-F9F39C6DAC99}.TortoisePot-Release|x64.ActiveCfg = Release|x64
		{1B3C273E-6DDF-4FBE-BA31-F9F39C6DAC99}.TortoisePot-Release|x64.Build.0 = Release|x64
		{EC88E7EC-3074-4841-BA45-B938D098EFF6}.Debug|Win32.ActiveCfg = Debug|Win32
		{EC88E7EC-3074-4841-BA45-B938D098EFF6}.Debug|x64.ActiveCfg = Debug|x64
		{EC88E7EC-3074-4841-BA45-B938D098EFF6}.Release|Win32.ActiveCfg = Release|Win32
		{EC88E7EC-3074-4841-BA45-B938D098EFF6}.Release|Win32.Build.0 = Release|Win32
		{EC88E7EC-3074-4841-BA45-B938D098EFF6}.Release|x64.ActiveCfg = Release|x64
		{EC88E7EC-3074-4841-BA45-B938D098EFF6}.Release|x64.Build.0 = Release|x64
		{EC88E7EC-3074-4841-BA45-B938D098EFF6}.TortoisePot-Debug|Win32.ActiveCfg = Debug|Win32
		{EC88E7EC-3074-4841-BA45-B938D098EFF6}.TortoisePot-Debug|x64.ActiveCfg = Debug|x64
		{EC88E7EC-3074-4841-BA45-B938D098EFF6}.TortoisePot-Release|Win32.ActiveCfg = Release|Win32
		{EC88E7EC-3074-4841-BA45-B938D098EFF6}.TortoisePot-Release|x64.ActiveCfg = Release|x64
		{E8C01071-3B47-4A3F-9168-AA58A4635638}.Debug|Win32.ActiveCfg = Debug|Win32
		{E8C01071-3B47-4A3F-9168-AA58A4635638}.Debug|Win32.Build.0 = Debug|Win32
		{E8C01071-3B47-4A3F-9168-AA58A4635638}.Debug|x64.ActiveCfg = Debug|x64
		{E8C01071-3B47-4A3F-9168-AA58A4635638}.Debug|x64.Build.0 = Debug|x64
		{E8C01071-3B47-4A3F-9168-AA58A4635638}.Release|Win32.ActiveCfg = Release|Win32
		{E8C01071-3B47-4A3F-9168-AA58A4635638}.Release|Win32.Build.0 = Release|Win32
		{E8C01071-3B47-4A3F-9168-AA58A4635638}.Release|x64.ActiveCfg = Release|x64
		{E8C01071-3B47-4A3F-9168-AA58A4635638}.Release|x64.Build.0 = Release|x64
		{E8C01071-3B47-4A3F-9168-AA58A4635638}.TortoisePot-Debug|Win32.ActiveCfg = Debug|Win32
		{E8C01071-3B47-4A3F-9168-AA58A4635638}.TortoisePot-Debug|x64.ActiveCfg = Debug|x64
		{E8C01071-3B47-4A3F-9168-AA58A4635638}.TortoisePot-Release|Win32.ActiveCfg = Release|Win32
		{E8C01071-3B47-4A3F-9168-AA58A4635638}.TortoisePot-Release|x64.ActiveCfg = Release|x64
		{8ABB4F84-891A-4748-8507-F5494842173E}.Debug|Win32.ActiveCfg = Debug|Win32
		{8ABB4F84-891A-4748-8507-F5494842173E}.Debug|Win32.Build.0 = Debug|Win32
		{8ABB4F84-891A-4748-8507-F5494842173E}.Debug|x64.ActiveCfg = Debug|x64
		{8ABB4F84-891A-4748-8507-F5494842173E}.Debug|x64.Build.0 = Debug|x64
		{8ABB4F84-891A-4748-8507-F5494842173E}.Release|Win32.ActiveCfg = Release|Win32
		{8ABB4F84-891A-4748-8507-F5494842173E}.Release|Win32.Build.0 = Release|Win32
		{8ABB4F84-891A-4748-8507-F5494842173E}.Release|x64.ActiveCfg = Release|x64
		{8ABB4F84-891A-4748-8507-F5494842173E}.Release|x64.Build.0 = Release|x64
		{8ABB4F84-891A-4748-8507-F5494842173E}.TortoisePot-Debug|Win32.ActiveCfg = Debug|Win32
		{8ABB4F84-891A-4748-8507-F5494842173E}.TortoisePot-Debug|x64.ActiveCfg = Debug|x64
		{8ABB4F84-891A-4748-8507-F5494842173E}.TortoisePot-Release|Win32.ActiveCfg = Release|Win32
		{8ABB4F84-891A-4748-8507-F5494842173E}.TortoisePot-Release|x64.ActiveCfg = Release|x64
		{4472028D-4ACF-474E-AA95-9B7E12B50F60}.Debug|Win32.ActiveCfg = Debug|Win32
		{4472028D-4ACF-474E-AA95-9B7E12B50F60}.Debug|Win32.Build.0 = Debug|Win32
		{4472028D-4ACF-474E-AA95-9B7E12B50F60}.Debug|x64.ActiveCfg = Debug|x64
		{4472028D-4ACF-474E-AA95-9B7E12B50F60}.Debug|x64.Build.0 = Debug|x64
		{4472028D-4ACF-474E-AA95-9B7E12B50F60}.Release|Win32.ActiveCfg = Release|Win32
		{4472028D-4ACF-474E-AA95-9B7E12B50F60}.Release|Win32.Build.0 = Release|Win32
		{4472028D-4ACF-474E-AA95-9B7E12B50F60}.Release|x64.ActiveCfg = Release|x64
		{4472028D-4ACF-474E-AA95-9B7E12B50F60}.Release|x64.Build.0 = Release|x64
		{4472028D-4ACF-474E-AA95-9B7E12B50F60}.TortoisePot-Debug|Win32.ActiveCfg = Debug|Win32
		{4472028D-4ACF-474E-AA95-9B7E12B50F60}.TortoisePot-Debug|x64.ActiveCfg = Debug|x64
		{4472028D-4ACF-474E-AA95-9B7E12B50F60}.TortoisePot-Release|Win32.ActiveCfg = Release|Win32
		{4472028D-4ACF-474E-AA95-9B7E12B50F60}.TortoisePot-Release|x64.ActiveCfg = Release|x64
		{6BD19BAE-4041-4E85-B576-AAC9D54CAAB9}.Debug|Win32.ActiveCfg = Debug|Win32
		{6BD19BAE-4041-4E85-B576-AAC9D54CAAB9}.Debug|Win32.Build.0 = Debug|Win32
		{6BD19BAE-4041-4E85-B576-AAC9D54CAAB9}.Debug|x64.ActiveCfg = Debug|x64
		{6BD19BAE-4041-4E85-B576-AAC9D54CAAB9}.Debug|x64.Build.0 = Debug|x64
		{6BD19BAE-4041-4E85-B576-AAC9D54CAAB9}.Release|Win32.ActiveCfg = Release|Win32
		{6BD19BAE-4041-4E85-B576-AAC9D54CAAB9}.Release|Win32.Build.0 = Release|Win32
		{6BD19BAE-4041-4E85-B576-AAC9D54CAAB9}.Release|x64.ActiveCfg = Release|x64
		{6BD19BAE-4041-4E85-B576-AAC9D54CAAB9}.Release|x64.Build.0 = Release|x64
		{6BD19BAE-4041-4E85-B576-AAC9D54CAAB9}.TortoisePot-Debug|Win32.ActiveCfg = Debug|Win32
		{6BD19BAE-4041-4E85-B576-AAC9D54CAAB9}.TortoisePot-Debug|x64.ActiveCfg = Debug|x64
		{6BD19BAE-4041-4E85-B576-AAC9D54CAAB9}.TortoisePot-Release|Win32.ActiveCfg = Release|Win32
		{6BD19BAE-4041-4E85-B576-AAC9D54CAAB9}.TortoisePot-Release|x64.ActiveCfg = Release|x64
		{6D95829D-AE04-47A7-B66B-DC2F581DDF01}.Debug|Win32.ActiveCfg = Debug|Win32
		{6D95829D-AE04-47A7-B66B-DC2F581DDF01}.Debug|Win32.Build.0 = Debug|Win32
		{6D95829D-AE04-47A7-B66B-DC2F581DDF01}.Debug|x64.ActiveCfg = Debug|x64
		{6D95829D-AE04-47A7-B66B-DC2F581DDF01}.Debug|x64.Build.0 = Debug|x64
		{6D95829D-AE04-47A7-B66B-DC2F581DDF01}.Release|Win32.ActiveCfg = Release|Win32
		{6D95829D-AE04-47A7-B66B-DC2F581DDF01}.Release|Win32.Build.0 = Release|Win32
		{6D95829D-AE04-47A7-B66B-DC2F581DDF01}.Release|x64.ActiveCfg = Release|x64
		{6D95829D-AE04-47A7-B66B-DC2F581DDF01}.Release|x64.Build.0 = Release|x64
		{6D95829D-AE04-47A7-B66B-DC2F581DDF01}.TortoisePot-Debug|Win32.ActiveCfg = Debug|Win32
		{6D95829D-AE04-47A7-B66B-DC2F581DDF01}.TortoisePot-Debug|x64.ActiveCfg = Debug|x64
		{6D95829D-AE04-47A7-B66B-DC2F581DDF01}.TortoisePot-Release|Win32.ActiveCfg = Release|Win32
		{6D95829D-AE04-47A7-B66B-DC2F581DDF01}.TortoisePot-Release|x64.ActiveCfg = Release|x64
		{5C6B6A95-2053-4593-9617-C4F176736D5A}.Debug|Win32.ActiveCfg = Debug|Win32
		{5C6B6A95-2053-4593-9617-C4F176736D5A}.Debug|Win32.Build.0 = Debug|Win32
		{5C6B6A95-2053-4593-9617-C4F176736D5A}.Debug|x64.ActiveCfg = Debug|x64
		{5C6B6A95-2053-4593-9617-C4F176736D5A}.Debug|x64.Build.0 = Debug|x64
		{5C6B6A95-2053-4593-9617-C4F176736D5A}.Release|Win32.ActiveCfg = Release|Win32
		{5C6B6A95-2053-4593-9617-C4F176736D5A}.Release|Win32.Build.0 = Release|Win32
		{5C6B6A95-2053-4593-9617-C4F176736D5A}.Release|x64.ActiveCfg = Release|x64
		{5C6B6A95-2053-4593-9617-C4F176736D5A}.Release|x64.Build.0 = Release|x64
		{5C6B6A95-2053-4593-9617-C4F176736D5A}.TortoisePot-Debug|Win32.ActiveCfg = Debug|Win32
		{5C6B6A95-2053-4593-9617-C4F176736D5A}.TortoisePot-Debug|x64.ActiveCfg = Debug|x64
		{5C6B6A95-2053-4593-9617-C4F176736D5A}.TortoisePot-Release|Win32.ActiveCfg = Release|Win32
		{5C6B6A95-2053-4593-9617-C4F176736D5A}.TortoisePot-Release|x64.ActiveCfg = Release|x64
		{F6DEC8C3-B803-4A86-8848-430F08B499E3}.Debug|Win32.ActiveCfg = Debug|Win32
		{F6DEC8C3-B803-4A86-8848-430F08B499E3}.Debug|Win32.Build.0 = Debug|Win32
		{F6DEC8C3-B803-4A86-8848-430F08B499E3}.Debug|x64.ActiveCfg = Debug|x64
		{F6DEC8C3-B803-4A86-8848-430F08B499E3}.Debug|x64.Build.0 = Debug|x64
		{F6DEC8C3-B803-4A86-8848-430F08B499E3}.Release|Win32.ActiveCfg = Release|Win32
		{F6DEC8C3-B803-4A86-8848-430F08B499E3}.Release|Win32.Build.0 = Release|Win32
		{F6DEC8C3-B803-4A86-8848-430F08B499E3}.Release|x64.ActiveCfg = Release|x64
		{F6DEC8C3-B803-4A86-8848-430F08B499E3}.Release|x64.Build.0 = Release|x64
		{F6DEC8C3-B803-4A86-8848-430F08B499E3}.TortoisePot-Debug|Win32.ActiveCfg = Debug|Win32
		{F6DEC8C3-B803-4A86-8848-430F08B499E3}.TortoisePot-Debug|x64.ActiveCfg = Debug|x64
		{F6DEC8C3-B803-4A86-8848-430F08B499E3}.TortoisePot-Release|Win32.ActiveCfg = Release|Win32
		{F6DEC8C3-B803-4A86-8848-430F08B499E3}.TortoisePot-Release|x64.ActiveCfg = Release|x64
		{4F0A55DE-DAFD-4A0B-A03D-2C14CB77E08F}.Debug|Win32.ActiveCfg = Debug|Win32
		{4F0A55DE-DAFD-4A0B-A03D-2C14CB77E08F}.Debug|Win32.Build.0 = Debug|Win32
		{4F0A55DE-DAFD-4A0B-A03D-2C14CB77E08F}.Debug|x64.ActiveCfg = Debug|x64
		{4F0A55DE-DAFD-4A0B-A03D-2C14CB77E08F}.Debug|x64.Build.0 = Debug|x64
		{4F0A55DE-DAFD-4A0B-A03D-2C14CB77E08F}.Release|Win32.ActiveCfg = Release|Win32
		{4F0A55DE-DAFD-4A0B-A03D-2C14CB77E08F}.Release|Win32.Build.0 = Release|Win32
		{4F0A55DE-DAFD-4A0B-A03D-2C14CB77E08F}.Release|x64.ActiveCfg = Release|x64
		{4F0A55DE-DAFD-4A0B-A03D-2C14CB77E08F}.Release|x64.Build.0 = Release|x64
		{4F0A55DE-DAFD-4A0B-A03D-2C14CB77E08F}.TortoisePot-Debug|Win32.ActiveCfg = Debug|Win32
		{4F0A55DE-DAFD-4A0B-A03D-2C14CB77E08F}.TortoisePot-Debug|x64.ActiveCfg = Debug|x64
		{4F0A55DE-DAFD-4A0B-A03D-2C14CB77E08F}.TortoisePot-Release|Win32.ActiveCfg = Release|Win32
		{4F0A55DE-DAFD-4A0B-A03D-2C14CB77E08F}.TortoisePot-Release|x64.ActiveCfg = Release|x64
		{948733DE-FC5A-46C2-8CD6-429017508D63}.Debug|Win32.ActiveCfg = Debug|Win32
		{948733DE-FC5A-46C2-8CD6-429017508D63}.Debug|Win32.Build.0 = Debug|Win32
		{948733DE-FC5A-46C2-8CD6-429017508D63}.Debug|x64.ActiveCfg = Debug|x64
		{948733DE-FC5A-46C2-8CD6-429017508D63}.Debug|x64.Build.0 = Debug|x64
		{948733DE-FC5A-46C2-8CD6-429017508D63}.Release|Win32.ActiveCfg = Release|Win32
		{948733DE-FC5A-46C2-8CD6-429017508D63}.Release|x64.ActiveCfg = Release|x64
		{948733DE-FC5A-46C2-8CD6-429017508D63}.TortoisePot-Debug|Win32.ActiveCfg = Debug|Win32
		{948733DE-FC5A-46C2-8CD6-429017508D63}.TortoisePot-Debug|x64.ActiveCfg = Debug|x64
		{948733DE-FC5A-46C2-8CD6-429017508D63}.TortoisePot-Release|Win32.ActiveCfg = Release|Win32
		{948733DE-FC5A-46C2-8CD6-429017508D63}.TortoisePot-Release|x64.ActiveCfg = Release|x64
		{84E07810-9AD4-4E0E-A7F7-FAD9A8CDFC7F}.Debug|Win32.ActiveCfg = Debug|Win32
		{84E07810-9AD4-4E0E-A7F7-FAD9A8CDFC7F}.Debug|Win32.Build.0 = Debug|Win32
		{84E07810-9AD4-4E0E-A7F7-FAD9A8CDFC7F}.Debug|x64.ActiveCfg = Debug|x64
		{84E07810-9AD4-4E0E-A7F7-FAD9A8CDFC7F}.Debug|x64.Build.0 = Debug|x64
		{84E07810-9AD4-4E0E-A7F7-FAD9A8CDFC7F}.Release|Win32.ActiveCfg = Release|Win32
		{84E07810-9AD4-4E0E-A7F7-FAD9A8CDFC7F}.Release|Win32.Build.0 = Release|Win32
		{84E07810-9AD4-4E0E-A7F7-FAD9A8CDFC7F}.Release|x64.ActiveCfg = Release|x64
		{84E07810-9AD4-4E0E-A7F7-FAD9A8CDFC7F}.Release|x64.Build.0 = Release|x64
		{84E07810-9AD4-4E0E-A7F7-FAD9A8CDFC7F}.TortoisePot-Debug|Win32.ActiveCfg = Debug|Win32
		{84E07810-9AD4-4E0E-A7F7-FAD9A8CDFC7F}.TortoisePot-Debug|x64.ActiveCfg = Debug|x64
		{84E07810-9AD4-4E0E-A7F7-FAD9A8CDFC7F}.TortoisePot-Release|Win32.ActiveCfg = Release|Win32
		{84E07810-9AD4-4E0E-A7F7-FAD9A8CDFC7F}.TortoisePot-Release|x64.ActiveCfg = Release|x64
		{2B4F366C-93BA-491E-87AF-5EF7B37F75F7}.Debug|Win32.ActiveCfg = Debug|Win32
		{2B4F366C-93BA-491E-87AF-5EF7B37F75F7}.Debug|Win32.Build.0 = Debug|Win32
		{2B4F366C-93BA-491E-87AF-5EF7B37F75F7}.Debug|x64.ActiveCfg = Debug|x64
		{2B4F366C-93BA-491E-87AF-5EF7B37F75F7}.Debug|x64.Build.0 = Debug|x64
		{2B4F366C-93BA-491E-87AF-5EF7B37F75F7}.Release|Win32.ActiveCfg = Release|Win32
		{2B4F366C-93BA-491E-87AF-5EF7B37F75F7}.Release|Win32.Build.0 = Release|Win32
		{2B4F366C-93BA-491E-87AF-5EF7B37F75F7}.Release|x64.ActiveCfg = Release|x64
		{2B4F366C-93BA-491E-87AF-5EF7B37F75F7}.Release|x64.Build.0 = Release|x64
		{2B4F366C-93BA-491E-87AF-5EF7B37F75F7}.TortoisePot-Debug|Win32.ActiveCfg = Debug|Win32
		{2B4F366C-93BA-491E-87AF-5EF7B37F75F7}.TortoisePot-Debug|x64.ActiveCfg = Debug|x64
		{2B4F366C-93BA-491E-87AF-5EF7B37F75F7}.TortoisePot-Release|Win32.ActiveCfg = Release|Win32
		{2B4F366C-93BA-491E-87AF-5EF7B37F75F7}.TortoisePot-Release|x64.ActiveCfg = Release|x64
		{1B3C273E-6DDF-4FBE-BA31-FCF39C6DBCF9}.Debug|Win32.ActiveCfg = Debug|Win32
		{1B3C273E-6DDF-4FBE-BA31-FCF39C6DBCF9}.Debug|x64.ActiveCfg = Debug|x64
		{1B3C273E-6DDF-4FBE-BA31-FCF39C6DBCF9}.Release|Win32.ActiveCfg = Release|Win32
		{1B3C273E-6DDF-4FBE-BA31-FCF39C6DBCF9}.Release|Win32.Build.0 = Release|Win32
		{1B3C273E-6DDF-4FBE-BA31-FCF39C6DBCF9}.Release|x64.ActiveCfg = Release|x64
		{1B3C273E-6DDF-4FBE-BA31-FCF39C6DBCF9}.Release|x64.Build.0 = Release|x64
		{1B3C273E-6DDF-4FBE-BA31-FCF39C6DBCF9}.TortoisePot-Debug|Win32.ActiveCfg = Debug|Win32
		{1B3C273E-6DDF-4FBE-BA31-FCF39C6DBCF9}.TortoisePot-Debug|Win32.Build.0 = Debug|Win32
		{1B3C273E-6DDF-4FBE-BA31-FCF39C6DBCF9}.TortoisePot-Debug|x64.ActiveCfg = Debug|x64
		{1B3C273E-6DDF-4FBE-BA31-FCF39C6DBCF9}.TortoisePot-Debug|x64.Build.0 = Debug|x64
		{1B3C273E-6DDF-4FBE-BA31-FCF39C6DBCF9}.TortoisePot-Release|Win32.ActiveCfg = Release|Win32
		{1B3C273E-6DDF-4FBE-BA31-FCF39C6DBCF9}.TortoisePot-Release|Win32.Build.0 = Release|Win32
		{1B3C273E-6DDF-4FBE-BA31-FCF39C6DBCF9}.TortoisePot-Release|x64.ActiveCfg = Release|x64
		{1B3C273E-6DDF-4FBE-BA31-FCF39C6DBCF9}.TortoisePot-Release|x64.Build.0 = Release|x64
		{56016512-D578-46FD-85E0-9EDCD37433AC}.Debug|Win32.ActiveCfg = Debug|Win32
		{56016512-D578-46FD-85E0-9EDCD37433AC}.Debug|x64.ActiveCfg = Debug|x64
		{56016512-D578-46FD-85E0-9EDCD37433AC}.Release|Win32.ActiveCfg = Release|Win32
		{56016512-D578-46FD-85E0-9EDCD37433AC}.Release|Win32.Build.0 = Release|Win32
		{56016512-D578-46FD-85E0-9EDCD37433AC}.Release|x64.ActiveCfg = Release|x64
		{56016512-D578-46FD-85E0-9EDCD37433AC}.Release|x64.Build.0 = Release|x64
		{56016512-D578-46FD-85E0-9EDCD37433AC}.TortoisePot-Debug|Win32.ActiveCfg = Debug|Win32
		{56016512-D578-46FD-85E0-9EDCD37433AC}.TortoisePot-Debug|Win32.Build.0 = Debug|Win32
		{56016512-D578-46FD-85E0-9EDCD37433AC}.TortoisePot-Debug|x64.ActiveCfg = Debug|x64
		{56016512-D578-46FD-85E0-9EDCD37433AC}.TortoisePot-Debug|x64.Build.0 = Debug|x64
		{56016512-D578-46FD-85E0-9EDCD37433AC}.TortoisePot-Release|Win32.ActiveCfg = Release|Win32
		{56016512-D578-46FD-85E0-9EDCD37433AC}.TortoisePot-Release|Win32.Build.0 = Release|Win32
		{56016512-D578-46FD-85E0-9EDCD37433AC}.TortoisePot-Release|x64.ActiveCfg = Release|x64
		{56016512-D578-46FD-85E0-9EDCD37433AC}.TortoisePot-Release|x64.Build.0 = Release|x64
		{4C8C72BE-FE20-4A92-A592-0D44ED849B1C}.Debug|Win32.ActiveCfg = Debug|Win32
		{4C8C72BE-FE20-4A92-A592-0D44ED849B1C}.Debug|x64.ActiveCfg = Debug|x64
		{4C8C72BE-FE20-4A92-A592-0D44ED849B1C}.Release|Win32.ActiveCfg = Release|Win32
		{4C8C72BE-FE20-4A92-A592-0D44ED849B1C}.Release|Win32.Build.0 = Release|Win32
		{4C8C72BE-FE20-4A92-A592-0D44ED849B1C}.Release|x64.ActiveCfg = Release|x64
		{4C8C72BE-FE20-4A92-A592-0D44ED849B1C}.Release|x64.Build.0 = Release|x64
		{4C8C72BE-FE20-4A92-A592-0D44ED849B1C}.TortoisePot-Debug|Win32.ActiveCfg = Debug|Win32
		{4C8C72BE-FE20-4A92-A592-0D44ED849B1C}.TortoisePot-Debug|Win32.Build.0 = Debug|Win32
		{4C8C72BE-FE20-4A92-A592-0D44ED849B1C}.TortoisePot-Debug|x64.ActiveCfg = Debug|x64
		{4C8C72BE-FE20-4A92-A592-0D44ED849B1C}.TortoisePot-Debug|x64.Build.0 = Debug|x64
		{4C8C72BE-FE20-4A92-A592-0D44ED849B1C}.TortoisePot-Release|Win32.ActiveCfg = Release|Win32
		{4C8C72BE-FE20-4A92-A592-0D44ED849B1C}.TortoisePot-Release|Win32.Build.0 = Release|Win32
		{4C8C72BE-FE20-4A92-A592-0D44ED849B1C}.TortoisePot-Release|x64.ActiveCfg = Release|x64
		{4C8C72BE-FE20-4A92-A592-0D44ED849B1C}.TortoisePot-Release|x64.Build.0 = Release|x64
		{B0E79916-B2B5-464D-AB25-8269B0F40F4A}.Debug|Win32.ActiveCfg = Debug|x86
		{B0E79916-B2B5-464D-AB25-8269B0F40F4A}.Debug|x64.ActiveCfg = Debug|x64
		{B0E79916-B2B5-464D-AB25-8269B0F40F4A}.Release|Win32.ActiveCfg = Release|x86
		{B0E79916-B2B5-464D-AB25-8269B0F40F4A}.Release|Win32.Build.0 = Release|x86
		{B0E79916-B2B5-464D-AB25-8269B0F40F4A}.Release|x64.ActiveCfg = Release|x64
		{B0E79916-B2B5-464D-AB25-8269B0F40F4A}.Release|x64.Build.0 = Release|x64
		{B0E79916-B2B5-464D-AB25-8269B0F40F4A}.TortoisePot-Debug|Win32.ActiveCfg = Debug|x86
		{B0E79916-B2B5-464D-AB25-8269B0F40F4A}.TortoisePot-Debug|x64.ActiveCfg = Debug|x64
		{B0E79916-B2B5-464D-AB25-8269B0F40F4A}.TortoisePot-Release|Win32.ActiveCfg = Release|x86
		{B0E79916-B2B5-464D-AB25-8269B0F40F4A}.TortoisePot-Release|x64.ActiveCfg = Release|x64
		{913B23F9-1138-4D39-947C-EDC5A59D3719}.Debug|Win32.ActiveCfg = Debug|x86
		{913B23F9-1138-4D39-947C-EDC5A59D3719}.Debug|x64.ActiveCfg = Debug|x64
		{913B23F9-1138-4D39-947C-EDC5A59D3719}.Release|Win32.ActiveCfg = Release|x86
		{913B23F9-1138-4D39-947C-EDC5A59D3719}.Release|Win32.Build.0 = Release|x86
		{913B23F9-1138-4D39-947C-EDC5A59D3719}.Release|x64.ActiveCfg = Release|x64
		{913B23F9-1138-4D39-947C-EDC5A59D3719}.Release|x64.Build.0 = Release|x64
		{913B23F9-1138-4D39-947C-EDC5A59D3719}.TortoisePot-Debug|Win32.ActiveCfg = Debug|x86
		{913B23F9-1138-4D39-947C-EDC5A59D3719}.TortoisePot-Debug|x64.ActiveCfg = Debug|x64
		{913B23F9-1138-4D39-947C-EDC5A59D3719}.TortoisePot-Release|Win32.ActiveCfg = Release|x86
		{913B23F9-1138-4D39-947C-EDC5A59D3719}.TortoisePot-Release|x64.ActiveCfg = Release|x64
		{49B7A382-660B-4BF2-97FC-5D3D52741789}.Debug|Win32.ActiveCfg = Debug|x86
		{49B7A382-660B-4BF2-97FC-5D3D52741789}.Debug|x64.ActiveCfg = Debug|x64
		{49B7A382-660B-4BF2-97FC-5D3D52741789}.Release|Win32.ActiveCfg = Release|x86
		{49B7A382-660B-4BF2-97FC-5D3D52741789}.Release|Win32.Build.0 = Release|x86
		{49B7A382-660B-4BF2-97FC-5D3D52741789}.Release|x64.ActiveCfg = Release|x64
		{49B7A382-660B-4BF2-97FC-5D3D52741789}.Release|x64.Build.0 = Release|x64
		{49B7A382-660B-4BF2-97FC-5D3D52741789}.TortoisePot-Debug|Win32.ActiveCfg = Debug|x86
		{49B7A382-660B-4BF2-97FC-5D3D52741789}.TortoisePot-Debug|x64.ActiveCfg = Debug|x64
		{49B7A382-660B-4BF2-97FC-5D3D52741789}.TortoisePot-Release|Win32.ActiveCfg = Release|x86
		{49B7A382-660B-4BF2-97FC-5D3D52741789}.TortoisePot-Release|x64.ActiveCfg = Release|x64
		{568C0F10-4558-4291-8698-CB9AEF819B04}.Debug|Win32.ActiveCfg = Debug|x86
		{568C0F10-4558-4291-8698-CB9AEF819B04}.Debug|x64.ActiveCfg = Debug|x64
		{568C0F10-4558-4291-8698-CB9AEF819B04}.Release|Win32.ActiveCfg = Release|x86
		{568C0F10-4558-4291-8698-CB9AEF819B04}.Release|Win32.Build.0 = Release|x86
		{568C0F10-4558-4291-8698-CB9AEF819B04}.Release|x64.ActiveCfg = Release|x64
		{568C0F10-4558-4291-8698-CB9AEF819B04}.Release|x64.Build.0 = Release|x64
		{568C0F10-4558-4291-8698-CB9AEF819B04}.TortoisePot-Debug|Win32.ActiveCfg = Debug|x86
		{568C0F10-4558-4291-8698-CB9AEF819B04}.TortoisePot-Debug|x64.ActiveCfg = Debug|x64
		{568C0F10-4558-4291-8698-CB9AEF819B04}.TortoisePot-Release|Win32.ActiveCfg = Release|x86
		{568C0F10-4558-4291-8698-CB9AEF819B04}.TortoisePot-Release|x64.ActiveCfg = Release|x64
		{4E8ACC21-A321-478F-8D55-C5440F41203F}.Debug|Win32.ActiveCfg = Debug|x86
		{4E8ACC21-A321-478F-8D55-C5440F41203F}.Debug|x64.ActiveCfg = Debug|x64
		{4E8ACC21-A321-478F-8D55-C5440F41203F}.Release|Win32.ActiveCfg = Release|x86
		{4E8ACC21-A321-478F-8D55-C5440F41203F}.Release|Win32.Build.0 = Release|x86
		{4E8ACC21-A321-478F-8D55-C5440F41203F}.Release|x64.ActiveCfg = Release|x64
		{4E8ACC21-A321-478F-8D55-C5440F41203F}.Release|x64.Build.0 = Release|x64
		{4E8ACC21-A321-478F-8D55-C5440F41203F}.TortoisePot-Debug|Win32.ActiveCfg = Debug|x86
		{4E8ACC21-A321-478F-8D55-C5440F41203F}.TortoisePot-Debug|x64.ActiveCfg = Debug|x64
		{4E8ACC21-A321-478F-8D55-C5440F41203F}.TortoisePot-Release|Win32.ActiveCfg = Release|x86
		{4E8ACC21-A321-478F-8D55-C5440F41203F}.TortoisePot-Release|x64.ActiveCfg = Release|x64
		{B9C725A7-9727-48B2-86E5-F905F6C2B9E6}.Debug|Win32.ActiveCfg = Debug|x86
		{B9C725A7-9727-48B2-86E5-F905F6C2B9E6}.Debug|x64.ActiveCfg = Debug|x64
		{B9C725A7-9727-48B2-86E5-F905F6C2B9E6}.Release|Win32.ActiveCfg = Release|x86
		{B9C725A7-9727-48B2-86E5-F905F6C2B9E6}.Release|Win32.Build.0 = Release|x86
		{B9C725A7-9727-48B2-86E5-F905F6C2B9E6}.Release|x64.ActiveCfg = Release|x64
		{B9C725A7-9727-48B2-86E5-F905F6C2B9E6}.Release|x64.Build.0 = Release|x64
		{B9C725A7-9727-48B2-86E5-F905F6C2B9E6}.TortoisePot-Debug|Win32.ActiveCfg = Debug|x86
		{B9C725A7-9727-48B2-86E5-F905F6C2B9E6}.TortoisePot-Debug|x64.ActiveCfg = Debug|x64
		{B9C725A7-9727-48B2-86E5-F905F6C2B9E6}.TortoisePot-Release|Win32.ActiveCfg = Release|x86
		{B9C725A7-9727-48B2-86E5-F905F6C2B9E6}.TortoisePot-Release|x64.ActiveCfg = Release|x64
		{AD35E207-3793-4A26-82A2-520D7C3C71BB}.Debug|Win32.ActiveCfg = Debug|x86
		{AD35E207-3793-4A26-82A2-520D7C3C71BB}.Debug|x64.ActiveCfg = Debug|x64
		{AD35E207-3793-4A26-82A2-520D7C3C71BB}.Release|Win32.ActiveCfg = Release|x86
		{AD35E207-3793-4A26-82A2-520D7C3C71BB}.Release|Win32.Build.0 = Release|x86
		{AD35E207-3793-4A26-82A2-520D7C3C71BB}.Release|x64.ActiveCfg = Release|x64
		{AD35E207-3793-4A26-82A2-520D7C3C71BB}.Release|x64.Build.0 = Release|x64
		{AD35E207-3793-4A26-82A2-520D7C3C71BB}.TortoisePot-Debug|Win32.ActiveCfg = Debug|x86
		{AD35E207-3793-4A26-82A2-520D7C3C71BB}.TortoisePot-Debug|x64.ActiveCfg = Debug|x64
		{AD35E207-3793-4A26-82A2-520D7C3C71BB}.TortoisePot-Release|Win32.ActiveCfg = Release|x86
		{AD35E207-3793-4A26-82A2-520D7C3C71BB}.TortoisePot-Release|x64.ActiveCfg = Release|x64
		{D0D57CA2-A972-47FE-92C8-63A3CAAF0E93}.Debug|Win32.ActiveCfg = Debug|Win32
		{D0D57CA2-A972-47FE-92C8-63A3CAAF0E93}.Debug|Win32.Build.0 = Debug|Win32
		{D0D57CA2-A972-47FE-92C8-63A3CAAF0E93}.Debug|x64.ActiveCfg = Debug|x64
		{D0D57CA2-A972-47FE-92C8-63A3CAAF0E93}.Debug|x64.Build.0 = Debug|x64
		{D0D57CA2-A972-47FE-92C8-63A3CAAF0E93}.Release|Win32.ActiveCfg = Release|Win32
		{D0D57CA2-A972-47FE-92C8-63A3CAAF0E93}.Release|Win32.Build.0 = Release|Win32
		{D0D57CA2-A972-47FE-92C8-63A3CAAF0E93}.Release|x64.ActiveCfg = Release|x64
		{D0D57CA2-A972-47FE-92C8-63A3CAAF0E93}.Release|x64.Build.0 = Release|x64
		{D0D57CA2-A972-47FE-92C8-63A3CAAF0E93}.TortoisePot-Debug|Win32.ActiveCfg = Debug|Win32
		{D0D57CA2-A972-47FE-92C8-63A3CAAF0E93}.TortoisePot-Debug|x64.ActiveCfg = Debug|x64
		{D0D57CA2-A972-47FE-92C8-63A3CAAF0E93}.TortoisePot-Release|Win32.ActiveCfg = Release|Win32
		{D0D57CA2-A972-47FE-92C8-63A3CAAF0E93}.TortoisePot-Release|x64.ActiveCfg = Release|x64
		{1912DDA2-E7B9-437F-BA8E-DA2C1C2D79FA}.Debug|Win32.ActiveCfg = Debug|Win32
		{1912DDA2-E7B9-437F-BA8E-DA2C1C2D79FA}.Debug|x64.ActiveCfg = Debug|x64
		{1912DDA2-E7B9-437F-BA8E-DA2C1C2D79FA}.Release|Win32.ActiveCfg = Release|Win32
		{1912DDA2-E7B9-437F-BA8E-DA2C1C2D79FA}.Release|Win32.Build.0 = Release|Win32
		{1912DDA2-E7B9-437F-BA8E-DA2C1C2D79FA}.Release|x64.ActiveCfg = Release|x64
		{1912DDA2-E7B9-437F-BA8E-DA2C1C2D79FA}.Release|x64.Build.0 = Release|x64
		{1912DDA2-E7B9-437F-BA8E-DA2C1C2D79FA}.TortoisePot-Debug|Win32.ActiveCfg = Debug|Win32
		{1912DDA2-E7B9-437F-BA8E-DA2C1C2D79FA}.TortoisePot-Debug|x64.ActiveCfg = Debug|x64
		{1912DDA2-E7B9-437F-BA8E-DA2C1C2D79FA}.TortoisePot-Release|Win32.ActiveCfg = Release|Win32
		{1912DDA2-E7B9-437F-BA8E-DA2C1C2D79FA}.TortoisePot-Release|x64.ActiveCfg = Release|x64
		{BC62FB83-CFBB-4AE3-A60D-D73155AA33FA}.Debug|Win32.ActiveCfg = Debug|Win32
		{BC62FB83-CFBB-4AE3-A60D-D73155AA33FA}.Debug|x64.ActiveCfg = Debug|x64
		{BC62FB83-CFBB-4AE3-A60D-D73155AA33FA}.Release|Win32.ActiveCfg = Release|Win32
		{BC62FB83-CFBB-4AE3-A60D-D73155AA33FA}.Release|Win32.Build.0 = Release|Win32
		{BC62FB83-CFBB-4AE3-A60D-D73155AA33FA}.Release|x64.ActiveCfg = Release|x64
		{BC62FB83-CFBB-4AE3-A60D-D73155AA33FA}.Release|x64.Build.0 = Release|x64
		{BC62FB83-CFBB-4AE3-A60D-D73155AA33FA}.TortoisePot-Debug|Win32.ActiveCfg = Debug|Win32
		{BC62FB83-CFBB-4AE3-A60D-D73155AA33FA}.TortoisePot-Debug|x64.ActiveCfg = Debug|x64
		{BC62FB83-CFBB-4AE3-A60D-D73155AA33FA}.TortoisePot-Release|Win32.ActiveCfg = Release|Win32
		{BC62FB83-CFBB-4AE3-A60D-D73155AA33FA}.TortoisePot-Release|x64.ActiveCfg = Release|x64
		{8E943F8F-ED43-42DB-A25B-C6356F01AAC7}.Debug|Win32.ActiveCfg = Debug|Win32
		{8E943F8F-ED43-42DB-A25B-C6356F01AAC7}.Debug|x64.ActiveCfg = Debug|x64
		{8E943F8F-ED43-42DB-A25B-C6356F01AAC7}.Release|Win32.ActiveCfg = Release|Win32
		{8E943F8F-ED43-42DB-A25B-C6356F01AAC7}.Release|Win32.Build.0 = Release|Win32
		{8E943F8F-ED43-42DB-A25B-C6356F01AAC7}.Release|x64.ActiveCfg = Release|x64
		{8E943F8F-ED43-42DB-A25B-C6356F01AAC7}.Release|x64.Build.0 = Release|x64
		{8E943F8F-ED43-42DB-A25B-C6356F01AAC7}.TortoisePot-Debug|Win32.ActiveCfg = Debug|Win32
		{8E943F8F-ED43-42DB-A25B-C6356F01AAC7}.TortoisePot-Debug|x64.ActiveCfg = Debug|x64
		{8E943F8F-ED43-42DB-A25B-C6356F01AAC7}.TortoisePot-Release|Win32.ActiveCfg = Release|Win32
		{8E943F8F-ED43-42DB-A25B-C6356F01AAC7}.TortoisePot-Release|x64.ActiveCfg = Release|x64
		{2DA02430-FD59-4EE7-B8B1-E501FF390656}.Debug|Win32.ActiveCfg = Debug|x86
		{2DA02430-FD59-4EE7-B8B1-E501FF390656}.Debug|x64.ActiveCfg = Debug|x64
		{2DA02430-FD59-4EE7-B8B1-E501FF390656}.Release|Win32.ActiveCfg = Release|x86
		{2DA02430-FD59-4EE7-B8B1-E501FF390656}.Release|Win32.Build.0 = Release|x86
		{2DA02430-FD59-4EE7-B8B1-E501FF390656}.Release|x64.ActiveCfg = Release|x64
		{2DA02430-FD59-4EE7-B8B1-E501FF390656}.Release|x64.Build.0 = Release|x64
		{2DA02430-FD59-4EE7-B8B1-E501FF390656}.TortoisePot-Debug|Win32.ActiveCfg = Debug|x86
		{2DA02430-FD59-4EE7-B8B1-E501FF390656}.TortoisePot-Debug|x64.ActiveCfg = Debug|x64
		{2DA02430-FD59-4EE7-B8B1-E501FF390656}.TortoisePot-Release|Win32.ActiveCfg = Release|x86
		{2DA02430-FD59-4EE7-B8B1-E501FF390656}.TortoisePot-Release|x64.ActiveCfg = Release|x64
		{DD9A2398-7A47-48C4-9601-89856128AAC9}.Debug|Win32.ActiveCfg = Debug|x86
		{DD9A2398-7A47-48C4-9601-89856128AAC9}.Debug|x64.ActiveCfg = Debug|x64
		{DD9A2398-7A47-48C4-9601-89856128AAC9}.Release|Win32.ActiveCfg = Release|x86
		{DD9A2398-7A47-48C4-9601-89856128AAC9}.Release|Win32.Build.0 = Release|x86
		{DD9A2398-7A47-48C4-9601-89856128AAC9}.Release|x64.ActiveCfg = Release|x64
		{DD9A2398-7A47-48C4-9601-89856128AAC9}.Release|x64.Build.0 = Release|x64
		{DD9A2398-7A47-48C4-9601-89856128AAC9}.TortoisePot-Debug|Win32.ActiveCfg = Debug|x86
		{DD9A2398-7A47-48C4-9601-89856128AAC9}.TortoisePot-Debug|x64.ActiveCfg = Debug|x64
		{DD9A2398-7A47-48C4-9601-89856128AAC9}.TortoisePot-Release|Win32.ActiveCfg = Release|x86
		{DD9A2398-7A47-48C4-9601-89856128AAC9}.TortoisePot-Release|x64.ActiveCfg = Release|x64
		{D83CB1C3-3DB4-4760-BBB7-618198180D5B}.Debug|Win32.ActiveCfg = Debug|x86
		{D83CB1C3-3DB4-4760-BBB7-618198180D5B}.Debug|x64.ActiveCfg = Debug|x64
		{D83CB1C3-3DB4-4760-BBB7-618198180D5B}.Release|Win32.ActiveCfg = Release|x86
		{D83CB1C3-3DB4-4760-BBB7-618198180D5B}.Release|Win32.Build.0 = Release|x86
		{D83CB1C3-3DB4-4760-BBB7-618198180D5B}.Release|x64.ActiveCfg = Release|x64
		{D83CB1C3-3DB4-4760-BBB7-618198180D5B}.Release|x64.Build.0 = Release|x64
		{D83CB1C3-3DB4-4760-BBB7-618198180D5B}.TortoisePot-Debug|Win32.ActiveCfg = Debug|x86
		{D83CB1C3-3DB4-4760-BBB7-618198180D5B}.TortoisePot-Debug|x64.ActiveCfg = Debug|x64
		{D83CB1C3-3DB4-4760-BBB7-618198180D5B}.TortoisePot-Release|Win32.ActiveCfg = Release|x86
		{D83CB1C3-3DB4-4760-BBB7-618198180D5B}.TortoisePot-Release|x64.ActiveCfg = Release|x64
		{DB98402B-2CF6-4EC6-89F9-D19365EE8DE3}.Debug|Win32.ActiveCfg = Debug|Win32
		{DB98402B-2CF6-4EC6-89F9-D19365EE8DE3}.Debug|Win32.Build.0 = Debug|Win32
		{DB98402B-2CF6-4EC6-89F9-D19365EE8DE3}.Debug|x64.ActiveCfg = Debug|x64
		{DB98402B-2CF6-4EC6-89F9-D19365EE8DE3}.Debug|x64.Build.0 = Debug|x64
		{DB98402B-2CF6-4EC6-89F9-D19365EE8DE3}.Release|Win32.ActiveCfg = Release|Win32
		{DB98402B-2CF6-4EC6-89F9-D19365EE8DE3}.Release|Win32.Build.0 = Release|Win32
		{DB98402B-2CF6-4EC6-89F9-D19365EE8DE3}.Release|x64.ActiveCfg = Release|x64
		{DB98402B-2CF6-4EC6-89F9-D19365EE8DE3}.Release|x64.Build.0 = Release|x64
		{DB98402B-2CF6-4EC6-89F9-D19365EE8DE3}.TortoisePot-Debug|Win32.ActiveCfg = Debug|Win32
		{DB98402B-2CF6-4EC6-89F9-D19365EE8DE3}.TortoisePot-Debug|x64.ActiveCfg = Debug|x64
		{DB98402B-2CF6-4EC6-89F9-D19365EE8DE3}.TortoisePot-Release|Win32.ActiveCfg = Release|Win32
		{DB98402B-2CF6-4EC6-89F9-D19365EE8DE3}.TortoisePot-Release|x64.ActiveCfg = Release|x64
		{7A9B0E43-A97C-4771-BE30-1E7D128BAB52}.Debug|Win32.ActiveCfg = Debug|x86
		{7A9B0E43-A97C-4771-BE30-1E7D128BAB52}.Debug|x64.ActiveCfg = Debug|x64
		{7A9B0E43-A97C-4771-BE30-1E7D128BAB52}.Release|Win32.ActiveCfg = Release|x86
		{7A9B0E43-A97C-4771-BE30-1E7D128BAB52}.Release|Win32.Build.0 = Release|x86
		{7A9B0E43-A97C-4771-BE30-1E7D128BAB52}.Release|x64.ActiveCfg = Release|x64
		{7A9B0E43-A97C-4771-BE30-1E7D128BAB52}.Release|x64.Build.0 = Release|x64
		{7A9B0E43-A97C-4771-BE30-1E7D128BAB52}.TortoisePot-Debug|Win32.ActiveCfg = Debug|x86
		{7A9B0E43-A97C-4771-BE30-1E7D128BAB52}.TortoisePot-Debug|x64.ActiveCfg = Debug|x64
		{7A9B0E43-A97C-4771-BE30-1E7D128BAB52}.TortoisePot-Release|Win32.ActiveCfg = Release|x86
		{7A9B0E43-A97C-4771-BE30-1E7D128BAB52}.TortoisePot-Release|x64.ActiveCfg = Release|x64
		{1A015A9A-20FA-4E65-828A-B1BFB7190178}.Debug|Win32.ActiveCfg = Debug|x86
		{1A015A9A-20FA-4E65-828A-B1BFB7190178}.Debug|x64.ActiveCfg = Debug|x64
		{1A015A9A-20FA-4E65-828A-B1BFB7190178}.Release|Win32.ActiveCfg = Release|x86
		{1A015A9A-20FA-4E65-828A-B1BFB7190178}.Release|Win32.Build.0 = Release|x86
		{1A015A9A-20FA-4E65-828A-B1BFB7190178}.Release|x64.ActiveCfg = Release|x64
		{1A015A9A-20FA-4E65-828A-B1BFB7190178}.Release|x64.Build.0 = Release|x64
		{1A015A9A-20FA-4E65-828A-B1BFB7190178}.TortoisePot-Debug|Win32.ActiveCfg = Debug|x86
		{1A015A9A-20FA-4E65-828A-B1BFB7190178}.TortoisePot-Debug|x64.ActiveCfg = Debug|x64
		{1A015A9A-20FA-4E65-828A-B1BFB7190178}.TortoisePot-Release|Win32.ActiveCfg = Release|x86
		{1A015A9A-20FA-4E65-828A-B1BFB7190178}.TortoisePot-Release|x64.ActiveCfg = Release|x64
		{7801D1BE-E2FE-476B-A4B4-5D27F387F479}.Debug|Win32.ActiveCfg = Debug|Win32
		{7801D1BE-E2FE-476B-A4B4-5D27F387F479}.Debug|Win32.Build.0 = Debug|Win32
		{7801D1BE-E2FE-476B-A4B4-5D27F387F479}.Debug|x64.ActiveCfg = Debug|x64
		{7801D1BE-E2FE-476B-A4B4-5D27F387F479}.Debug|x64.Build.0 = Debug|x64
		{7801D1BE-E2FE-476B-A4B4-5D27F387F479}.Release|Win32.ActiveCfg = Release|Win32
		{7801D1BE-E2FE-476B-A4B4-5D27F387F479}.Release|Win32.Build.0 = Release|Win32
		{7801D1BE-E2FE-476B-A4B4-5D27F387F479}.Release|x64.ActiveCfg = Release|x64
		{7801D1BE-E2FE-476B-A4B4-5D27F387F479}.Release|x64.Build.0 = Release|x64
		{7801D1BE-E2FE-476B-A4B4-5D27F387F479}.TortoisePot-Debug|Win32.ActiveCfg = Debug|Win32
		{7801D1BE-E2FE-476B-A4B4-5D27F387F479}.TortoisePot-Debug|x64.ActiveCfg = Debug|x64
		{7801D1BE-E2FE-476B-A4B4-5D27F387F479}.TortoisePot-Release|Win32.ActiveCfg = Release|Win32
		{7801D1BE-E2FE-476B-A4B4-5D27F387F479}.TortoisePot-Release|x64.ActiveCfg = Release|x64
		{98E4E6D3-0EF6-4570-A29E-274DACF3B784}.Debug|Win32.ActiveCfg = Debug|Win32
		{98E4E6D3-0EF6-4570-A29E-274DACF3B784}.Debug|Win32.Build.0 = Debug|Win32
		{98E4E6D3-0EF6-4570-A29E-274DACF3B784}.Debug|x64.ActiveCfg = Debug|x64
		{98E4E6D3-0EF6-4570-A29E-274DACF3B784}.Debug|x64.Build.0 = Debug|x64
		{98E4E6D3-0EF6-4570-A29E-274DACF3B784}.Release|Win32.ActiveCfg = Release|Win32
		{98E4E6D3-0EF6-4570-A29E-274DACF3B784}.Release|Win32.Build.0 = Release|Win32
		{98E4E6D3-0EF6-4570-A29E-274DACF3B784}.Release|x64.ActiveCfg = Release|x64
		{98E4E6D3-0EF6-4570-A29E-274DACF3B784}.Release|x64.Build.0 = Release|x64
		{98E4E6D3-0EF6-4570-A29E-274DACF3B784}.TortoisePot-Debug|Win32.ActiveCfg = Debug|Win32
		{98E4E6D3-0EF6-4570-A29E-274DACF3B784}.TortoisePot-Debug|x64.ActiveCfg = Debug|x64
		{98E4E6D3-0EF6-4570-A29E-274DACF3B784}.TortoisePot-Release|Win32.ActiveCfg = Release|Win32
		{98E4E6D3-0EF6-4570-A29E-274DACF3B784}.TortoisePot-Release|x64.ActiveCfg = Release|x64
		{C3774955-ADE4-4CF0-92A2-71383C29CECE}.Debug|Win32.ActiveCfg = Debug|x86
		{C3774955-ADE4-4CF0-92A2-71383C29CECE}.Debug|x64.ActiveCfg = Debug|x64
		{C3774955-ADE4-4CF0-92A2-71383C29CECE}.Release|Win32.ActiveCfg = Release|x86
		{C3774955-ADE4-4CF0-92A2-71383C29CECE}.Release|Win32.Build.0 = Release|x86
		{C3774955-ADE4-4CF0-92A2-71383C29CECE}.Release|x64.ActiveCfg = Release|x64
		{C3774955-ADE4-4CF0-92A2-71383C29CECE}.Release|x64.Build.0 = Release|x64
		{C3774955-ADE4-4CF0-92A2-71383C29CECE}.TortoisePot-Debug|Win32.ActiveCfg = Debug|x86
		{C3774955-ADE4-4CF0-92A2-71383C29CECE}.TortoisePot-Debug|x64.ActiveCfg = Debug|x64
		{C3774955-ADE4-4CF0-92A2-71383C29CECE}.TortoisePot-Release|Win32.ActiveCfg = Release|x86
		{C3774955-ADE4-4CF0-92A2-71383C29CECE}.TortoisePot-Release|x64.ActiveCfg = Release|x64
		{3796A881-6668-41C7-88AE-005BB8DC6A8E}.Debug|Win32.ActiveCfg = Debug|x86
		{3796A881-6668-41C7-88AE-005BB8DC6A8E}.Debug|x64.ActiveCfg = Debug|x64
		{3796A881-6668-41C7-88AE-005BB8DC6A8E}.Release|Win32.ActiveCfg = Release|x86
		{3796A881-6668-41C7-88AE-005BB8DC6A8E}.Release|Win32.Build.0 = Release|x86
		{3796A881-6668-41C7-88AE-005BB8DC6A8E}.Release|x64.ActiveCfg = Release|x64
		{3796A881-6668-41C7-88AE-005BB8DC6A8E}.Release|x64.Build.0 = Release|x64
		{3796A881-6668-41C7-88AE-005BB8DC6A8E}.TortoisePot-Debug|Win32.ActiveCfg = Debug|x86
		{3796A881-6668-41C7-88AE-005BB8DC6A8E}.TortoisePot-Debug|x64.ActiveCfg = Debug|x64
		{3796A881-6668-41C7-88AE-005BB8DC6A8E}.TortoisePot-Release|Win32.ActiveCfg = Release|x86
		{3796A881-6668-41C7-88AE-005BB8DC6A8E}.TortoisePot-Release|x64.ActiveCfg = Release|x64
		{CE012F99-AA82-462C-8F7C-F8A946EAF4AE}.Debug|Win32.ActiveCfg = Debug|x86
		{CE012F99-AA82-462C-8F7C-F8A946EAF4AE}.Debug|x64.ActiveCfg = Debug|x64
		{CE012F99-AA82-462C-8F7C-F8A946EAF4AE}.Release|Win32.ActiveCfg = Release|x86
		{CE012F99-AA82-462C-8F7C-F8A946EAF4AE}.Release|Win32.Build.0 = Release|x86
		{CE012F99-AA82-462C-8F7C-F8A946EAF4AE}.Release|x64.ActiveCfg = Release|x64
		{CE012F99-AA82-462C-8F7C-F8A946EAF4AE}.Release|x64.Build.0 = Release|x64
		{CE012F99-AA82-462C-8F7C-F8A946EAF4AE}.TortoisePot-Debug|Win32.ActiveCfg = Debug|x86
		{CE012F99-AA82-462C-8F7C-F8A946EAF4AE}.TortoisePot-Debug|x64.ActiveCfg = Debug|x64
		{CE012F99-AA82-462C-8F7C-F8A946EAF4AE}.TortoisePot-Release|Win32.ActiveCfg = Release|x86
		{CE012F99-AA82-462C-8F7C-F8A946EAF4AE}.TortoisePot-Release|x64.ActiveCfg = Release|x64
		{701B5859-6F9D-451F-B30F-B9CBDBAB4C74}.Debug|Win32.ActiveCfg = Debug|x86
		{701B5859-6F9D-451F-B30F-B9CBDBAB4C74}.Debug|x64.ActiveCfg = Debug|x64
		{701B5859-6F9D-451F-B30F-B9CBDBAB4C74}.Release|Win32.ActiveCfg = Release|x86
		{701B5859-6F9D-451F-B30F-B9CBDBAB4C74}.Release|Win32.Build.0 = Release|x86
		{701B5859-6F9D-451F-B30F-B9CBDBAB4C74}.Release|x64.ActiveCfg = Release|x64
		{701B5859-6F9D-451F-B30F-B9CBDBAB4C74}.Release|x64.Build.0 = Release|x64
		{701B5859-6F9D-451F-B30F-B9CBDBAB4C74}.TortoisePot-Debug|Win32.ActiveCfg = Debug|x86
		{701B5859-6F9D-451F-B30F-B9CBDBAB4C74}.TortoisePot-Debug|x64.ActiveCfg = Debug|x64
		{701B5859-6F9D-451F-B30F-B9CBDBAB4C74}.TortoisePot-Release|Win32.ActiveCfg = Release|x86
		{701B5859-6F9D-451F-B30F-B9CBDBAB4C74}.TortoisePot-Release|x64.ActiveCfg = Release|x64
		{BDBF2BDF-5215-40CB-A06D-877833787A8D}.Debug|Win32.ActiveCfg = Debug|x86
		{BDBF2BDF-5215-40CB-A06D-877833787A8D}.Debug|x64.ActiveCfg = Debug|x64
		{BDBF2BDF-5215-40CB-A06D-877833787A8D}.Release|Win32.ActiveCfg = Release|x86
		{BDBF2BDF-5215-40CB-A06D-877833787A8D}.Release|Win32.Build.0 = Release|x86
		{BDBF2BDF-5215-40CB-A06D-877833787A8D}.Release|x64.ActiveCfg = Release|x64
		{BDBF2BDF-5215-40CB-A06D-877833787A8D}.Release|x64.Build.0 = Release|x64
		{BDBF2BDF-5215-40CB-A06D-877833787A8D}.TortoisePot-Debug|Win32.ActiveCfg = Debug|x86
		{BDBF2BDF-5215-40CB-A06D-877833787A8D}.TortoisePot-Debug|x64.ActiveCfg = Debug|x64
		{BDBF2BDF-5215-40CB-A06D-877833787A8D}.TortoisePot-Release|Win32.ActiveCfg = Release|x86
		{BDBF2BDF-5215-40CB-A06D-877833787A8D}.TortoisePot-Release|x64.ActiveCfg = Release|x64
		{6E1E2566-FAD3-4D07-9D81-7EEF112AF495}.Debug|Win32.ActiveCfg = Debug|x86
		{6E1E2566-FAD3-4D07-9D81-7EEF112AF495}.Debug|x64.ActiveCfg = Debug|x64
		{6E1E2566-FAD3-4D07-9D81-7EEF112AF495}.Release|Win32.ActiveCfg = Release|x86
		{6E1E2566-FAD3-4D07-9D81-7EEF112AF495}.Release|Win32.Build.0 = Release|x86
		{6E1E2566-FAD3-4D07-9D81-7EEF112AF495}.Release|x64.ActiveCfg = Release|x64
		{6E1E2566-FAD3-4D07-9D81-7EEF112AF495}.Release|x64.Build.0 = Release|x64
		{6E1E2566-FAD3-4D07-9D81-7EEF112AF495}.TortoisePot-Debug|Win32.ActiveCfg = Debug|x86
		{6E1E2566-FAD3-4D07-9D81-7EEF112AF495}.TortoisePot-Debug|x64.ActiveCfg = Debug|x64
		{6E1E2566-FAD3-4D07-9D81-7EEF112AF495}.TortoisePot-Release|Win32.ActiveCfg = Release|x86
		{6E1E2566-FAD3-4D07-9D81-7EEF112AF495}.TortoisePot-Release|x64.ActiveCfg = Release|x64
		{5DA76789-4B2A-45D1-8E3A-81253245C71E}.Debug|Win32.ActiveCfg = Debug|x86
		{5DA76789-4B2A-45D1-8E3A-81253245C71E}.Debug|x64.ActiveCfg = Debug|x64
		{5DA76789-4B2A-45D1-8E3A-81253245C71E}.Release|Win32.ActiveCfg = Release|x86
		{5DA76789-4B2A-45D1-8E3A-81253245C71E}.Release|Win32.Build.0 = Release|x86
		{5DA76789-4B2A-45D1-8E3A-81253245C71E}.Release|x64.ActiveCfg = Release|x64
		{5DA76789-4B2A-45D1-8E3A-81253245C71E}.Release|x64.Build.0 = Release|x64
		{5DA76789-4B2A-45D1-8E3A-81253245C71E}.TortoisePot-Debug|Win32.ActiveCfg = Debug|x86
		{5DA76789-4B2A-45D1-8E3A-81253245C71E}.TortoisePot-Debug|x64.ActiveCfg = Debug|x64
		{5DA76789-4B2A-45D1-8E3A-81253245C71E}.TortoisePot-Release|Win32.ActiveCfg = Release|x86
		{5DA76789-4B2A-45D1-8E3A-81253245C71E}.TortoisePot-Release|x64.ActiveCfg = Release|x64
		{7F23743B-E9E6-4DDB-97DE-74A889176808}.Debug|Win32.ActiveCfg = Debug|x86
		{7F23743B-E9E6-4DDB-97DE-74A889176808}.Debug|x64.ActiveCfg = Debug|x64
		{7F23743B-E9E6-4DDB-97DE-74A889176808}.Release|Win32.ActiveCfg = Release|x86
		{7F23743B-E9E6-4DDB-97DE-74A889176808}.Release|Win32.Build.0 = Release|x86
		{7F23743B-E9E6-4DDB-97DE-74A889176808}.Release|x64.ActiveCfg = Release|x64
		{7F23743B-E9E6-4DDB-97DE-74A889176808}.Release|x64.Build.0 = Release|x64
		{7F23743B-E9E6-4DDB-97DE-74A889176808}.TortoisePot-Debug|Win32.ActiveCfg = Debug|x86
		{7F23743B-E9E6-4DDB-97DE-74A889176808}.TortoisePot-Debug|x64.ActiveCfg = Debug|x64
		{7F23743B-E9E6-4DDB-97DE-74A889176808}.TortoisePot-Release|Win32.ActiveCfg = Release|x86
		{7F23743B-E9E6-4DDB-97DE-74A889176808}.TortoisePot-Release|x64.ActiveCfg = Release|x64
		{9A0C8658-7F12-4C71-8BBE-CCF9C23B2EAA}.Debug|Win32.ActiveCfg = Debug|x86
		{9A0C8658-7F12-4C71-8BBE-CCF9C23B2EAA}.Debug|x64.ActiveCfg = Debug|x64
		{9A0C8658-7F12-4C71-8BBE-CCF9C23B2EAA}.Release|Win32.ActiveCfg = Release|x86
		{9A0C8658-7F12-4C71-8BBE-CCF9C23B2EAA}.Release|Win32.Build.0 = Release|x86
		{9A0C8658-7F12-4C71-8BBE-CCF9C23B2EAA}.Release|x64.ActiveCfg = Release|x64
		{9A0C8658-7F12-4C71-8BBE-CCF9C23B2EAA}.Release|x64.Build.0 = Release|x64
		{9A0C8658-7F12-4C71-8BBE-CCF9C23B2EAA}.TortoisePot-Debug|Win32.ActiveCfg = Debug|x86
		{9A0C8658-7F12-4C71-8BBE-CCF9C23B2EAA}.TortoisePot-Debug|x64.ActiveCfg = Debug|x64
		{9A0C8658-7F12-4C71-8BBE-CCF9C23B2EAA}.TortoisePot-Release|Win32.ActiveCfg = Release|x86
		{9A0C8658-7F12-4C71-8BBE-CCF9C23B2EAA}.TortoisePot-Release|x64.ActiveCfg = Release|x64
		{9A6767C9-DA46-4B6C-B899-4F0DEFBA181B}.Debug|Win32.ActiveCfg = Debug|x86
		{9A6767C9-DA46-4B6C-B899-4F0DEFBA181B}.Debug|x64.ActiveCfg = Debug|x64
		{9A6767C9-DA46-4B6C-B899-4F0DEFBA181B}.Release|Win32.ActiveCfg = Release|x86
		{9A6767C9-DA46-4B6C-B899-4F0DEFBA181B}.Release|Win32.Build.0 = Release|x86
		{9A6767C9-DA46-4B6C-B899-4F0DEFBA181B}.Release|x64.ActiveCfg = Release|x64
		{9A6767C9-DA46-4B6C-B899-4F0DEFBA181B}.Release|x64.Build.0 = Release|x64
		{9A6767C9-DA46-4B6C-B899-4F0DEFBA181B}.TortoisePot-Debug|Win32.ActiveCfg = Debug|x86
		{9A6767C9-DA46-4B6C-B899-4F0DEFBA181B}.TortoisePot-Debug|x64.ActiveCfg = Debug|x64
		{9A6767C9-DA46-4B6C-B899-4F0DEFBA181B}.TortoisePot-Release|Win32.ActiveCfg = Release|x86
		{9A6767C9-DA46-4B6C-B899-4F0DEFBA181B}.TortoisePot-Release|x64.ActiveCfg = Release|x64
		{925C4E4C-D427-4051-86AE-A5B1149AACB3}.Debug|Win32.ActiveCfg = Debug|x86
		{925C4E4C-D427-4051-86AE-A5B1149AACB3}.Debug|x64.ActiveCfg = Debug|x64
		{925C4E4C-D427-4051-86AE-A5B1149AACB3}.Release|Win32.ActiveCfg = Release|x86
		{925C4E4C-D427-4051-86AE-A5B1149AACB3}.Release|Win32.Build.0 = Release|x86
		{925C4E4C-D427-4051-86AE-A5B1149AACB3}.Release|x64.ActiveCfg = Release|x64
		{925C4E4C-D427-4051-86AE-A5B1149AACB3}.Release|x64.Build.0 = Release|x64
		{925C4E4C-D427-4051-86AE-A5B1149AACB3}.TortoisePot-Debug|Win32.ActiveCfg = Debug|x86
		{925C4E4C-D427-4051-86AE-A5B1149AACB3}.TortoisePot-Debug|x64.ActiveCfg = Debug|x64
		{925C4E4C-D427-4051-86AE-A5B1149AACB3}.TortoisePot-Release|Win32.ActiveCfg = Release|x86
		{925C4E4C-D427-4051-86AE-A5B1149AACB3}.TortoisePot-Release|x64.ActiveCfg = Release|x64
		{A67687EC-297B-4FDD-8240-F4C64D9A8FB6}.Debug|Win32.ActiveCfg = Debug|x86
		{A67687EC-297B-4FDD-8240-F4C64D9A8FB6}.Debug|x64.ActiveCfg = Debug|x64
		{A67687EC-297B-4FDD-8240-F4C64D9A8FB6}.Release|Win32.ActiveCfg = Release|x86
		{A67687EC-297B-4FDD-8240-F4C64D9A8FB6}.Release|Win32.Build.0 = Release|x86
		{A67687EC-297B-4FDD-8240-F4C64D9A8FB6}.Release|x64.ActiveCfg = Release|x64
		{A67687EC-297B-4FDD-8240-F4C64D9A8FB6}.Release|x64.Build.0 = Release|x64
		{A67687EC-297B-4FDD-8240-F4C64D9A8FB6}.TortoisePot-Debug|Win32.ActiveCfg = Debug|x86
		{A67687EC-297B-4FDD-8240-F4C64D9A8FB6}.TortoisePot-Debug|x64.ActiveCfg = Debug|x64
		{A67687EC-297B-4FDD-8240-F4C64D9A8FB6}.TortoisePot-Release|Win32.ActiveCfg = Release|x86
		{A67687EC-297B-4FDD-8240-F4C64D9A8FB6}.TortoisePot-Release|x64.ActiveCfg = Release|x64
		{DA843306-3D6D-4198-890E-25E6177E01C3}.Debug|Win32.ActiveCfg = Debug|Win32
		{DA843306-3D6D-4198-890E-25E6177E01C3}.Debug|Win32.Build.0 = Debug|Win32
		{DA843306-3D6D-4198-890E-25E6177E01C3}.Debug|x64.ActiveCfg = Debug|x64
		{DA843306-3D6D-4198-890E-25E6177E01C3}.Debug|x64.Build.0 = Debug|x64
		{DA843306-3D6D-4198-890E-25E6177E01C3}.Release|Win32.ActiveCfg = Release|Win32
		{DA843306-3D6D-4198-890E-25E6177E01C3}.Release|Win32.Build.0 = Release|Win32
		{DA843306-3D6D-4198-890E-25E6177E01C3}.Release|x64.ActiveCfg = Release|x64
		{DA843306-3D6D-4198-890E-25E6177E01C3}.Release|x64.Build.0 = Release|x64
		{DA843306-3D6D-4198-890E-25E6177E01C3}.TortoisePot-Debug|Win32.ActiveCfg = Debug|Win32
		{DA843306-3D6D-4198-890E-25E6177E01C3}.TortoisePot-Debug|x64.ActiveCfg = Debug|x64
		{DA843306-3D6D-4198-890E-25E6177E01C3}.TortoisePot-Release|Win32.ActiveCfg = Release|Win32
		{DA843306-3D6D-4198-890E-25E6177E01C3}.TortoisePot-Release|x64.ActiveCfg = Release|x64
		{E37F4CE6-D512-4D71-AA02-33422C92FCE0}.Debug|Win32.ActiveCfg = Debug|Win32
		{E37F4CE6-D512-4D71-AA02-33422C92FCE0}.Debug|Win32.Build.0 = Debug|Win32
		{E37F4CE6-D512-4D71-AA02-33422C92FCE0}.Debug|x64.ActiveCfg = Debug|x64
		{E37F4CE6-D512-4D71-AA02-33422C92FCE0}.Debug|x64.Build.0 = Debug|x64
		{E37F4CE6-D512-4D71-AA02-33422C92FCE0}.Release|Win32.ActiveCfg = Release|Win32
		{E37F4CE6-D512-4D71-AA02-33422C92FCE0}.Release|Win32.Build.0 = Release|Win32
		{E37F4CE6-D512-4D71-AA02-33422C92FCE0}.Release|x64.ActiveCfg = Release|x64
		{E37F4CE6-D512-4D71-AA02-33422C92FCE0}.Release|x64.Build.0 = Release|x64
		{E37F4CE6-D512-4D71-AA02-33422C92FCE0}.TortoisePot-Debug|Win32.ActiveCfg = Debug|Win32
		{E37F4CE6-D512-4D71-AA02-33422C92FCE0}.TortoisePot-Debug|x64.ActiveCfg = Debug|x64
		{E37F4CE6-D512-4D71-AA02-33422C92FCE0}.TortoisePot-Release|Win32.ActiveCfg = Release|Win32
		{E37F4CE6-D512-4D71-AA02-33422C92FCE0}.TortoisePot-Release|x64.ActiveCfg = Release|x64
		{20988578-4A14-441C-886F-61F2B9307D44}.Debug|Win32.ActiveCfg = Debug|Win32
		{20988578-4A14-441C-886F-61F2B9307D44}.Debug|Win32.Build.0 = Debug|Win32
		{20988578-4A14-441C-886F-61F2B9307D44}.Debug|x64.ActiveCfg = Debug|x64
		{20988578-4A14-441C-886F-61F2B9307D44}.Debug|x64.Build.0 = Debug|x64
		{20988578-4A14-441C-886F-61F2B9307D44}.Release|Win32.ActiveCfg = Release|Win32
		{20988578-4A14-441C-886F-61F2B9307D44}.Release|x64.ActiveCfg = Release|x64
		{20988578-4A14-441C-886F-61F2B9307D44}.TortoisePot-Debug|Win32.ActiveCfg = Debug|Win32
		{20988578-4A14-441C-886F-61F2B9307D44}.TortoisePot-Debug|x64.ActiveCfg = Debug|x64
		{20988578-4A14-441C-886F-61F2B9307D44}.TortoisePot-Release|Win32.ActiveCfg = Release|Win32
		{20988578-4A14-441C-886F-61F2B9307D44}.TortoisePot-Release|x64.ActiveCfg = Release|x64
		{C8F6C172-56F2-4E76-B5FA-C3B423B31BE8}.Debug|Win32.ActiveCfg = Debug|Win32
		{C8F6C172-56F2-4E76-B5FA-C3B423B31BE8}.Debug|Win32.Build.0 = Debug|Win32
		{C8F6C172-56F2-4E76-B5FA-C3B423B31BE8}.Debug|x64.ActiveCfg = Debug|x64
		{C8F6C172-56F2-4E76-B5FA-C3B423B31BE8}.Debug|x64.Build.0 = Debug|x64
		{C8F6C172-56F2-4E76-B5FA-C3B423B31BE8}.Release|Win32.ActiveCfg = Release|Win32
		{C8F6C172-56F2-4E76-B5FA-C3B423B31BE8}.Release|x64.ActiveCfg = Release|x64
		{C8F6C172-56F2-4E76-B5FA-C3B423B31BE8}.TortoisePot-Debug|Win32.ActiveCfg = Debug|Win32
		{C8F6C172-56F2-4E76-B5FA-C3B423B31BE8}.TortoisePot-Debug|x64.ActiveCfg = Debug|x64
		{C8F6C172-56F2-4E76-B5FA-C3B423B31BE8}.TortoisePot-Release|Win32.ActiveCfg = Release|Win32
		{C8F6C172-56F2-4E76-B5FA-C3B423B31BE8}.TortoisePot-Release|x64.ActiveCfg = Release|x64
		{2643919E-D024-440B-9817-1B2DF5FE4603}.Debug|Win32.ActiveCfg = Debug|Win32
		{2643919E-D024-440B-9817-1B2DF5FE4603}.Debug|x64.ActiveCfg = Debug|x64
		{2643919E-D024-440B-9817-1B2DF5FE4603}.Release|Win32.ActiveCfg = Release|Win32
		{2643919E-D024-440B-9817-1B2DF5FE4603}.Release|Win32.Build.0 = Release|Win32
		{2643919E-D024-440B-9817-1B2DF5FE4603}.Release|x64.ActiveCfg = Release|x64
		{2643919E-D024-440B-9817-1B2DF5FE4603}.Release|x64.Build.0 = Release|x64
		{2643919E-D024-440B-9817-1B2DF5FE4603}.TortoisePot-Debug|Win32.ActiveCfg = Debug|Win32
		{2643919E-D024-440B-9817-1B2DF5FE4603}.TortoisePot-Debug|Win32.Build.0 = Debug|Win32
		{2643919E-D024-440B-9817-1B2DF5FE4603}.TortoisePot-Debug|x64.ActiveCfg = Debug|x64
		{2643919E-D024-440B-9817-1B2DF5FE4603}.TortoisePot-Debug|x64.Build.0 = Debug|x64
		{2643919E-D024-440B-9817-1B2DF5FE4603}.TortoisePot-Release|Win32.ActiveCfg = Release|Win32
		{2643919E-D024-440B-9817-1B2DF5FE4603}.TortoisePot-Release|Win32.Build.0 = Release|Win32
		{2643919E-D024-440B-9817-1B2DF5FE4603}.TortoisePot-Release|x64.ActiveCfg = Release|x64
		{2643919E-D024-440B-9817-1B2DF5FE4603}.TortoisePot-Release|x64.Build.0 = Release|x64
		{7111D39D-2E5B-4F1A-9F81-6438EBBBEF07}.Debug|Win32.ActiveCfg = Debug|x86
		{7111D39D-2E5B-4F1A-9F81-6438EBBBEF07}.Debug|x64.ActiveCfg = Debug|x64
		{7111D39D-2E5B-4F1A-9F81-6438EBBBEF07}.Release|Win32.ActiveCfg = Release|x86
		{7111D39D-2E5B-4F1A-9F81-6438EBBBEF07}.Release|Win32.Build.0 = Release|x86
		{7111D39D-2E5B-4F1A-9F81-6438EBBBEF07}.Release|x64.ActiveCfg = Release|x64
		{7111D39D-2E5B-4F1A-9F81-6438EBBBEF07}.Release|x64.Build.0 = Release|x64
		{7111D39D-2E5B-4F1A-9F81-6438EBBBEF07}.TortoisePot-Debug|Win32.ActiveCfg = Debug|x86
		{7111D39D-2E5B-4F1A-9F81-6438EBBBEF07}.TortoisePot-Debug|x64.ActiveCfg = Debug|x64
		{7111D39D-2E5B-4F1A-9F81-6438EBBBEF07}.TortoisePot-Release|Win32.ActiveCfg = Release|x86
		{7111D39D-2E5B-4F1A-9F81-6438EBBBEF07}.TortoisePot-Release|x64.ActiveCfg = Release|x64
		{F44FFF49-8CEB-40EA-8D8B-5AF6F012314D}.Debug|Win32.ActiveCfg = Debug|Win32
		{F44FFF49-8CEB-40EA-8D8B-5AF6F012314D}.Debug|x64.ActiveCfg = Debug|x64
		{F44FFF49-8CEB-40EA-8D8B-5AF6F012314D}.Release|Win32.ActiveCfg = Release|Win32
		{F44FFF49-8CEB-40EA-8D8B-5AF6F012314D}.Release|x64.ActiveCfg = Release|x64
		{F44FFF49-8CEB-40EA-8D8B-5AF6F012314D}.TortoisePot-Debug|Win32.ActiveCfg = Debug|Win32
		{F44FFF49-8CEB-40EA-8D8B-5AF6F012314D}.TortoisePot-Debug|Win32.Build.0 = Debug|Win32
		{F44FFF49-8CEB-40EA-8D8B-5AF6F012314D}.TortoisePot-Debug|x64.ActiveCfg = Debug|x64
		{F44FFF49-8CEB-40EA-8D8B-5AF6F012314D}.TortoisePot-Debug|x64.Build.0 = Debug|x64
		{F44FFF49-8CEB-40EA-8D8B-5AF6F012314D}.TortoisePot-Release|Win32.ActiveCfg = Release|Win32
		{F44FFF49-8CEB-40EA-8D8B-5AF6F012314D}.TortoisePot-Release|Win32.Build.0 = Release|Win32
		{F44FFF49-8CEB-40EA-8D8B-5AF6F012314D}.TortoisePot-Release|x64.ActiveCfg = Release|x64
		{F44FFF49-8CEB-40EA-8D8B-5AF6F012314D}.TortoisePot-Release|x64.Build.0 = Release|x64
		{4236AEBE-79DF-40AD-8243-8228935F243D}.Debug|Win32.ActiveCfg = Debug|x86
		{4236AEBE-79DF-40AD-8243-8228935F243D}.Debug|x64.ActiveCfg = Debug|x64
		{4236AEBE-79DF-40AD-8243-8228935F243D}.Release|Win32.ActiveCfg = Release|x86
		{4236AEBE-79DF-40AD-8243-8228935F243D}.Release|Win32.Build.0 = Release|x86
		{4236AEBE-79DF-40AD-8243-8228935F243D}.Release|x64.ActiveCfg = Release|x64
		{4236AEBE-79DF-40AD-8243-8228935F243D}.Release|x64.Build.0 = Release|x64
		{4236AEBE-79DF-40AD-8243-8228935F243D}.TortoisePot-Debug|Win32.ActiveCfg = Debug|x86
		{4236AEBE-79DF-40AD-8243-8228935F243D}.TortoisePot-Debug|x64.ActiveCfg = Debug|x64
		{4236AEBE-79DF-40AD-8243-8228935F243D}.TortoisePot-Release|Win32.ActiveCfg = Release|x86
		{4236AEBE-79DF-40AD-8243-8228935F243D}.TortoisePot-Release|x64.ActiveCfg = Release|x64
		{46132EB4-193D-43F1-8702-A1B49B7CC404}.Debug|Win32.ActiveCfg = Debug|x86
		{46132EB4-193D-43F1-8702-A1B49B7CC404}.Debug|x64.ActiveCfg = Debug|x64
		{46132EB4-193D-43F1-8702-A1B49B7CC404}.Release|Win32.ActiveCfg = Release|x86
		{46132EB4-193D-43F1-8702-A1B49B7CC404}.Release|Win32.Build.0 = Release|x86
		{46132EB4-193D-43F1-8702-A1B49B7CC404}.Release|x64.ActiveCfg = Release|x64
		{46132EB4-193D-43F1-8702-A1B49B7CC404}.Release|x64.Build.0 = Release|x64
		{46132EB4-193D-43F1-8702-A1B49B7CC404}.TortoisePot-Debug|Win32.ActiveCfg = Debug|x86
		{46132EB4-193D-43F1-8702-A1B49B7CC404}.TortoisePot-Debug|x64.ActiveCfg = Debug|x64
		{46132EB4-193D-43F1-8702-A1B49B7CC404}.TortoisePot-Release|Win32.ActiveCfg = Release|x86
		{46132EB4-193D-43F1-8702-A1B49B7CC404}.TortoisePot-Release|x64.ActiveCfg = Release|x64
		{FAF866CE-31FE-44BA-9B2B-9A6FA85778A0}.Debug|Win32.ActiveCfg = Debug|x86
		{FAF866CE-31FE-44BA-9B2B-9A6FA85778A0}.Debug|x64.ActiveCfg = Debug|x64
		{FAF866CE-31FE-44BA-9B2B-9A6FA85778A0}.Release|Win32.ActiveCfg = Release|x86
		{FAF866CE-31FE-44BA-9B2B-9A6FA85778A0}.Release|Win32.Build.0 = Release|x86
		{FAF866CE-31FE-44BA-9B2B-9A6FA85778A0}.Release|x64.ActiveCfg = Release|x64
		{FAF866CE-31FE-44BA-9B2B-9A6FA85778A0}.Release|x64.Build.0 = Release|x64
		{FAF866CE-31FE-44BA-9B2B-9A6FA85778A0}.TortoisePot-Debug|Win32.ActiveCfg = Debug|x86
		{FAF866CE-31FE-44BA-9B2B-9A6FA85778A0}.TortoisePot-Debug|x64.ActiveCfg = Debug|x64
		{FAF866CE-31FE-44BA-9B2B-9A6FA85778A0}.TortoisePot-Release|Win32.ActiveCfg = Release|x86
		{FAF866CE-31FE-44BA-9B2B-9A6FA85778A0}.TortoisePot-Release|x64.ActiveCfg = Release|x64
		{1BCD817A-4954-4EC2-AD5C-CC6D9AE3B699}.Debug|Win32.ActiveCfg = Release|Win32
		{1BCD817A-4954-4EC2-AD5C-CC6D9AE3B699}.Debug|x64.ActiveCfg = Release|x64
		{1BCD817A-4954-4EC2-AD5C-CC6D9AE3B699}.Release|Win32.ActiveCfg = Release|Win32
		{1BCD817A-4954-4EC2-AD5C-CC6D9AE3B699}.Release|Win32.Build.0 = Release|Win32
		{1BCD817A-4954-4EC2-AD5C-CC6D9AE3B699}.Release|x64.ActiveCfg = Release|x64
		{1BCD817A-4954-4EC2-AD5C-CC6D9AE3B699}.Release|x64.Build.0 = Release|x64
		{1BCD817A-4954-4EC2-AD5C-CC6D9AE3B699}.TortoisePot-Debug|Win32.ActiveCfg = Release|Win32
		{1BCD817A-4954-4EC2-AD5C-CC6D9AE3B699}.TortoisePot-Debug|x64.ActiveCfg = Release|x64
		{1BCD817A-4954-4EC2-AD5C-CC6D9AE3B699}.TortoisePot-Release|Win32.ActiveCfg = Release|Win32
		{1BCD817A-4954-4EC2-AD5C-CC6D9AE3B699}.TortoisePot-Release|x64.ActiveCfg = Release|x64
		{1F29DBDD-7DFF-4178-98F0-9137636788BC}.Debug|Win32.ActiveCfg = Debug|Win32
		{1F29DBDD-7DFF-4178-98F0-9137636788BC}.Debug|Win32.Build.0 = Debug|Win32
		{1F29DBDD-7DFF-4178-98F0-9137636788BC}.Debug|x64.ActiveCfg = Debug|x64
		{1F29DBDD-7DFF-4178-98F0-9137636788BC}.Debug|x64.Build.0 = Debug|x64
		{1F29DBDD-7DFF-4178-98F0-9137636788BC}.Release|Win32.ActiveCfg = Release|Win32
		{1F29DBDD-7DFF-4178-98F0-9137636788BC}.Release|Win32.Build.0 = Release|Win32
		{1F29DBDD-7DFF-4178-98F0-9137636788BC}.Release|x64.ActiveCfg = Release|x64
		{1F29DBDD-7DFF-4178-98F0-9137636788BC}.Release|x64.Build.0 = Release|x64
		{1F29DBDD-7DFF-4178-98F0-9137636788BC}.TortoisePot-Debug|Win32.ActiveCfg = Debug|Win32
		{1F29DBDD-7DFF-4178-98F0-9137636788BC}.TortoisePot-Debug|x64.ActiveCfg = Debug|x64
		{1F29DBDD-7DFF-4178-98F0-9137636788BC}.TortoisePot-Release|Win32.ActiveCfg = Release|Win32
		{1F29DBDD-7DFF-4178-98F0-9137636788BC}.TortoisePot-Release|x64.ActiveCfg = Release|x64
		{E6D5CCE5-A4A9-43D3-88D2-6637365BF319}.Debug|Win32.ActiveCfg = Debug|Win32
		{E6D5CCE5-A4A9-43D3-88D2-6637365BF319}.Debug|Win32.Build.0 = Debug|Win32
		{E6D5CCE5-A4A9-43D3-88D2-6637365BF319}.Debug|x64.ActiveCfg = Debug|x64
		{E6D5CCE5-A4A9-43D3-88D2-6637365BF319}.Debug|x64.Build.0 = Debug|x64
		{E6D5CCE5-A4A9-43D3-88D2-6637365BF319}.Release|Win32.ActiveCfg = Release|Win32
		{E6D5CCE5-A4A9-43D3-88D2-6637365BF319}.Release|Win32.Build.0 = Release|Win32
		{E6D5CCE5-A4A9-43D3-88D2-6637365BF319}.Release|x64.ActiveCfg = Release|x64
		{E6D5CCE5-A4A9-43D3-88D2-6637365BF319}.Release|x64.Build.0 = Release|x64
		{E6D5CCE5-A4A9-43D3-88D2-6637365BF319}.TortoisePot-Debug|Win32.ActiveCfg = Debug|Win32
		{E6D5CCE5-A4A9-43D3-88D2-6637365BF319}.TortoisePot-Debug|x64.ActiveCfg = Debug|x64
		{E6D5CCE5-A4A9-43D3-88D2-6637365BF319}.TortoisePot-Release|Win32.ActiveCfg = Release|Win32
		{E6D5CCE5-A4A9-43D3-88D2-6637365BF319}.TortoisePot-Release|x64.ActiveCfg = Release|x64
		{2FDE51B5-1F3C-48C4-A6A0-2E26853D7FF3}.Debug|Win32.ActiveCfg = Debug|x86
		{2FDE51B5-1F3C-48C4-A6A0-2E26853D7FF3}.Debug|x64.ActiveCfg = Debug|x64
		{2FDE51B5-1F3C-48C4-A6A0-2E26853D7FF3}.Release|Win32.ActiveCfg = Release|x86
		{2FDE51B5-1F3C-48C4-A6A0-2E26853D7FF3}.Release|Win32.Build.0 = Release|x86
		{2FDE51B5-1F3C-48C4-A6A0-2E26853D7FF3}.Release|x64.ActiveCfg = Release|x64
		{2FDE51B5-1F3C-48C4-A6A0-2E26853D7FF3}.Release|x64.Build.0 = Release|x64
		{2FDE51B5-1F3C-48C4-A6A0-2E26853D7FF3}.TortoisePot-Debug|Win32.ActiveCfg = Debug|x86
		{2FDE51B5-1F3C-48C4-A6A0-2E26853D7FF3}.TortoisePot-Debug|x64.ActiveCfg = Debug|x64
		{2FDE51B5-1F3C-48C4-A6A0-2E26853D7FF3}.TortoisePot-Release|Win32.ActiveCfg = Release|x86
		{2FDE51B5-1F3C-48C4-A6A0-2E26853D7FF3}.TortoisePot-Release|x64.ActiveCfg = Release|x64
		{F0535D2A-81A3-4E4B-A010-B8B1A2765DB8}.Debug|Win32.ActiveCfg = Debug|x86
		{F0535D2A-81A3-4E4B-A010-B8B1A2765DB8}.Debug|x64.ActiveCfg = Debug|x64
		{F0535D2A-81A3-4E4B-A010-B8B1A2765DB8}.Release|Win32.ActiveCfg = Release|x86
		{F0535D2A-81A3-4E4B-A010-B8B1A2765DB8}.Release|Win32.Build.0 = Release|x86
		{F0535D2A-81A3-4E4B-A010-B8B1A2765DB8}.Release|x64.ActiveCfg = Release|x64
		{F0535D2A-81A3-4E4B-A010-B8B1A2765DB8}.Release|x64.Build.0 = Release|x64
		{F0535D2A-81A3-4E4B-A010-B8B1A2765DB8}.TortoisePot-Debug|Win32.ActiveCfg = Debug|x86
		{F0535D2A-81A3-4E4B-A010-B8B1A2765DB8}.TortoisePot-Debug|x64.ActiveCfg = Debug|x64
		{F0535D2A-81A3-4E4B-A010-B8B1A2765DB8}.TortoisePot-Release|Win32.ActiveCfg = Release|x86
		{F0535D2A-81A3-4E4B-A010-B8B1A2765DB8}.TortoisePot-Release|x64.ActiveCfg = Release|x64
	EndGlobalSection
	GlobalSection(SolutionProperties) = preSolution
		HideSolutionNode = FALSE
	EndGlobalSection
	GlobalSection(NestedProjects) = preSolution
		{2CB340C3-B2ED-46F4-981E-847747E0A3BF} = {C4836DB1-8F21-4113-A9C4-CE7F5264C90C}
		{9D948C1D-52C8-4BEC-B2BE-26BE9B25ACD1} = {C4836DB1-8F21-4113-A9C4-CE7F5264C90C}
		{BD66F94E-B546-4B80-A536-FAB2CB61A398} = {9D948C1D-52C8-4BEC-B2BE-26BE9B25ACD1}
		{C8F4D789-D86F-4B0C-8C47-4B263027B1A6} = {9D948C1D-52C8-4BEC-B2BE-26BE9B25ACD1}
		{12E5B4AE-D7EF-4A57-A22D-6F9F9D8CE1FB} = {C4836DB1-8F21-4113-A9C4-CE7F5264C90C}
		{4BE529FB-C2F2-49F7-A897-054B955564CF} = {C4836DB1-8F21-4113-A9C4-CE7F5264C90C}
		{A5498556-CE09-4095-8335-08FC8370552D} = {C4836DB1-8F21-4113-A9C4-CE7F5264C90C}
		{150172A5-8D02-4C00-ABB5-BD99D4B16B4C} = {97449875-7B08-41B1-AF99-1EBE64AD7939}
		{454D5FCC-E25A-4B45-9CA2-01ABB0FA5181} = {97449875-7B08-41B1-AF99-1EBE64AD7939}
		{72EFB681-1397-4193-BBF9-CA05AC52B75D} = {FB607AFD-DD1E-4C6D-8C34-BC00AF725037}
		{1B3C273E-6DDF-4FBE-BA31-F9F39C6DAC99} = {FB607AFD-DD1E-4C6D-8C34-BC00AF725037}
		{EC88E7EC-3074-4841-BA45-B938D098EFF6} = {FB607AFD-DD1E-4C6D-8C34-BC00AF725037}
		{4472028D-4ACF-474E-AA95-9B7E12B50F60} = {586BCCB7-619B-4F83-A07B-596F04E5A3E7}
		{6BD19BAE-4041-4E85-B576-AAC9D54CAAB9} = {586BCCB7-619B-4F83-A07B-596F04E5A3E7}
		{5C6B6A95-2053-4593-9617-C4F176736D5A} = {2CB340C3-B2ED-46F4-981E-847747E0A3BF}
		{F6DEC8C3-B803-4A86-8848-430F08B499E3} = {2CB340C3-B2ED-46F4-981E-847747E0A3BF}
		{4F0A55DE-DAFD-4A0B-A03D-2C14CB77E08F} = {2CB340C3-B2ED-46F4-981E-847747E0A3BF}
		{948733DE-FC5A-46C2-8CD6-429017508D63} = {84AFABE1-6139-457A-8645-F86D1F182E06}
		{2B4F366C-93BA-491E-87AF-5EF7B37F75F7} = {2CB340C3-B2ED-46F4-981E-847747E0A3BF}
		{1B3C273E-6DDF-4FBE-BA31-FCF39C6DBCF9} = {FB607AFD-DD1E-4C6D-8C34-BC00AF725037}
		{56016512-D578-46FD-85E0-9EDCD37433AC} = {FB607AFD-DD1E-4C6D-8C34-BC00AF725037}
		{4C8C72BE-FE20-4A92-A592-0D44ED849B1C} = {FB607AFD-DD1E-4C6D-8C34-BC00AF725037}
		{B0E79916-B2B5-464D-AB25-8269B0F40F4A} = {FB607AFD-DD1E-4C6D-8C34-BC00AF725037}
		{913B23F9-1138-4D39-947C-EDC5A59D3719} = {FB607AFD-DD1E-4C6D-8C34-BC00AF725037}
		{49B7A382-660B-4BF2-97FC-5D3D52741789} = {FB607AFD-DD1E-4C6D-8C34-BC00AF725037}
		{568C0F10-4558-4291-8698-CB9AEF819B04} = {FB607AFD-DD1E-4C6D-8C34-BC00AF725037}
		{4E8ACC21-A321-478F-8D55-C5440F41203F} = {FB607AFD-DD1E-4C6D-8C34-BC00AF725037}
		{B9C725A7-9727-48B2-86E5-F905F6C2B9E6} = {FB607AFD-DD1E-4C6D-8C34-BC00AF725037}
		{AD35E207-3793-4A26-82A2-520D7C3C71BB} = {FB607AFD-DD1E-4C6D-8C34-BC00AF725037}
		{D0D57CA2-A972-47FE-92C8-63A3CAAF0E93} = {BD66F94E-B546-4B80-A536-FAB2CB61A398}
		{1912DDA2-E7B9-437F-BA8E-DA2C1C2D79FA} = {C8F4D789-D86F-4B0C-8C47-4B263027B1A6}
		{BC62FB83-CFBB-4AE3-A60D-D73155AA33FA} = {C8F4D789-D86F-4B0C-8C47-4B263027B1A6}
		{8E943F8F-ED43-42DB-A25B-C6356F01AAC7} = {C8F4D789-D86F-4B0C-8C47-4B263027B1A6}
		{2DA02430-FD59-4EE7-B8B1-E501FF390656} = {FB607AFD-DD1E-4C6D-8C34-BC00AF725037}
		{DD9A2398-7A47-48C4-9601-89856128AAC9} = {FB607AFD-DD1E-4C6D-8C34-BC00AF725037}
		{D83CB1C3-3DB4-4760-BBB7-618198180D5B} = {FB607AFD-DD1E-4C6D-8C34-BC00AF725037}
		{7A9B0E43-A97C-4771-BE30-1E7D128BAB52} = {FB607AFD-DD1E-4C6D-8C34-BC00AF725037}
		{1A015A9A-20FA-4E65-828A-B1BFB7190178} = {FB607AFD-DD1E-4C6D-8C34-BC00AF725037}
		{7801D1BE-E2FE-476B-A4B4-5D27F387F479} = {C4836DB1-8F21-4113-A9C4-CE7F5264C90C}
		{586BCCB7-619B-4F83-A07B-596F04E5A3E7} = {C4836DB1-8F21-4113-A9C4-CE7F5264C90C}
		{C3774955-ADE4-4CF0-92A2-71383C29CECE} = {FB607AFD-DD1E-4C6D-8C34-BC00AF725037}
		{3796A881-6668-41C7-88AE-005BB8DC6A8E} = {FB607AFD-DD1E-4C6D-8C34-BC00AF725037}
		{CE012F99-AA82-462C-8F7C-F8A946EAF4AE} = {FB607AFD-DD1E-4C6D-8C34-BC00AF725037}
		{701B5859-6F9D-451F-B30F-B9CBDBAB4C74} = {FB607AFD-DD1E-4C6D-8C34-BC00AF725037}
		{BDBF2BDF-5215-40CB-A06D-877833787A8D} = {FB607AFD-DD1E-4C6D-8C34-BC00AF725037}
		{6E1E2566-FAD3-4D07-9D81-7EEF112AF495} = {FB607AFD-DD1E-4C6D-8C34-BC00AF725037}
		{5DA76789-4B2A-45D1-8E3A-81253245C71E} = {FB607AFD-DD1E-4C6D-8C34-BC00AF725037}
		{7F23743B-E9E6-4DDB-97DE-74A889176808} = {FB607AFD-DD1E-4C6D-8C34-BC00AF725037}
		{9A0C8658-7F12-4C71-8BBE-CCF9C23B2EAA} = {FB607AFD-DD1E-4C6D-8C34-BC00AF725037}
		{9A6767C9-DA46-4B6C-B899-4F0DEFBA181B} = {FB607AFD-DD1E-4C6D-8C34-BC00AF725037}
		{925C4E4C-D427-4051-86AE-A5B1149AACB3} = {FB607AFD-DD1E-4C6D-8C34-BC00AF725037}
		{A67687EC-297B-4FDD-8240-F4C64D9A8FB6} = {FB607AFD-DD1E-4C6D-8C34-BC00AF725037}
		{DA843306-3D6D-4198-890E-25E6177E01C3} = {586BCCB7-619B-4F83-A07B-596F04E5A3E7}
		{E37F4CE6-D512-4D71-AA02-33422C92FCE0} = {C4836DB1-8F21-4113-A9C4-CE7F5264C90C}
		{20988578-4A14-441C-886F-61F2B9307D44} = {84AFABE1-6139-457A-8645-F86D1F182E06}
		{C8F6C172-56F2-4E76-B5FA-C3B423B31BE8} = {C4836DB1-8F21-4113-A9C4-CE7F5264C90C}
		{2643919E-D024-440B-9817-1B2DF5FE4603} = {FB607AFD-DD1E-4C6D-8C34-BC00AF725037}
		{7111D39D-2E5B-4F1A-9F81-6438EBBBEF07} = {FB607AFD-DD1E-4C6D-8C34-BC00AF725037}
		{F44FFF49-8CEB-40EA-8D8B-5AF6F012314D} = {FB607AFD-DD1E-4C6D-8C34-BC00AF725037}
		{4236AEBE-79DF-40AD-8243-8228935F243D} = {FB607AFD-DD1E-4C6D-8C34-BC00AF725037}
		{46132EB4-193D-43F1-8702-A1B49B7CC404} = {FB607AFD-DD1E-4C6D-8C34-BC00AF725037}
		{FAF866CE-31FE-44BA-9B2B-9A6FA85778A0} = {FB607AFD-DD1E-4C6D-8C34-BC00AF725037}
		{1BCD817A-4954-4EC2-AD5C-CC6D9AE3B699} = {97449875-7B08-41B1-AF99-1EBE64AD7939}
		{2FDE51B5-1F3C-48C4-A6A0-2E26853D7FF3} = {FB607AFD-DD1E-4C6D-8C34-BC00AF725037}
		{F0535D2A-81A3-4E4B-A010-B8B1A2765DB8} = {FB607AFD-DD1E-4C6D-8C34-BC00AF725037}
	EndGlobalSection
EndGlobal
